{
  "object": {
    "pins": [
      {
        "package": "Differ",
        "repositoryURL": "https://github.com/tonyarnold/Differ.git",
        "state": {
          "branch": null,
          "revision": "e2cca36e7258dd8add88ae46b5ea56509b066e21",
          "version": "1.4.3"
        }
      },
      {
        "package": "ReactiveKit",
        "repositoryURL": "https://github.com/DeclarativeHub/ReactiveKit.git",
        "state": {
          "branch": null,
          "revision": "318d99599469a53b0e0fcf0eb975dba75501ede6",
          "version": "3.14.2"
        }
      }
    ]
  },
  "version": 1
}
