{
  "object": {
    "pins": [
      {
        "package": "Diff",
        "repositoryURL": "https://github.com/wokalski/Diff.swift.git",
        "state": {
          "branch": "swift-4.0",
          "revision": "be48a80f445a82bfc7b998d92faeacd3ea50336b",
          "version": null
        }
      },
      {
        "package": "Differ",
        "repositoryURL": "https://github.com/tonyarnold/Differ.git",
        "state": {
          "branch": null,
          "revision": "7991dcf48a48e6e3991bed28ecb96dc6bd814a7f",
          "version": "1.0.0"
        }
      },
      {
        "package": "Dwifft",
        "repositoryURL": "https://github.com/jflinter/Dwifft.git",
        "state": {
          "branch": null,
          "revision": "aaa28dd45562b8bf4cfdfc76d963527136c90c3e",
          "version": "0.6.3"
        }
      },
      {
        "package": "ReactiveKit",
        "repositoryURL": "https://github.com/ReactiveKit/ReactiveKit.git",
        "state": {
          "branch": "swift-4",
          "revision": "b5bd5eb0dbc8029dd188a7a3e3a5bf305e2f7ca1",
          "version": null
        }
      }
    ]
  },
  "version": 1
}
