// !$*UTF8*$!
{
	archiveVersion = 1;
	classes = {
	};
	objectVersion = 46;
	objects = {

/* Begin PBXBuildFile section */
		070FE2741F0138180031B7BD /* NSLayoutConstraint.swift in Sources */ = {isa = PBXBuildFile; fileRef = 90C04D2A1E8F0B1D000077C8 /* NSLayoutConstraint.swift */; };
		070FE2781F0138190031B7BD /* NSLayoutConstraint.swift in Sources */ = {isa = PBXBuildFile; fileRef = 90C04D2A1E8F0B1D000077C8 /* NSLayoutConstraint.swift */; };
		16210A461D3EC474004AEDF3 /* Bond.framework in Frameworks */ = {isa = PBXBuildFile; fileRef = 16210A3C1D3EC474004AEDF3 /* Bond.framework */; };
		165217961D70593E00C9FAEE /* ReactiveKit.framework in Frameworks */ = {isa = PBXBuildFile; fileRef = 1652178B1D70591E00C9FAEE /* ReactiveKit.framework */; };
		165217991D70594D00C9FAEE /* ReactiveKit.framework in Frameworks */ = {isa = PBXBuildFile; fileRef = 165217911D70591E00C9FAEE /* ReactiveKit.framework */; };
		1652179C1D70595600C9FAEE /* ReactiveKit.framework in Frameworks */ = {isa = PBXBuildFile; fileRef = 1652178D1D70591E00C9FAEE /* ReactiveKit.framework */; };
		16887E2E1D7444C900EDA099 /* ReactiveKit.framework in Frameworks */ = {isa = PBXBuildFile; fileRef = 1652178B1D70591E00C9FAEE /* ReactiveKit.framework */; };
		16887E3A1D744ABB00EDA099 /* AppDelegate.swift in Sources */ = {isa = PBXBuildFile; fileRef = 16887E391D744ABB00EDA099 /* AppDelegate.swift */; };
		16887E441D744ABB00EDA099 /* LaunchScreen.storyboard in Resources */ = {isa = PBXBuildFile; fileRef = 16887E421D744ABB00EDA099 /* LaunchScreen.storyboard */; };
		75CA9E9220678E600011E5BB /* UISearchBar.swift in Sources */ = {isa = PBXBuildFile; fileRef = 75CA9E9120678E600011E5BB /* UISearchBar.swift */; };
		9025DCAB1F981693007B7689 /* Property.swift in Sources */ = {isa = PBXBuildFile; fileRef = EC0220091F8BE898002F8380 /* Property.swift */; };
		9025DCB01F981694007B7689 /* Property.swift in Sources */ = {isa = PBXBuildFile; fileRef = EC0220091F8BE898002F8380 /* Property.swift */; };
		9025DCB11F9816A7007B7689 /* UIAccessibilityIdentification.swift in Sources */ = {isa = PBXBuildFile; fileRef = EC86E9AE1E9145CC008563B2 /* UIAccessibilityIdentification.swift */; };
		904B87B91F6FFCE700FE0A24 /* Differ.framework in Frameworks */ = {isa = PBXBuildFile; fileRef = 904B87B11F6FFCD300FE0A24 /* Differ.framework */; };
		904B87BC1F6FFCEB00FE0A24 /* Differ.framework in Frameworks */ = {isa = PBXBuildFile; fileRef = 904B87B11F6FFCD300FE0A24 /* Differ.framework */; };
		904B87BD1F6FFCEE00FE0A24 /* Differ.framework in Frameworks */ = {isa = PBXBuildFile; fileRef = 904B87B11F6FFCD300FE0A24 /* Differ.framework */; };
		904B87D11F6FFDEE00FE0A24 /* Differ.framework in Frameworks */ = {isa = PBXBuildFile; fileRef = 904B87B11F6FFCD300FE0A24 /* Differ.framework */; };
		904B87D51F6FFE0300FE0A24 /* Bond.framework in Frameworks */ = {isa = PBXBuildFile; fileRef = 16210A3C1D3EC474004AEDF3 /* Bond.framework */; };
		904B87D61F6FFE0300FE0A24 /* ReactiveKit.framework in Frameworks */ = {isa = PBXBuildFile; fileRef = 1652178B1D70591E00C9FAEE /* ReactiveKit.framework */; };
		90A443061E9055D100D611FE /* NSAppearanceCustomization.swift in Sources */ = {isa = PBXBuildFile; fileRef = 90C04D251E8F0B1D000077C8 /* NSAppearanceCustomization.swift */; };
		90A443071E9055D100D611FE /* NSButton.swift in Sources */ = {isa = PBXBuildFile; fileRef = 90C04D261E8F0B1D000077C8 /* NSButton.swift */; };
		90A443081E9055D100D611FE /* NSColorWell.swift in Sources */ = {isa = PBXBuildFile; fileRef = 90C04D271E8F0B1D000077C8 /* NSColorWell.swift */; };
		90A443091E9055D100D611FE /* NSControl.swift in Sources */ = {isa = PBXBuildFile; fileRef = 90C04D281E8F0B1D000077C8 /* NSControl.swift */; };
		90A4430A1E9055D100D611FE /* NSImageView.swift in Sources */ = {isa = PBXBuildFile; fileRef = 90C04D291E8F0B1D000077C8 /* NSImageView.swift */; };
		90A4430B1E9055D100D611FE /* NSMenuItem.swift in Sources */ = {isa = PBXBuildFile; fileRef = 90C04D2B1E8F0B1D000077C8 /* NSMenuItem.swift */; };
		90A4430C1E9055D100D611FE /* NSPopUpButton.swift in Sources */ = {isa = PBXBuildFile; fileRef = 90C04D2E1E8F0B1D000077C8 /* NSPopUpButton.swift */; };
		90A4430D1E9055D100D611FE /* NSProgressIndicator.swift in Sources */ = {isa = PBXBuildFile; fileRef = 90C04D2F1E8F0B1D000077C8 /* NSProgressIndicator.swift */; };
		90A4430E1E9055D100D611FE /* NSSegmentedControl.swift in Sources */ = {isa = PBXBuildFile; fileRef = 90C04D301E8F0B1D000077C8 /* NSSegmentedControl.swift */; };
		90A4430F1E9055D100D611FE /* NSSlider.swift in Sources */ = {isa = PBXBuildFile; fileRef = 90C04D311E8F0B1D000077C8 /* NSSlider.swift */; };
		90A443101E9055D100D611FE /* NSStatusBarButton.swift in Sources */ = {isa = PBXBuildFile; fileRef = 90C04D321E8F0B1D000077C8 /* NSStatusBarButton.swift */; };
		90A443111E9055D100D611FE /* NSTableView.swift in Sources */ = {isa = PBXBuildFile; fileRef = 90C04D331E8F0B1D000077C8 /* NSTableView.swift */; };
		90A443121E9055D100D611FE /* NSTextField.swift in Sources */ = {isa = PBXBuildFile; fileRef = 90C04D341E8F0B1D000077C8 /* NSTextField.swift */; };
		90A443131E9055D200D611FE /* NSTextView.swift in Sources */ = {isa = PBXBuildFile; fileRef = 90C04D351E8F0B1D000077C8 /* NSTextView.swift */; };
		90A443141E9055D200D611FE /* NSView.swift in Sources */ = {isa = PBXBuildFile; fileRef = 90C04D361E8F0B1D000077C8 /* NSView.swift */; };
		90A443151E9055D200D611FE /* NSAppearanceCustomization.swift in Sources */ = {isa = PBXBuildFile; fileRef = 90C04D251E8F0B1D000077C8 /* NSAppearanceCustomization.swift */; };
		90A443161E9055D200D611FE /* NSButton.swift in Sources */ = {isa = PBXBuildFile; fileRef = 90C04D261E8F0B1D000077C8 /* NSButton.swift */; };
		90A443171E9055D200D611FE /* NSColorWell.swift in Sources */ = {isa = PBXBuildFile; fileRef = 90C04D271E8F0B1D000077C8 /* NSColorWell.swift */; };
		90A443181E9055D200D611FE /* NSControl.swift in Sources */ = {isa = PBXBuildFile; fileRef = 90C04D281E8F0B1D000077C8 /* NSControl.swift */; };
		90A443191E9055D200D611FE /* NSImageView.swift in Sources */ = {isa = PBXBuildFile; fileRef = 90C04D291E8F0B1D000077C8 /* NSImageView.swift */; };
		90A4431A1E9055D200D611FE /* NSMenuItem.swift in Sources */ = {isa = PBXBuildFile; fileRef = 90C04D2B1E8F0B1D000077C8 /* NSMenuItem.swift */; };
		90A4431B1E9055D200D611FE /* NSPopUpButton.swift in Sources */ = {isa = PBXBuildFile; fileRef = 90C04D2E1E8F0B1D000077C8 /* NSPopUpButton.swift */; };
		90A4431C1E9055D200D611FE /* NSProgressIndicator.swift in Sources */ = {isa = PBXBuildFile; fileRef = 90C04D2F1E8F0B1D000077C8 /* NSProgressIndicator.swift */; };
		90A4431D1E9055D200D611FE /* NSSegmentedControl.swift in Sources */ = {isa = PBXBuildFile; fileRef = 90C04D301E8F0B1D000077C8 /* NSSegmentedControl.swift */; };
		90A4431E1E9055D200D611FE /* NSSlider.swift in Sources */ = {isa = PBXBuildFile; fileRef = 90C04D311E8F0B1D000077C8 /* NSSlider.swift */; };
		90A4431F1E9055D200D611FE /* NSStatusBarButton.swift in Sources */ = {isa = PBXBuildFile; fileRef = 90C04D321E8F0B1D000077C8 /* NSStatusBarButton.swift */; };
		90A443201E9055D200D611FE /* NSTableView.swift in Sources */ = {isa = PBXBuildFile; fileRef = 90C04D331E8F0B1D000077C8 /* NSTableView.swift */; };
		90A443211E9055D200D611FE /* NSTextField.swift in Sources */ = {isa = PBXBuildFile; fileRef = 90C04D341E8F0B1D000077C8 /* NSTextField.swift */; };
		90A443221E9055D200D611FE /* NSTextView.swift in Sources */ = {isa = PBXBuildFile; fileRef = 90C04D351E8F0B1D000077C8 /* NSTextView.swift */; };
		90A443231E9055D200D611FE /* NSView.swift in Sources */ = {isa = PBXBuildFile; fileRef = 90C04D361E8F0B1D000077C8 /* NSView.swift */; };
		90A443241E9055D800D611FE /* UIActivityIndicatorView.swift in Sources */ = {isa = PBXBuildFile; fileRef = 90C04D3F1E8F0B1D000077C8 /* UIActivityIndicatorView.swift */; };
		90A443251E9055D800D611FE /* UIApplication.swift in Sources */ = {isa = PBXBuildFile; fileRef = 90C04D401E8F0B1D000077C8 /* UIApplication.swift */; };
		90A443261E9055D800D611FE /* UIBarButtonItem.swift in Sources */ = {isa = PBXBuildFile; fileRef = 90C04D411E8F0B1D000077C8 /* UIBarButtonItem.swift */; };
		90A443271E9055D800D611FE /* UIBarItem.swift in Sources */ = {isa = PBXBuildFile; fileRef = 90C04D421E8F0B1D000077C8 /* UIBarItem.swift */; };
		90A443281E9055D800D611FE /* UIButton.swift in Sources */ = {isa = PBXBuildFile; fileRef = 90C04D431E8F0B1D000077C8 /* UIButton.swift */; };
		90A443291E9055D800D611FE /* UICollectionView.swift in Sources */ = {isa = PBXBuildFile; fileRef = 90C04D441E8F0B1D000077C8 /* UICollectionView.swift */; };
		90A4432A1E9055D800D611FE /* UIControl.swift in Sources */ = {isa = PBXBuildFile; fileRef = 90C04D451E8F0B1D000077C8 /* UIControl.swift */; };
		90A4432B1E9055D800D611FE /* UIDatePicker.swift in Sources */ = {isa = PBXBuildFile; fileRef = 90C04D461E8F0B1D000077C8 /* UIDatePicker.swift */; };
		90A4432C1E9055D800D611FE /* UIGestureRecognizer.swift in Sources */ = {isa = PBXBuildFile; fileRef = 90C04D471E8F0B1D000077C8 /* UIGestureRecognizer.swift */; };
		90A4432D1E9055D800D611FE /* UIImageView.swift in Sources */ = {isa = PBXBuildFile; fileRef = 90C04D481E8F0B1D000077C8 /* UIImageView.swift */; };
		90A4432E1E9055D800D611FE /* UILabel.swift in Sources */ = {isa = PBXBuildFile; fileRef = 90C04D491E8F0B1D000077C8 /* UILabel.swift */; };
		90A4432F1E9055D800D611FE /* UINavigationBar.swift in Sources */ = {isa = PBXBuildFile; fileRef = 90C04D4A1E8F0B1D000077C8 /* UINavigationBar.swift */; };
		90A443301E9055D800D611FE /* UINavigationItem.swift in Sources */ = {isa = PBXBuildFile; fileRef = 90C04D4B1E8F0B1D000077C8 /* UINavigationItem.swift */; };
		90A443311E9055D800D611FE /* UIProgressView.swift in Sources */ = {isa = PBXBuildFile; fileRef = 90C04D4C1E8F0B1D000077C8 /* UIProgressView.swift */; };
		90A443321E9055D800D611FE /* UIRefreshControl.swift in Sources */ = {isa = PBXBuildFile; fileRef = 90C04D4D1E8F0B1D000077C8 /* UIRefreshControl.swift */; };
		90A443331E9055D800D611FE /* UISegmentedControl.swift in Sources */ = {isa = PBXBuildFile; fileRef = 90C04D4E1E8F0B1D000077C8 /* UISegmentedControl.swift */; };
		90A443341E9055D800D611FE /* UISlider.swift in Sources */ = {isa = PBXBuildFile; fileRef = 90C04D4F1E8F0B1D000077C8 /* UISlider.swift */; };
		90A443351E9055D800D611FE /* UIStepper.swift in Sources */ = {isa = PBXBuildFile; fileRef = 90C04D501E8F0B1D000077C8 /* UIStepper.swift */; };
		90A443361E9055D800D611FE /* UISwitch.swift in Sources */ = {isa = PBXBuildFile; fileRef = 90C04D511E8F0B1D000077C8 /* UISwitch.swift */; };
		90A443371E9055D800D611FE /* UITableView.swift in Sources */ = {isa = PBXBuildFile; fileRef = 90C04D521E8F0B1D000077C8 /* UITableView.swift */; };
		90A443381E9055D800D611FE /* UITextField.swift in Sources */ = {isa = PBXBuildFile; fileRef = 90C04D531E8F0B1D000077C8 /* UITextField.swift */; };
		90A443391E9055D800D611FE /* UITextView.swift in Sources */ = {isa = PBXBuildFile; fileRef = 90C04D541E8F0B1D000077C8 /* UITextView.swift */; };
		90A4433A1E9055D800D611FE /* UIView.swift in Sources */ = {isa = PBXBuildFile; fileRef = 90C04D551E8F0B1D000077C8 /* UIView.swift */; };
		90A4437A1E91390000D611FE /* BNDProtocolProxyBase.m in Sources */ = {isa = PBXBuildFile; fileRef = 90C04D161E8F0B12000077C8 /* BNDProtocolProxyBase.m */; };
		90A4437D1E91391B00D611FE /* BNDProtocolProxyBase.m in Sources */ = {isa = PBXBuildFile; fileRef = 90C04D161E8F0B12000077C8 /* BNDProtocolProxyBase.m */; };
		90A4437E1E91391D00D611FE /* BNDProtocolProxyBase.m in Sources */ = {isa = PBXBuildFile; fileRef = 90C04D161E8F0B12000077C8 /* BNDProtocolProxyBase.m */; };
		90C04D081E8F0AD4000077C8 /* Bond.h in Headers */ = {isa = PBXBuildFile; fileRef = 90C04D031E8F0A97000077C8 /* Bond.h */; settings = {ATTRIBUTES = (Public, ); }; };
		90C04D091E8F0AD5000077C8 /* Bond.h in Headers */ = {isa = PBXBuildFile; fileRef = 90C04D031E8F0A97000077C8 /* Bond.h */; settings = {ATTRIBUTES = (Public, ); }; };
		90C04D0A1E8F0AD5000077C8 /* Bond.h in Headers */ = {isa = PBXBuildFile; fileRef = 90C04D031E8F0A97000077C8 /* Bond.h */; settings = {ATTRIBUTES = (Public, ); }; };
		90C04D5A1E8F0B88000077C8 /* Bond.swift in Sources */ = {isa = PBXBuildFile; fileRef = 90C04D201E8F0B1D000077C8 /* Bond.swift */; };
		90C04D5B1E8F0B88000077C8 /* DataSource.swift in Sources */ = {isa = PBXBuildFile; fileRef = 90C04D221E8F0B1D000077C8 /* DataSource.swift */; };
		90C04D5C1E8F0B88000077C8 /* DynamicSubject.swift in Sources */ = {isa = PBXBuildFile; fileRef = 90C04D231E8F0B1D000077C8 /* DynamicSubject.swift */; };
		90C04D5D1E8F0B88000077C8 /* Observable.swift in Sources */ = {isa = PBXBuildFile; fileRef = 90C04D371E8F0B1D000077C8 /* Observable.swift */; };
		90C04D5E1E8F0B88000077C8 /* ProtocolProxy.swift in Sources */ = {isa = PBXBuildFile; fileRef = 90C04D3C1E8F0B1D000077C8 /* ProtocolProxy.swift */; };
		90C04D5F1E8F0B88000077C8 /* QueryableDataSource.swift in Sources */ = {isa = PBXBuildFile; fileRef = 90C04D3D1E8F0B1D000077C8 /* QueryableDataSource.swift */; };
		90C04D601E8F0B88000077C8 /* CALayer.swift in Sources */ = {isa = PBXBuildFile; fileRef = 90C04D211E8F0B1D000077C8 /* CALayer.swift */; };
		90C04D611E8F0B88000077C8 /* NotificationCenter.swift in Sources */ = {isa = PBXBuildFile; fileRef = 90C04D241E8F0B1D000077C8 /* NotificationCenter.swift */; };
		90C04D621E8F0B88000077C8 /* NSObject+KVO.swift in Sources */ = {isa = PBXBuildFile; fileRef = 90C04D2C1E8F0B1D000077C8 /* NSObject+KVO.swift */; };
		90C04D631E8F0B88000077C8 /* NSObject.swift in Sources */ = {isa = PBXBuildFile; fileRef = 90C04D2D1E8F0B1D000077C8 /* NSObject.swift */; };
		90C04D641E8F0B88000077C8 /* SignalProtocol.swift in Sources */ = {isa = PBXBuildFile; fileRef = 90C04D3E1E8F0B1D000077C8 /* SignalProtocol.swift */; };
		90C04D651E8F0B89000077C8 /* Bond.swift in Sources */ = {isa = PBXBuildFile; fileRef = 90C04D201E8F0B1D000077C8 /* Bond.swift */; };
		90C04D661E8F0B89000077C8 /* DataSource.swift in Sources */ = {isa = PBXBuildFile; fileRef = 90C04D221E8F0B1D000077C8 /* DataSource.swift */; };
		90C04D671E8F0B89000077C8 /* DynamicSubject.swift in Sources */ = {isa = PBXBuildFile; fileRef = 90C04D231E8F0B1D000077C8 /* DynamicSubject.swift */; };
		90C04D681E8F0B89000077C8 /* Observable.swift in Sources */ = {isa = PBXBuildFile; fileRef = 90C04D371E8F0B1D000077C8 /* Observable.swift */; };
		90C04D691E8F0B89000077C8 /* ProtocolProxy.swift in Sources */ = {isa = PBXBuildFile; fileRef = 90C04D3C1E8F0B1D000077C8 /* ProtocolProxy.swift */; };
		90C04D6A1E8F0B89000077C8 /* QueryableDataSource.swift in Sources */ = {isa = PBXBuildFile; fileRef = 90C04D3D1E8F0B1D000077C8 /* QueryableDataSource.swift */; };
		90C04D6B1E8F0B89000077C8 /* CALayer.swift in Sources */ = {isa = PBXBuildFile; fileRef = 90C04D211E8F0B1D000077C8 /* CALayer.swift */; };
		90C04D6C1E8F0B89000077C8 /* NotificationCenter.swift in Sources */ = {isa = PBXBuildFile; fileRef = 90C04D241E8F0B1D000077C8 /* NotificationCenter.swift */; };
		90C04D6D1E8F0B89000077C8 /* NSObject+KVO.swift in Sources */ = {isa = PBXBuildFile; fileRef = 90C04D2C1E8F0B1D000077C8 /* NSObject+KVO.swift */; };
		90C04D6E1E8F0B89000077C8 /* NSObject.swift in Sources */ = {isa = PBXBuildFile; fileRef = 90C04D2D1E8F0B1D000077C8 /* NSObject.swift */; };
		90C04D6F1E8F0B89000077C8 /* SignalProtocol.swift in Sources */ = {isa = PBXBuildFile; fileRef = 90C04D3E1E8F0B1D000077C8 /* SignalProtocol.swift */; };
		90C04D701E8F0B89000077C8 /* Bond.swift in Sources */ = {isa = PBXBuildFile; fileRef = 90C04D201E8F0B1D000077C8 /* Bond.swift */; };
		90C04D711E8F0B89000077C8 /* DataSource.swift in Sources */ = {isa = PBXBuildFile; fileRef = 90C04D221E8F0B1D000077C8 /* DataSource.swift */; };
		90C04D721E8F0B89000077C8 /* DynamicSubject.swift in Sources */ = {isa = PBXBuildFile; fileRef = 90C04D231E8F0B1D000077C8 /* DynamicSubject.swift */; };
		90C04D731E8F0B89000077C8 /* Observable.swift in Sources */ = {isa = PBXBuildFile; fileRef = 90C04D371E8F0B1D000077C8 /* Observable.swift */; };
		90C04D741E8F0B89000077C8 /* ProtocolProxy.swift in Sources */ = {isa = PBXBuildFile; fileRef = 90C04D3C1E8F0B1D000077C8 /* ProtocolProxy.swift */; };
		90C04D751E8F0B89000077C8 /* QueryableDataSource.swift in Sources */ = {isa = PBXBuildFile; fileRef = 90C04D3D1E8F0B1D000077C8 /* QueryableDataSource.swift */; };
		90C04D761E8F0B89000077C8 /* CALayer.swift in Sources */ = {isa = PBXBuildFile; fileRef = 90C04D211E8F0B1D000077C8 /* CALayer.swift */; };
		90C04D771E8F0B89000077C8 /* NotificationCenter.swift in Sources */ = {isa = PBXBuildFile; fileRef = 90C04D241E8F0B1D000077C8 /* NotificationCenter.swift */; };
		90C04D781E8F0B89000077C8 /* NSObject+KVO.swift in Sources */ = {isa = PBXBuildFile; fileRef = 90C04D2C1E8F0B1D000077C8 /* NSObject+KVO.swift */; };
		90C04D791E8F0B89000077C8 /* NSObject.swift in Sources */ = {isa = PBXBuildFile; fileRef = 90C04D2D1E8F0B1D000077C8 /* NSObject.swift */; };
		90C04D7A1E8F0B89000077C8 /* SignalProtocol.swift in Sources */ = {isa = PBXBuildFile; fileRef = 90C04D3E1E8F0B1D000077C8 /* SignalProtocol.swift */; };
		90C04D7B1E8F0B8D000077C8 /* NSAppearanceCustomization.swift in Sources */ = {isa = PBXBuildFile; fileRef = 90C04D251E8F0B1D000077C8 /* NSAppearanceCustomization.swift */; };
		90C04D7C1E8F0B8D000077C8 /* NSButton.swift in Sources */ = {isa = PBXBuildFile; fileRef = 90C04D261E8F0B1D000077C8 /* NSButton.swift */; };
		90C04D7D1E8F0B8D000077C8 /* NSColorWell.swift in Sources */ = {isa = PBXBuildFile; fileRef = 90C04D271E8F0B1D000077C8 /* NSColorWell.swift */; };
		90C04D7E1E8F0B8D000077C8 /* NSControl.swift in Sources */ = {isa = PBXBuildFile; fileRef = 90C04D281E8F0B1D000077C8 /* NSControl.swift */; };
		90C04D7F1E8F0B8D000077C8 /* NSImageView.swift in Sources */ = {isa = PBXBuildFile; fileRef = 90C04D291E8F0B1D000077C8 /* NSImageView.swift */; };
		90C04D801E8F0B8D000077C8 /* NSLayoutConstraint.swift in Sources */ = {isa = PBXBuildFile; fileRef = 90C04D2A1E8F0B1D000077C8 /* NSLayoutConstraint.swift */; };
		90C04D811E8F0B8D000077C8 /* NSMenuItem.swift in Sources */ = {isa = PBXBuildFile; fileRef = 90C04D2B1E8F0B1D000077C8 /* NSMenuItem.swift */; };
		90C04D821E8F0B8D000077C8 /* NSPopUpButton.swift in Sources */ = {isa = PBXBuildFile; fileRef = 90C04D2E1E8F0B1D000077C8 /* NSPopUpButton.swift */; };
		90C04D831E8F0B8D000077C8 /* NSProgressIndicator.swift in Sources */ = {isa = PBXBuildFile; fileRef = 90C04D2F1E8F0B1D000077C8 /* NSProgressIndicator.swift */; };
		90C04D841E8F0B8D000077C8 /* NSSegmentedControl.swift in Sources */ = {isa = PBXBuildFile; fileRef = 90C04D301E8F0B1D000077C8 /* NSSegmentedControl.swift */; };
		90C04D851E8F0B8D000077C8 /* NSSlider.swift in Sources */ = {isa = PBXBuildFile; fileRef = 90C04D311E8F0B1D000077C8 /* NSSlider.swift */; };
		90C04D861E8F0B8D000077C8 /* NSStatusBarButton.swift in Sources */ = {isa = PBXBuildFile; fileRef = 90C04D321E8F0B1D000077C8 /* NSStatusBarButton.swift */; };
		90C04D871E8F0B8D000077C8 /* NSTableView.swift in Sources */ = {isa = PBXBuildFile; fileRef = 90C04D331E8F0B1D000077C8 /* NSTableView.swift */; };
		90C04D881E8F0B8D000077C8 /* NSTextField.swift in Sources */ = {isa = PBXBuildFile; fileRef = 90C04D341E8F0B1D000077C8 /* NSTextField.swift */; };
		90C04D891E8F0B8D000077C8 /* NSTextView.swift in Sources */ = {isa = PBXBuildFile; fileRef = 90C04D351E8F0B1D000077C8 /* NSTextView.swift */; };
		90C04D8A1E8F0B8D000077C8 /* NSView.swift in Sources */ = {isa = PBXBuildFile; fileRef = 90C04D361E8F0B1D000077C8 /* NSView.swift */; };
		90C04D8B1E8F0B91000077C8 /* Observable2DArray.swift in Sources */ = {isa = PBXBuildFile; fileRef = 90C04D381E8F0B1D000077C8 /* Observable2DArray.swift */; };
		90C04D8C1E8F0B91000077C8 /* ObservableArray.swift in Sources */ = {isa = PBXBuildFile; fileRef = 90C04D391E8F0B1D000077C8 /* ObservableArray.swift */; };
		90C04D8D1E8F0B91000077C8 /* ObservableDictionary.swift in Sources */ = {isa = PBXBuildFile; fileRef = 90C04D3A1E8F0B1D000077C8 /* ObservableDictionary.swift */; };
		90C04D8E1E8F0B91000077C8 /* ObservableSet.swift in Sources */ = {isa = PBXBuildFile; fileRef = 90C04D3B1E8F0B1D000077C8 /* ObservableSet.swift */; };
		90C04D8F1E8F0B91000077C8 /* Observable2DArray.swift in Sources */ = {isa = PBXBuildFile; fileRef = 90C04D381E8F0B1D000077C8 /* Observable2DArray.swift */; };
		90C04D901E8F0B91000077C8 /* ObservableArray.swift in Sources */ = {isa = PBXBuildFile; fileRef = 90C04D391E8F0B1D000077C8 /* ObservableArray.swift */; };
		90C04D911E8F0B91000077C8 /* ObservableDictionary.swift in Sources */ = {isa = PBXBuildFile; fileRef = 90C04D3A1E8F0B1D000077C8 /* ObservableDictionary.swift */; };
		90C04D921E8F0B91000077C8 /* ObservableSet.swift in Sources */ = {isa = PBXBuildFile; fileRef = 90C04D3B1E8F0B1D000077C8 /* ObservableSet.swift */; };
		90C04D931E8F0B92000077C8 /* Observable2DArray.swift in Sources */ = {isa = PBXBuildFile; fileRef = 90C04D381E8F0B1D000077C8 /* Observable2DArray.swift */; };
		90C04D941E8F0B92000077C8 /* ObservableArray.swift in Sources */ = {isa = PBXBuildFile; fileRef = 90C04D391E8F0B1D000077C8 /* ObservableArray.swift */; };
		90C04D951E8F0B92000077C8 /* ObservableDictionary.swift in Sources */ = {isa = PBXBuildFile; fileRef = 90C04D3A1E8F0B1D000077C8 /* ObservableDictionary.swift */; };
		90C04D961E8F0B92000077C8 /* ObservableSet.swift in Sources */ = {isa = PBXBuildFile; fileRef = 90C04D3B1E8F0B1D000077C8 /* ObservableSet.swift */; };
		90C04D971E8F0B96000077C8 /* UIActivityIndicatorView.swift in Sources */ = {isa = PBXBuildFile; fileRef = 90C04D3F1E8F0B1D000077C8 /* UIActivityIndicatorView.swift */; };
		90C04D981E8F0B96000077C8 /* UIApplication.swift in Sources */ = {isa = PBXBuildFile; fileRef = 90C04D401E8F0B1D000077C8 /* UIApplication.swift */; };
		90C04D991E8F0B96000077C8 /* UIBarButtonItem.swift in Sources */ = {isa = PBXBuildFile; fileRef = 90C04D411E8F0B1D000077C8 /* UIBarButtonItem.swift */; };
		90C04D9A1E8F0B96000077C8 /* UIBarItem.swift in Sources */ = {isa = PBXBuildFile; fileRef = 90C04D421E8F0B1D000077C8 /* UIBarItem.swift */; };
		90C04D9B1E8F0B96000077C8 /* UIButton.swift in Sources */ = {isa = PBXBuildFile; fileRef = 90C04D431E8F0B1D000077C8 /* UIButton.swift */; };
		90C04D9C1E8F0B96000077C8 /* UICollectionView.swift in Sources */ = {isa = PBXBuildFile; fileRef = 90C04D441E8F0B1D000077C8 /* UICollectionView.swift */; };
		90C04D9D1E8F0B96000077C8 /* UIControl.swift in Sources */ = {isa = PBXBuildFile; fileRef = 90C04D451E8F0B1D000077C8 /* UIControl.swift */; };
		90C04D9E1E8F0B96000077C8 /* UIDatePicker.swift in Sources */ = {isa = PBXBuildFile; fileRef = 90C04D461E8F0B1D000077C8 /* UIDatePicker.swift */; };
		90C04D9F1E8F0B96000077C8 /* UIGestureRecognizer.swift in Sources */ = {isa = PBXBuildFile; fileRef = 90C04D471E8F0B1D000077C8 /* UIGestureRecognizer.swift */; };
		90C04DA01E8F0B96000077C8 /* UIImageView.swift in Sources */ = {isa = PBXBuildFile; fileRef = 90C04D481E8F0B1D000077C8 /* UIImageView.swift */; };
		90C04DA11E8F0B96000077C8 /* UILabel.swift in Sources */ = {isa = PBXBuildFile; fileRef = 90C04D491E8F0B1D000077C8 /* UILabel.swift */; };
		90C04DA21E8F0B96000077C8 /* UINavigationBar.swift in Sources */ = {isa = PBXBuildFile; fileRef = 90C04D4A1E8F0B1D000077C8 /* UINavigationBar.swift */; };
		90C04DA31E8F0B96000077C8 /* UINavigationItem.swift in Sources */ = {isa = PBXBuildFile; fileRef = 90C04D4B1E8F0B1D000077C8 /* UINavigationItem.swift */; };
		90C04DA41E8F0B96000077C8 /* UIProgressView.swift in Sources */ = {isa = PBXBuildFile; fileRef = 90C04D4C1E8F0B1D000077C8 /* UIProgressView.swift */; };
		90C04DA51E8F0B96000077C8 /* UIRefreshControl.swift in Sources */ = {isa = PBXBuildFile; fileRef = 90C04D4D1E8F0B1D000077C8 /* UIRefreshControl.swift */; };
		90C04DA61E8F0B96000077C8 /* UISegmentedControl.swift in Sources */ = {isa = PBXBuildFile; fileRef = 90C04D4E1E8F0B1D000077C8 /* UISegmentedControl.swift */; };
		90C04DA71E8F0B96000077C8 /* UISlider.swift in Sources */ = {isa = PBXBuildFile; fileRef = 90C04D4F1E8F0B1D000077C8 /* UISlider.swift */; };
		90C04DA81E8F0B96000077C8 /* UIStepper.swift in Sources */ = {isa = PBXBuildFile; fileRef = 90C04D501E8F0B1D000077C8 /* UIStepper.swift */; };
		90C04DA91E8F0B96000077C8 /* UISwitch.swift in Sources */ = {isa = PBXBuildFile; fileRef = 90C04D511E8F0B1D000077C8 /* UISwitch.swift */; };
		90C04DAA1E8F0B96000077C8 /* UITableView.swift in Sources */ = {isa = PBXBuildFile; fileRef = 90C04D521E8F0B1D000077C8 /* UITableView.swift */; };
		90C04DAB1E8F0B96000077C8 /* UITextField.swift in Sources */ = {isa = PBXBuildFile; fileRef = 90C04D531E8F0B1D000077C8 /* UITextField.swift */; };
		90C04DAC1E8F0B96000077C8 /* UITextView.swift in Sources */ = {isa = PBXBuildFile; fileRef = 90C04D541E8F0B1D000077C8 /* UITextView.swift */; };
		90C04DAD1E8F0B96000077C8 /* UIView.swift in Sources */ = {isa = PBXBuildFile; fileRef = 90C04D551E8F0B1D000077C8 /* UIView.swift */; };
		90C04DAE1E8F0B97000077C8 /* UIActivityIndicatorView.swift in Sources */ = {isa = PBXBuildFile; fileRef = 90C04D3F1E8F0B1D000077C8 /* UIActivityIndicatorView.swift */; };
		90C04DAF1E8F0B97000077C8 /* UIApplication.swift in Sources */ = {isa = PBXBuildFile; fileRef = 90C04D401E8F0B1D000077C8 /* UIApplication.swift */; };
		90C04DB01E8F0B97000077C8 /* UIBarButtonItem.swift in Sources */ = {isa = PBXBuildFile; fileRef = 90C04D411E8F0B1D000077C8 /* UIBarButtonItem.swift */; };
		90C04DB11E8F0B97000077C8 /* UIBarItem.swift in Sources */ = {isa = PBXBuildFile; fileRef = 90C04D421E8F0B1D000077C8 /* UIBarItem.swift */; };
		90C04DB21E8F0B97000077C8 /* UIButton.swift in Sources */ = {isa = PBXBuildFile; fileRef = 90C04D431E8F0B1D000077C8 /* UIButton.swift */; };
		90C04DB31E8F0B97000077C8 /* UICollectionView.swift in Sources */ = {isa = PBXBuildFile; fileRef = 90C04D441E8F0B1D000077C8 /* UICollectionView.swift */; };
		90C04DB41E8F0B97000077C8 /* UIControl.swift in Sources */ = {isa = PBXBuildFile; fileRef = 90C04D451E8F0B1D000077C8 /* UIControl.swift */; };
		90C04DB51E8F0B97000077C8 /* UIDatePicker.swift in Sources */ = {isa = PBXBuildFile; fileRef = 90C04D461E8F0B1D000077C8 /* UIDatePicker.swift */; };
		90C04DB61E8F0B97000077C8 /* UIGestureRecognizer.swift in Sources */ = {isa = PBXBuildFile; fileRef = 90C04D471E8F0B1D000077C8 /* UIGestureRecognizer.swift */; };
		90C04DB71E8F0B97000077C8 /* UIImageView.swift in Sources */ = {isa = PBXBuildFile; fileRef = 90C04D481E8F0B1D000077C8 /* UIImageView.swift */; };
		90C04DB81E8F0B97000077C8 /* UILabel.swift in Sources */ = {isa = PBXBuildFile; fileRef = 90C04D491E8F0B1D000077C8 /* UILabel.swift */; };
		90C04DB91E8F0B97000077C8 /* UINavigationBar.swift in Sources */ = {isa = PBXBuildFile; fileRef = 90C04D4A1E8F0B1D000077C8 /* UINavigationBar.swift */; };
		90C04DBA1E8F0B97000077C8 /* UINavigationItem.swift in Sources */ = {isa = PBXBuildFile; fileRef = 90C04D4B1E8F0B1D000077C8 /* UINavigationItem.swift */; };
		90C04DBB1E8F0B97000077C8 /* UIProgressView.swift in Sources */ = {isa = PBXBuildFile; fileRef = 90C04D4C1E8F0B1D000077C8 /* UIProgressView.swift */; };
		90C04DBC1E8F0B97000077C8 /* UIRefreshControl.swift in Sources */ = {isa = PBXBuildFile; fileRef = 90C04D4D1E8F0B1D000077C8 /* UIRefreshControl.swift */; };
		90C04DBD1E8F0B97000077C8 /* UISegmentedControl.swift in Sources */ = {isa = PBXBuildFile; fileRef = 90C04D4E1E8F0B1D000077C8 /* UISegmentedControl.swift */; };
		90C04DBE1E8F0B97000077C8 /* UISlider.swift in Sources */ = {isa = PBXBuildFile; fileRef = 90C04D4F1E8F0B1D000077C8 /* UISlider.swift */; };
		90C04DBF1E8F0B97000077C8 /* UIStepper.swift in Sources */ = {isa = PBXBuildFile; fileRef = 90C04D501E8F0B1D000077C8 /* UIStepper.swift */; };
		90C04DC01E8F0B97000077C8 /* UISwitch.swift in Sources */ = {isa = PBXBuildFile; fileRef = 90C04D511E8F0B1D000077C8 /* UISwitch.swift */; };
		90C04DC11E8F0B97000077C8 /* UITableView.swift in Sources */ = {isa = PBXBuildFile; fileRef = 90C04D521E8F0B1D000077C8 /* UITableView.swift */; };
		90C04DC21E8F0B97000077C8 /* UITextField.swift in Sources */ = {isa = PBXBuildFile; fileRef = 90C04D531E8F0B1D000077C8 /* UITextField.swift */; };
		90C04DC31E8F0B97000077C8 /* UITextView.swift in Sources */ = {isa = PBXBuildFile; fileRef = 90C04D541E8F0B1D000077C8 /* UITextView.swift */; };
		90C04DC41E8F0B97000077C8 /* UIView.swift in Sources */ = {isa = PBXBuildFile; fileRef = 90C04D551E8F0B1D000077C8 /* UIView.swift */; };
		90C04DD21E8F0BAF000077C8 /* BondTests.swift in Sources */ = {isa = PBXBuildFile; fileRef = 90C04DC71E8F0BA7000077C8 /* BondTests.swift */; };
		90C04DD31E8F0BAF000077C8 /* DynamicSubjectTests.swift in Sources */ = {isa = PBXBuildFile; fileRef = 90C04DC81E8F0BA7000077C8 /* DynamicSubjectTests.swift */; };
		90C04DD41E8F0BAF000077C8 /* Helpers.swift in Sources */ = {isa = PBXBuildFile; fileRef = 90C04DC91E8F0BA7000077C8 /* Helpers.swift */; };
		90C04DD51E8F0BAF000077C8 /* NSObjectTests.swift in Sources */ = {isa = PBXBuildFile; fileRef = 90C04DCA1E8F0BA7000077C8 /* NSObjectTests.swift */; };
		90C04DD61E8F0BAF000077C8 /* Observable2DArrayTests.swift in Sources */ = {isa = PBXBuildFile; fileRef = 90C04DCB1E8F0BA7000077C8 /* Observable2DArrayTests.swift */; };
		90C04DD71E8F0BAF000077C8 /* ObservableArrayTests.swift in Sources */ = {isa = PBXBuildFile; fileRef = 90C04DCC1E8F0BA7000077C8 /* ObservableArrayTests.swift */; };
		90C04DD81E8F0BAF000077C8 /* ObservableSetTests.swift in Sources */ = {isa = PBXBuildFile; fileRef = 90C04DCD1E8F0BA7000077C8 /* ObservableSetTests.swift */; };
		90C04DD91E8F0BAF000077C8 /* ProtocolProxyTests.swift in Sources */ = {isa = PBXBuildFile; fileRef = 90C04DCE1E8F0BA7000077C8 /* ProtocolProxyTests.swift */; };
		90C04DDA1E8F0BAF000077C8 /* UICollectionViewTests.swift in Sources */ = {isa = PBXBuildFile; fileRef = 90C04DCF1E8F0BA7000077C8 /* UICollectionViewTests.swift */; };
		90C04DDB1E8F0BAF000077C8 /* UIKitTests.swift in Sources */ = {isa = PBXBuildFile; fileRef = 90C04DD01E8F0BA7000077C8 /* UIKitTests.swift */; };
		90C04DDC1E8F0BAF000077C8 /* UITableViewTests.swift in Sources */ = {isa = PBXBuildFile; fileRef = 90C04DD11E8F0BA7000077C8 /* UITableViewTests.swift */; };
		EC02200A1F8BE898002F8380 /* Property.swift in Sources */ = {isa = PBXBuildFile; fileRef = EC0220091F8BE898002F8380 /* Property.swift */; };
		EC86E9AF1E9145CC008563B2 /* UIAccessibilityIdentification.swift in Sources */ = {isa = PBXBuildFile; fileRef = EC86E9AE1E9145CC008563B2 /* UIAccessibilityIdentification.swift */; };
		EC86E9B01E9145CC008563B2 /* UIAccessibilityIdentification.swift in Sources */ = {isa = PBXBuildFile; fileRef = EC86E9AE1E9145CC008563B2 /* UIAccessibilityIdentification.swift */; };
		EC893EC41F07A164007981EC /* BNDProtocolProxyBase.h in Headers */ = {isa = PBXBuildFile; fileRef = 90C04D181E8F0B12000077C8 /* BNDProtocolProxyBase.h */; settings = {ATTRIBUTES = (Public, ); }; };
		EC893EC51F07A164007981EC /* BNDProtocolProxyBase.h in Headers */ = {isa = PBXBuildFile; fileRef = 90C04D181E8F0B12000077C8 /* BNDProtocolProxyBase.h */; settings = {ATTRIBUTES = (Public, ); }; };
		EC893EC61F07A164007981EC /* BNDProtocolProxyBase.h in Headers */ = {isa = PBXBuildFile; fileRef = 90C04D181E8F0B12000077C8 /* BNDProtocolProxyBase.h */; settings = {ATTRIBUTES = (Public, ); }; };
		ECAFB8D4200A7E3900EE0669 /* BNDInvocation.swift in Sources */ = {isa = PBXBuildFile; fileRef = ECAFB8D3200A7E3900EE0669 /* BNDInvocation.swift */; };
		ECAFB8D5200A7E3900EE0669 /* BNDInvocation.swift in Sources */ = {isa = PBXBuildFile; fileRef = ECAFB8D3200A7E3900EE0669 /* BNDInvocation.swift */; };
		ECAFB8D6200A7E3900EE0669 /* BNDInvocation.swift in Sources */ = {isa = PBXBuildFile; fileRef = ECAFB8D3200A7E3900EE0669 /* BNDInvocation.swift */; };
		ECAFB8D9200B60AA00EE0669 /* ProtocolProxyController.swift in Sources */ = {isa = PBXBuildFile; fileRef = ECAFB8D8200B60AA00EE0669 /* ProtocolProxyController.swift */; };
		ECAFB8DA200B60AA00EE0669 /* ProtocolProxyController.swift in Sources */ = {isa = PBXBuildFile; fileRef = ECAFB8D8200B60AA00EE0669 /* ProtocolProxyController.swift */; };
		ECAFB8DB200B60AA00EE0669 /* ProtocolProxyController.swift in Sources */ = {isa = PBXBuildFile; fileRef = ECAFB8D8200B60AA00EE0669 /* ProtocolProxyController.swift */; };
/* End PBXBuildFile section */

/* Begin PBXContainerItemProxy section */
		16210A471D3EC474004AEDF3 /* PBXContainerItemProxy */ = {
			isa = PBXContainerItemProxy;
			containerPortal = 16210A331D3EC474004AEDF3 /* Project object */;
			proxyType = 1;
			remoteGlobalIDString = 16210A3B1D3EC474004AEDF3;
			remoteInfo = Bond;
		};
		1652178A1D70591E00C9FAEE /* PBXContainerItemProxy */ = {
			isa = PBXContainerItemProxy;
			containerPortal = 165217821D70591D00C9FAEE /* ReactiveKit.xcodeproj */;
			proxyType = 2;
			remoteGlobalIDString = ECBCCDD01BEB6B9A00723476;
			remoteInfo = "ReactiveKit-iOS";
		};
		1652178C1D70591E00C9FAEE /* PBXContainerItemProxy */ = {
			isa = PBXContainerItemProxy;
			containerPortal = 165217821D70591D00C9FAEE /* ReactiveKit.xcodeproj */;
			proxyType = 2;
			remoteGlobalIDString = 16C33AF91BEFB72500A0DBE0;
			remoteInfo = "ReactiveKit-tvOS";
		};
		1652178E1D70591E00C9FAEE /* PBXContainerItemProxy */ = {
			isa = PBXContainerItemProxy;
			containerPortal = 165217821D70591D00C9FAEE /* ReactiveKit.xcodeproj */;
			proxyType = 2;
			remoteGlobalIDString = 16C33B161BEFB9CB00A0DBE0;
			remoteInfo = "ReactiveKit-watchOS";
		};
		165217901D70591E00C9FAEE /* PBXContainerItemProxy */ = {
			isa = PBXContainerItemProxy;
			containerPortal = 165217821D70591D00C9FAEE /* ReactiveKit.xcodeproj */;
			proxyType = 2;
			remoteGlobalIDString = 16C33B241BEFBA0100A0DBE0;
			remoteInfo = "ReactiveKit-macOS";
		};
		165217921D70591E00C9FAEE /* PBXContainerItemProxy */ = {
			isa = PBXContainerItemProxy;
			containerPortal = 165217821D70591D00C9FAEE /* ReactiveKit.xcodeproj */;
			proxyType = 2;
			remoteGlobalIDString = ECBCCDDA1BEB6B9B00723476;
			remoteInfo = "ReactiveKit-Tests";
		};
		165217941D70593600C9FAEE /* PBXContainerItemProxy */ = {
			isa = PBXContainerItemProxy;
			containerPortal = 165217821D70591D00C9FAEE /* ReactiveKit.xcodeproj */;
			proxyType = 1;
			remoteGlobalIDString = ECBCCDCF1BEB6B9A00723476;
			remoteInfo = "ReactiveKit-iOS";
		};
		165217971D70594900C9FAEE /* PBXContainerItemProxy */ = {
			isa = PBXContainerItemProxy;
			containerPortal = 165217821D70591D00C9FAEE /* ReactiveKit.xcodeproj */;
			proxyType = 1;
			remoteGlobalIDString = 16C33B231BEFBA0100A0DBE0;
			remoteInfo = "ReactiveKit-macOS";
		};
		1652179A1D70595300C9FAEE /* PBXContainerItemProxy */ = {
			isa = PBXContainerItemProxy;
			containerPortal = 165217821D70591D00C9FAEE /* ReactiveKit.xcodeproj */;
			proxyType = 1;
			remoteGlobalIDString = 16C33AF81BEFB72500A0DBE0;
			remoteInfo = "ReactiveKit-tvOS";
		};
		16887E2A1D7444C500EDA099 /* PBXContainerItemProxy */ = {
			isa = PBXContainerItemProxy;
			containerPortal = 165217821D70591D00C9FAEE /* ReactiveKit.xcodeproj */;
			proxyType = 1;
			remoteGlobalIDString = ECBCCDCF1BEB6B9A00723476;
			remoteInfo = "ReactiveKit-iOS";
		};
		16887E491D744B2900EDA099 /* PBXContainerItemProxy */ = {
			isa = PBXContainerItemProxy;
			containerPortal = 16210A331D3EC474004AEDF3 /* Project object */;
			proxyType = 1;
			remoteGlobalIDString = 16887E361D744ABB00EDA099;
			remoteInfo = "Bond-App";
		};
		904B87B01F6FFCD300FE0A24 /* PBXContainerItemProxy */ = {
			isa = PBXContainerItemProxy;
			containerPortal = 90A3FAC21E0C8D8B0086A7F1 /* Differ.xcodeproj */;
			proxyType = 2;
			remoteGlobalIDString = C9EE87161CCFCA83006BD90E;
			remoteInfo = Differ;
		};
		904B87B21F6FFCD300FE0A24 /* PBXContainerItemProxy */ = {
			isa = PBXContainerItemProxy;
			containerPortal = 90A3FAC21E0C8D8B0086A7F1 /* Differ.xcodeproj */;
			proxyType = 2;
			remoteGlobalIDString = C9838FF11D29571000691BE8;
			remoteInfo = DifferTests;
		};
/* End PBXContainerItemProxy section */

/* Begin PBXFileReference section */
		161D6D2D1D6F0D92004CA17D /* README.md */ = {isa = PBXFileReference; lastKnownFileType = net.daringfireball.markdown; path = README.md; sourceTree = "<group>"; };
		16210A3C1D3EC474004AEDF3 /* Bond.framework */ = {isa = PBXFileReference; explicitFileType = wrapper.framework; includeInIndex = 0; path = Bond.framework; sourceTree = BUILT_PRODUCTS_DIR; };
		16210A451D3EC474004AEDF3 /* BondTests.xctest */ = {isa = PBXFileReference; explicitFileType = wrapper.cfbundle; includeInIndex = 0; path = BondTests.xctest; sourceTree = BUILT_PRODUCTS_DIR; };
		165217821D70591D00C9FAEE /* ReactiveKit.xcodeproj */ = {isa = PBXFileReference; lastKnownFileType = "wrapper.pb-project"; name = ReactiveKit.xcodeproj; path = Carthage/Checkouts/ReactiveKit/ReactiveKit.xcodeproj; sourceTree = "<group>"; };
		16887E371D744ABB00EDA099 /* Bond-App.app */ = {isa = PBXFileReference; explicitFileType = wrapper.application; includeInIndex = 0; path = "Bond-App.app"; sourceTree = BUILT_PRODUCTS_DIR; };
		16887E391D744ABB00EDA099 /* AppDelegate.swift */ = {isa = PBXFileReference; lastKnownFileType = sourcecode.swift; path = AppDelegate.swift; sourceTree = "<group>"; };
		16887E431D744ABB00EDA099 /* Base */ = {isa = PBXFileReference; lastKnownFileType = file.storyboard; name = Base; path = Base.lproj/LaunchScreen.storyboard; sourceTree = "<group>"; };
		16887E451D744ABB00EDA099 /* Info.plist */ = {isa = PBXFileReference; lastKnownFileType = text.plist.xml; path = Info.plist; sourceTree = "<group>"; };
		16D30EAE1D6591D300C2435D /* Bond.framework */ = {isa = PBXFileReference; explicitFileType = wrapper.framework; includeInIndex = 0; path = Bond.framework; sourceTree = BUILT_PRODUCTS_DIR; };
		16D30ED61D65D11900C2435D /* Bond.framework */ = {isa = PBXFileReference; explicitFileType = wrapper.framework; includeInIndex = 0; path = Bond.framework; sourceTree = BUILT_PRODUCTS_DIR; };
		75CA9E9120678E600011E5BB /* UISearchBar.swift */ = {isa = PBXFileReference; lastKnownFileType = sourcecode.swift; path = UISearchBar.swift; sourceTree = "<group>"; };
		90A3FAC21E0C8D8B0086A7F1 /* Differ.xcodeproj */ = {isa = PBXFileReference; lastKnownFileType = "wrapper.pb-project"; name = Differ.xcodeproj; path = Carthage/Checkouts/Differ/Differ.xcodeproj; sourceTree = "<group>"; };
		90C04D021E8F0A97000077C8 /* Bond-Info.plist */ = {isa = PBXFileReference; lastKnownFileType = text.plist.xml; path = "Bond-Info.plist"; sourceTree = "<group>"; };
		90C04D031E8F0A97000077C8 /* Bond.h */ = {isa = PBXFileReference; lastKnownFileType = sourcecode.c.h; path = Bond.h; sourceTree = "<group>"; };
		90C04D041E8F0A97000077C8 /* BondTests-Info.plist */ = {isa = PBXFileReference; lastKnownFileType = text.plist.xml; path = "BondTests-Info.plist"; sourceTree = "<group>"; };
		90C04D161E8F0B12000077C8 /* BNDProtocolProxyBase.m */ = {isa = PBXFileReference; fileEncoding = 4; lastKnownFileType = sourcecode.c.objc; path = BNDProtocolProxyBase.m; sourceTree = "<group>"; };
		90C04D181E8F0B12000077C8 /* BNDProtocolProxyBase.h */ = {isa = PBXFileReference; fileEncoding = 4; lastKnownFileType = sourcecode.c.h; path = BNDProtocolProxyBase.h; sourceTree = "<group>"; };
		90C04D201E8F0B1D000077C8 /* Bond.swift */ = {isa = PBXFileReference; lastKnownFileType = sourcecode.swift; path = Bond.swift; sourceTree = "<group>"; };
		90C04D211E8F0B1D000077C8 /* CALayer.swift */ = {isa = PBXFileReference; lastKnownFileType = sourcecode.swift; path = CALayer.swift; sourceTree = "<group>"; };
		90C04D221E8F0B1D000077C8 /* DataSource.swift */ = {isa = PBXFileReference; lastKnownFileType = sourcecode.swift; path = DataSource.swift; sourceTree = "<group>"; };
		90C04D231E8F0B1D000077C8 /* DynamicSubject.swift */ = {isa = PBXFileReference; lastKnownFileType = sourcecode.swift; path = DynamicSubject.swift; sourceTree = "<group>"; };
		90C04D241E8F0B1D000077C8 /* NotificationCenter.swift */ = {isa = PBXFileReference; lastKnownFileType = sourcecode.swift; path = NotificationCenter.swift; sourceTree = "<group>"; };
		90C04D251E8F0B1D000077C8 /* NSAppearanceCustomization.swift */ = {isa = PBXFileReference; lastKnownFileType = sourcecode.swift; path = NSAppearanceCustomization.swift; sourceTree = "<group>"; };
		90C04D261E8F0B1D000077C8 /* NSButton.swift */ = {isa = PBXFileReference; lastKnownFileType = sourcecode.swift; path = NSButton.swift; sourceTree = "<group>"; };
		90C04D271E8F0B1D000077C8 /* NSColorWell.swift */ = {isa = PBXFileReference; lastKnownFileType = sourcecode.swift; path = NSColorWell.swift; sourceTree = "<group>"; };
		90C04D281E8F0B1D000077C8 /* NSControl.swift */ = {isa = PBXFileReference; lastKnownFileType = sourcecode.swift; path = NSControl.swift; sourceTree = "<group>"; };
		90C04D291E8F0B1D000077C8 /* NSImageView.swift */ = {isa = PBXFileReference; lastKnownFileType = sourcecode.swift; path = NSImageView.swift; sourceTree = "<group>"; };
		90C04D2A1E8F0B1D000077C8 /* NSLayoutConstraint.swift */ = {isa = PBXFileReference; lastKnownFileType = sourcecode.swift; path = NSLayoutConstraint.swift; sourceTree = "<group>"; };
		90C04D2B1E8F0B1D000077C8 /* NSMenuItem.swift */ = {isa = PBXFileReference; lastKnownFileType = sourcecode.swift; path = NSMenuItem.swift; sourceTree = "<group>"; };
		90C04D2C1E8F0B1D000077C8 /* NSObject+KVO.swift */ = {isa = PBXFileReference; lastKnownFileType = sourcecode.swift; path = "NSObject+KVO.swift"; sourceTree = "<group>"; };
		90C04D2D1E8F0B1D000077C8 /* NSObject.swift */ = {isa = PBXFileReference; lastKnownFileType = sourcecode.swift; path = NSObject.swift; sourceTree = "<group>"; };
		90C04D2E1E8F0B1D000077C8 /* NSPopUpButton.swift */ = {isa = PBXFileReference; lastKnownFileType = sourcecode.swift; path = NSPopUpButton.swift; sourceTree = "<group>"; };
		90C04D2F1E8F0B1D000077C8 /* NSProgressIndicator.swift */ = {isa = PBXFileReference; lastKnownFileType = sourcecode.swift; path = NSProgressIndicator.swift; sourceTree = "<group>"; };
		90C04D301E8F0B1D000077C8 /* NSSegmentedControl.swift */ = {isa = PBXFileReference; lastKnownFileType = sourcecode.swift; path = NSSegmentedControl.swift; sourceTree = "<group>"; };
		90C04D311E8F0B1D000077C8 /* NSSlider.swift */ = {isa = PBXFileReference; lastKnownFileType = sourcecode.swift; path = NSSlider.swift; sourceTree = "<group>"; };
		90C04D321E8F0B1D000077C8 /* NSStatusBarButton.swift */ = {isa = PBXFileReference; lastKnownFileType = sourcecode.swift; path = NSStatusBarButton.swift; sourceTree = "<group>"; };
		90C04D331E8F0B1D000077C8 /* NSTableView.swift */ = {isa = PBXFileReference; lastKnownFileType = sourcecode.swift; path = NSTableView.swift; sourceTree = "<group>"; };
		90C04D341E8F0B1D000077C8 /* NSTextField.swift */ = {isa = PBXFileReference; lastKnownFileType = sourcecode.swift; path = NSTextField.swift; sourceTree = "<group>"; };
		90C04D351E8F0B1D000077C8 /* NSTextView.swift */ = {isa = PBXFileReference; lastKnownFileType = sourcecode.swift; path = NSTextView.swift; sourceTree = "<group>"; };
		90C04D361E8F0B1D000077C8 /* NSView.swift */ = {isa = PBXFileReference; lastKnownFileType = sourcecode.swift; path = NSView.swift; sourceTree = "<group>"; };
		90C04D371E8F0B1D000077C8 /* Observable.swift */ = {isa = PBXFileReference; lastKnownFileType = sourcecode.swift; path = Observable.swift; sourceTree = "<group>"; };
		90C04D381E8F0B1D000077C8 /* Observable2DArray.swift */ = {isa = PBXFileReference; lastKnownFileType = sourcecode.swift; path = Observable2DArray.swift; sourceTree = "<group>"; };
		90C04D391E8F0B1D000077C8 /* ObservableArray.swift */ = {isa = PBXFileReference; lastKnownFileType = sourcecode.swift; path = ObservableArray.swift; sourceTree = "<group>"; };
		90C04D3A1E8F0B1D000077C8 /* ObservableDictionary.swift */ = {isa = PBXFileReference; lastKnownFileType = sourcecode.swift; path = ObservableDictionary.swift; sourceTree = "<group>"; };
		90C04D3B1E8F0B1D000077C8 /* ObservableSet.swift */ = {isa = PBXFileReference; lastKnownFileType = sourcecode.swift; path = ObservableSet.swift; sourceTree = "<group>"; };
		90C04D3C1E8F0B1D000077C8 /* ProtocolProxy.swift */ = {isa = PBXFileReference; lastKnownFileType = sourcecode.swift; path = ProtocolProxy.swift; sourceTree = "<group>"; };
		90C04D3D1E8F0B1D000077C8 /* QueryableDataSource.swift */ = {isa = PBXFileReference; lastKnownFileType = sourcecode.swift; path = QueryableDataSource.swift; sourceTree = "<group>"; };
		90C04D3E1E8F0B1D000077C8 /* SignalProtocol.swift */ = {isa = PBXFileReference; lastKnownFileType = sourcecode.swift; path = SignalProtocol.swift; sourceTree = "<group>"; };
		90C04D3F1E8F0B1D000077C8 /* UIActivityIndicatorView.swift */ = {isa = PBXFileReference; lastKnownFileType = sourcecode.swift; path = UIActivityIndicatorView.swift; sourceTree = "<group>"; };
		90C04D401E8F0B1D000077C8 /* UIApplication.swift */ = {isa = PBXFileReference; lastKnownFileType = sourcecode.swift; path = UIApplication.swift; sourceTree = "<group>"; };
		90C04D411E8F0B1D000077C8 /* UIBarButtonItem.swift */ = {isa = PBXFileReference; lastKnownFileType = sourcecode.swift; path = UIBarButtonItem.swift; sourceTree = "<group>"; };
		90C04D421E8F0B1D000077C8 /* UIBarItem.swift */ = {isa = PBXFileReference; lastKnownFileType = sourcecode.swift; path = UIBarItem.swift; sourceTree = "<group>"; };
		90C04D431E8F0B1D000077C8 /* UIButton.swift */ = {isa = PBXFileReference; lastKnownFileType = sourcecode.swift; path = UIButton.swift; sourceTree = "<group>"; };
		90C04D441E8F0B1D000077C8 /* UICollectionView.swift */ = {isa = PBXFileReference; lastKnownFileType = sourcecode.swift; path = UICollectionView.swift; sourceTree = "<group>"; };
		90C04D451E8F0B1D000077C8 /* UIControl.swift */ = {isa = PBXFileReference; lastKnownFileType = sourcecode.swift; path = UIControl.swift; sourceTree = "<group>"; };
		90C04D461E8F0B1D000077C8 /* UIDatePicker.swift */ = {isa = PBXFileReference; lastKnownFileType = sourcecode.swift; path = UIDatePicker.swift; sourceTree = "<group>"; };
		90C04D471E8F0B1D000077C8 /* UIGestureRecognizer.swift */ = {isa = PBXFileReference; lastKnownFileType = sourcecode.swift; path = UIGestureRecognizer.swift; sourceTree = "<group>"; };
		90C04D481E8F0B1D000077C8 /* UIImageView.swift */ = {isa = PBXFileReference; lastKnownFileType = sourcecode.swift; path = UIImageView.swift; sourceTree = "<group>"; };
		90C04D491E8F0B1D000077C8 /* UILabel.swift */ = {isa = PBXFileReference; lastKnownFileType = sourcecode.swift; path = UILabel.swift; sourceTree = "<group>"; };
		90C04D4A1E8F0B1D000077C8 /* UINavigationBar.swift */ = {isa = PBXFileReference; lastKnownFileType = sourcecode.swift; path = UINavigationBar.swift; sourceTree = "<group>"; };
		90C04D4B1E8F0B1D000077C8 /* UINavigationItem.swift */ = {isa = PBXFileReference; lastKnownFileType = sourcecode.swift; path = UINavigationItem.swift; sourceTree = "<group>"; };
		90C04D4C1E8F0B1D000077C8 /* UIProgressView.swift */ = {isa = PBXFileReference; lastKnownFileType = sourcecode.swift; path = UIProgressView.swift; sourceTree = "<group>"; };
		90C04D4D1E8F0B1D000077C8 /* UIRefreshControl.swift */ = {isa = PBXFileReference; lastKnownFileType = sourcecode.swift; path = UIRefreshControl.swift; sourceTree = "<group>"; };
		90C04D4E1E8F0B1D000077C8 /* UISegmentedControl.swift */ = {isa = PBXFileReference; lastKnownFileType = sourcecode.swift; path = UISegmentedControl.swift; sourceTree = "<group>"; };
		90C04D4F1E8F0B1D000077C8 /* UISlider.swift */ = {isa = PBXFileReference; lastKnownFileType = sourcecode.swift; path = UISlider.swift; sourceTree = "<group>"; };
		90C04D501E8F0B1D000077C8 /* UIStepper.swift */ = {isa = PBXFileReference; lastKnownFileType = sourcecode.swift; path = UIStepper.swift; sourceTree = "<group>"; };
		90C04D511E8F0B1D000077C8 /* UISwitch.swift */ = {isa = PBXFileReference; lastKnownFileType = sourcecode.swift; path = UISwitch.swift; sourceTree = "<group>"; };
		90C04D521E8F0B1D000077C8 /* UITableView.swift */ = {isa = PBXFileReference; lastKnownFileType = sourcecode.swift; path = UITableView.swift; sourceTree = "<group>"; };
		90C04D531E8F0B1D000077C8 /* UITextField.swift */ = {isa = PBXFileReference; lastKnownFileType = sourcecode.swift; path = UITextField.swift; sourceTree = "<group>"; };
		90C04D541E8F0B1D000077C8 /* UITextView.swift */ = {isa = PBXFileReference; lastKnownFileType = sourcecode.swift; path = UITextView.swift; sourceTree = "<group>"; };
		90C04D551E8F0B1D000077C8 /* UIView.swift */ = {isa = PBXFileReference; lastKnownFileType = sourcecode.swift; path = UIView.swift; sourceTree = "<group>"; };
		90C04DC71E8F0BA7000077C8 /* BondTests.swift */ = {isa = PBXFileReference; lastKnownFileType = sourcecode.swift; path = BondTests.swift; sourceTree = "<group>"; };
		90C04DC81E8F0BA7000077C8 /* DynamicSubjectTests.swift */ = {isa = PBXFileReference; lastKnownFileType = sourcecode.swift; path = DynamicSubjectTests.swift; sourceTree = "<group>"; };
		90C04DC91E8F0BA7000077C8 /* Helpers.swift */ = {isa = PBXFileReference; lastKnownFileType = sourcecode.swift; path = Helpers.swift; sourceTree = "<group>"; };
		90C04DCA1E8F0BA7000077C8 /* NSObjectTests.swift */ = {isa = PBXFileReference; lastKnownFileType = sourcecode.swift; path = NSObjectTests.swift; sourceTree = "<group>"; };
		90C04DCB1E8F0BA7000077C8 /* Observable2DArrayTests.swift */ = {isa = PBXFileReference; lastKnownFileType = sourcecode.swift; path = Observable2DArrayTests.swift; sourceTree = "<group>"; };
		90C04DCC1E8F0BA7000077C8 /* ObservableArrayTests.swift */ = {isa = PBXFileReference; lastKnownFileType = sourcecode.swift; path = ObservableArrayTests.swift; sourceTree = "<group>"; };
		90C04DCD1E8F0BA7000077C8 /* ObservableSetTests.swift */ = {isa = PBXFileReference; lastKnownFileType = sourcecode.swift; path = ObservableSetTests.swift; sourceTree = "<group>"; };
		90C04DCE1E8F0BA7000077C8 /* ProtocolProxyTests.swift */ = {isa = PBXFileReference; lastKnownFileType = sourcecode.swift; path = ProtocolProxyTests.swift; sourceTree = "<group>"; };
		90C04DCF1E8F0BA7000077C8 /* UICollectionViewTests.swift */ = {isa = PBXFileReference; lastKnownFileType = sourcecode.swift; path = UICollectionViewTests.swift; sourceTree = "<group>"; };
		90C04DD01E8F0BA7000077C8 /* UIKitTests.swift */ = {isa = PBXFileReference; lastKnownFileType = sourcecode.swift; path = UIKitTests.swift; sourceTree = "<group>"; };
		90C04DD11E8F0BA7000077C8 /* UITableViewTests.swift */ = {isa = PBXFileReference; lastKnownFileType = sourcecode.swift; path = UITableViewTests.swift; sourceTree = "<group>"; };
		EC0220091F8BE898002F8380 /* Property.swift */ = {isa = PBXFileReference; lastKnownFileType = sourcecode.swift; path = Property.swift; sourceTree = "<group>"; };
		EC378E961E13FFD100E2197D /* Package.swift */ = {isa = PBXFileReference; lastKnownFileType = sourcecode.swift; path = Package.swift; sourceTree = "<group>"; };
		EC86E9AE1E9145CC008563B2 /* UIAccessibilityIdentification.swift */ = {isa = PBXFileReference; fileEncoding = 4; lastKnownFileType = sourcecode.swift; path = UIAccessibilityIdentification.swift; sourceTree = "<group>"; };
		ECAFB8D3200A7E3900EE0669 /* BNDInvocation.swift */ = {isa = PBXFileReference; lastKnownFileType = sourcecode.swift; path = BNDInvocation.swift; sourceTree = "<group>"; };
		ECAFB8D8200B60AA00EE0669 /* ProtocolProxyController.swift */ = {isa = PBXFileReference; lastKnownFileType = sourcecode.swift; path = ProtocolProxyController.swift; sourceTree = "<group>"; };
		ECD5940B1D93F2E400C840C2 /* Cartfile */ = {isa = PBXFileReference; lastKnownFileType = text; path = Cartfile; sourceTree = "<group>"; };
		ECD5940C1D93F2ED00C840C2 /* Bond.podspec */ = {isa = PBXFileReference; lastKnownFileType = text; path = Bond.podspec; sourceTree = "<group>"; };
/* End PBXFileReference section */

/* Begin PBXFrameworksBuildPhase section */
		16210A381D3EC474004AEDF3 /* Frameworks */ = {
			isa = PBXFrameworksBuildPhase;
			buildActionMask = 2147483647;
			files = (
				904B87B91F6FFCE700FE0A24 /* Differ.framework in Frameworks */,
				165217961D70593E00C9FAEE /* ReactiveKit.framework in Frameworks */,
			);
			runOnlyForDeploymentPostprocessing = 0;
		};
		16210A421D3EC474004AEDF3 /* Frameworks */ = {
			isa = PBXFrameworksBuildPhase;
			buildActionMask = 2147483647;
			files = (
				16887E2E1D7444C900EDA099 /* ReactiveKit.framework in Frameworks */,
				16210A461D3EC474004AEDF3 /* Bond.framework in Frameworks */,
			);
			runOnlyForDeploymentPostprocessing = 0;
		};
		16887E341D744ABB00EDA099 /* Frameworks */ = {
			isa = PBXFrameworksBuildPhase;
			buildActionMask = 2147483647;
			files = (
				904B87D51F6FFE0300FE0A24 /* Bond.framework in Frameworks */,
				904B87D61F6FFE0300FE0A24 /* ReactiveKit.framework in Frameworks */,
				904B87D11F6FFDEE00FE0A24 /* Differ.framework in Frameworks */,
			);
			runOnlyForDeploymentPostprocessing = 0;
		};
		16D30EAA1D6591D300C2435D /* Frameworks */ = {
			isa = PBXFrameworksBuildPhase;
			buildActionMask = 2147483647;
			files = (
				904B87BC1F6FFCEB00FE0A24 /* Differ.framework in Frameworks */,
				165217991D70594D00C9FAEE /* ReactiveKit.framework in Frameworks */,
			);
			runOnlyForDeploymentPostprocessing = 0;
		};
		16D30ED21D65D11900C2435D /* Frameworks */ = {
			isa = PBXFrameworksBuildPhase;
			buildActionMask = 2147483647;
			files = (
				904B87BD1F6FFCEE00FE0A24 /* Differ.framework in Frameworks */,
				1652179C1D70595600C9FAEE /* ReactiveKit.framework in Frameworks */,
			);
			runOnlyForDeploymentPostprocessing = 0;
		};
/* End PBXFrameworksBuildPhase section */

/* Begin PBXGroup section */
		16210A321D3EC474004AEDF3 = {
			isa = PBXGroup;
			children = (
				ECD5940B1D93F2E400C840C2 /* Cartfile */,
				ECD5940C1D93F2ED00C840C2 /* Bond.podspec */,
				EC378E961E13FFD100E2197D /* Package.swift */,
				161D6D2D1D6F0D92004CA17D /* README.md */,
				90C04D011E8F0A97000077C8 /* Supporting Files */,
				16210A3E1D3EC474004AEDF3 /* Sources */,
				90C04DC51E8F0BA7000077C8 /* Tests */,
				16887E381D744ABB00EDA099 /* Bond-App */,
				16210A3D1D3EC474004AEDF3 /* Products */,
				90A3FAC21E0C8D8B0086A7F1 /* Differ.xcodeproj */,
				165217821D70591D00C9FAEE /* ReactiveKit.xcodeproj */,
				904B87B61F6FFCE700FE0A24 /* Frameworks */,
			);
			indentWidth = 4;
			sourceTree = "<group>";
			tabWidth = 4;
		};
		16210A3D1D3EC474004AEDF3 /* Products */ = {
			isa = PBXGroup;
			children = (
				16210A3C1D3EC474004AEDF3 /* Bond.framework */,
				16210A451D3EC474004AEDF3 /* BondTests.xctest */,
				16D30EAE1D6591D300C2435D /* Bond.framework */,
				16D30ED61D65D11900C2435D /* Bond.framework */,
				16887E371D744ABB00EDA099 /* Bond-App.app */,
			);
			name = Products;
			sourceTree = "<group>";
		};
		16210A3E1D3EC474004AEDF3 /* Sources */ = {
			isa = PBXGroup;
			children = (
				90C04D151E8F0B12000077C8 /* BNDProtocolProxyBase */,
				90C04D1F1E8F0B1D000077C8 /* Bond */,
			);
			path = Sources;
			sourceTree = "<group>";
		};
		165217831D70591D00C9FAEE /* Products */ = {
			isa = PBXGroup;
			children = (
				1652178B1D70591E00C9FAEE /* ReactiveKit.framework */,
				1652178D1D70591E00C9FAEE /* ReactiveKit.framework */,
				1652178F1D70591E00C9FAEE /* ReactiveKit.framework */,
				165217911D70591E00C9FAEE /* ReactiveKit.framework */,
				165217931D70591E00C9FAEE /* ReactiveKit-Tests.xctest */,
			);
			name = Products;
			sourceTree = "<group>";
		};
		16887E381D744ABB00EDA099 /* Bond-App */ = {
			isa = PBXGroup;
			children = (
				16887E391D744ABB00EDA099 /* AppDelegate.swift */,
				16887E421D744ABB00EDA099 /* LaunchScreen.storyboard */,
				16887E451D744ABB00EDA099 /* Info.plist */,
			);
			path = "Bond-App";
			sourceTree = "<group>";
		};
		904B87AC1F6FFCD300FE0A24 /* Products */ = {
			isa = PBXGroup;
			children = (
				904B87B11F6FFCD300FE0A24 /* Differ.framework */,
				904B87B31F6FFCD300FE0A24 /* DifferTests.xctest */,
			);
			name = Products;
			sourceTree = "<group>";
		};
		904B87B61F6FFCE700FE0A24 /* Frameworks */ = {
			isa = PBXGroup;
			children = (
			);
			name = Frameworks;
			sourceTree = "<group>";
		};
		90C04D011E8F0A97000077C8 /* Supporting Files */ = {
			isa = PBXGroup;
			children = (
				90C04D021E8F0A97000077C8 /* Bond-Info.plist */,
				90C04D031E8F0A97000077C8 /* Bond.h */,
				90C04D041E8F0A97000077C8 /* BondTests-Info.plist */,
			);
			path = "Supporting Files";
			sourceTree = "<group>";
		};
		90C04D151E8F0B12000077C8 /* BNDProtocolProxyBase */ = {
			isa = PBXGroup;
			children = (
				90C04D161E8F0B12000077C8 /* BNDProtocolProxyBase.m */,
				90C04D171E8F0B12000077C8 /* include */,
			);
			path = BNDProtocolProxyBase;
			sourceTree = "<group>";
		};
		90C04D171E8F0B12000077C8 /* include */ = {
			isa = PBXGroup;
			children = (
				90C04D181E8F0B12000077C8 /* BNDProtocolProxyBase.h */,
			);
			path = include;
			sourceTree = "<group>";
		};
		90C04D1F1E8F0B1D000077C8 /* Bond */ = {
			isa = PBXGroup;
			children = (
				90C04D201E8F0B1D000077C8 /* Bond.swift */,
				90C04D221E8F0B1D000077C8 /* DataSource.swift */,
				90C04D231E8F0B1D000077C8 /* DynamicSubject.swift */,
				90C04D371E8F0B1D000077C8 /* Observable.swift */,
				ECAFB8D3200A7E3900EE0669 /* BNDInvocation.swift */,
				90C04D3C1E8F0B1D000077C8 /* ProtocolProxy.swift */,
				ECAFB8D8200B60AA00EE0669 /* ProtocolProxyController.swift */,
				90C04D3D1E8F0B1D000077C8 /* QueryableDataSource.swift */,
				EC0220091F8BE898002F8380 /* Property.swift */,
				90C04D581E8F0B5E000077C8 /* AppKit */,
				90C04D561E8F0B31000077C8 /* Collections */,
				90C04D591E8F0B75000077C8 /* Shared */,
				90C04D571E8F0B4A000077C8 /* UIKit */,
			);
			path = Bond;
			sourceTree = "<group>";
		};
		90C04D561E8F0B31000077C8 /* Collections */ = {
			isa = PBXGroup;
			children = (
				90C04D381E8F0B1D000077C8 /* Observable2DArray.swift */,
				90C04D391E8F0B1D000077C8 /* ObservableArray.swift */,
				90C04D3A1E8F0B1D000077C8 /* ObservableDictionary.swift */,
				90C04D3B1E8F0B1D000077C8 /* ObservableSet.swift */,
			);
			path = Collections;
			sourceTree = "<group>";
		};
		90C04D571E8F0B4A000077C8 /* UIKit */ = {
			isa = PBXGroup;
			children = (
				90C04D3F1E8F0B1D000077C8 /* UIActivityIndicatorView.swift */,
				90C04D401E8F0B1D000077C8 /* UIApplication.swift */,
				90C04D411E8F0B1D000077C8 /* UIBarButtonItem.swift */,
				90C04D421E8F0B1D000077C8 /* UIBarItem.swift */,
				90C04D431E8F0B1D000077C8 /* UIButton.swift */,
				90C04D441E8F0B1D000077C8 /* UICollectionView.swift */,
				90C04D451E8F0B1D000077C8 /* UIControl.swift */,
				90C04D461E8F0B1D000077C8 /* UIDatePicker.swift */,
				90C04D471E8F0B1D000077C8 /* UIGestureRecognizer.swift */,
				90C04D481E8F0B1D000077C8 /* UIImageView.swift */,
				90C04D491E8F0B1D000077C8 /* UILabel.swift */,
				EC86E9AE1E9145CC008563B2 /* UIAccessibilityIdentification.swift */,
				90C04D4A1E8F0B1D000077C8 /* UINavigationBar.swift */,
				90C04D4B1E8F0B1D000077C8 /* UINavigationItem.swift */,
				90C04D4C1E8F0B1D000077C8 /* UIProgressView.swift */,
				90C04D4D1E8F0B1D000077C8 /* UIRefreshControl.swift */,
				90C04D4E1E8F0B1D000077C8 /* UISegmentedControl.swift */,
				90C04D4F1E8F0B1D000077C8 /* UISlider.swift */,
				90C04D501E8F0B1D000077C8 /* UIStepper.swift */,
				90C04D511E8F0B1D000077C8 /* UISwitch.swift */,
				90C04D521E8F0B1D000077C8 /* UITableView.swift */,
				90C04D531E8F0B1D000077C8 /* UITextField.swift */,
				90C04D541E8F0B1D000077C8 /* UITextView.swift */,
				75CA9E9120678E600011E5BB /* UISearchBar.swift */,
				90C04D551E8F0B1D000077C8 /* UIView.swift */,
			);
			path = UIKit;
			sourceTree = "<group>";
		};
		90C04D581E8F0B5E000077C8 /* AppKit */ = {
			isa = PBXGroup;
			children = (
				90C04D251E8F0B1D000077C8 /* NSAppearanceCustomization.swift */,
				90C04D261E8F0B1D000077C8 /* NSButton.swift */,
				90C04D271E8F0B1D000077C8 /* NSColorWell.swift */,
				90C04D281E8F0B1D000077C8 /* NSControl.swift */,
				90C04D291E8F0B1D000077C8 /* NSImageView.swift */,
				90C04D2B1E8F0B1D000077C8 /* NSMenuItem.swift */,
				90C04D2E1E8F0B1D000077C8 /* NSPopUpButton.swift */,
				90C04D2F1E8F0B1D000077C8 /* NSProgressIndicator.swift */,
				90C04D301E8F0B1D000077C8 /* NSSegmentedControl.swift */,
				90C04D311E8F0B1D000077C8 /* NSSlider.swift */,
				90C04D321E8F0B1D000077C8 /* NSStatusBarButton.swift */,
				90C04D331E8F0B1D000077C8 /* NSTableView.swift */,
				90C04D341E8F0B1D000077C8 /* NSTextField.swift */,
				90C04D351E8F0B1D000077C8 /* NSTextView.swift */,
				90C04D361E8F0B1D000077C8 /* NSView.swift */,
			);
			path = AppKit;
			sourceTree = "<group>";
		};
		90C04D591E8F0B75000077C8 /* Shared */ = {
			isa = PBXGroup;
			children = (
				90C04D211E8F0B1D000077C8 /* CALayer.swift */,
				90C04D241E8F0B1D000077C8 /* NotificationCenter.swift */,
				90C04D2A1E8F0B1D000077C8 /* NSLayoutConstraint.swift */,
				90C04D2D1E8F0B1D000077C8 /* NSObject.swift */,
				90C04D2C1E8F0B1D000077C8 /* NSObject+KVO.swift */,
				90C04D3E1E8F0B1D000077C8 /* SignalProtocol.swift */,
			);
			path = Shared;
			sourceTree = "<group>";
		};
		90C04DC51E8F0BA7000077C8 /* Tests */ = {
			isa = PBXGroup;
			children = (
				90C04DC61E8F0BA7000077C8 /* BondTests */,
			);
			path = Tests;
			sourceTree = "<group>";
		};
		90C04DC61E8F0BA7000077C8 /* BondTests */ = {
			isa = PBXGroup;
			children = (
				90C04DC71E8F0BA7000077C8 /* BondTests.swift */,
				90C04DC81E8F0BA7000077C8 /* DynamicSubjectTests.swift */,
				90C04DC91E8F0BA7000077C8 /* Helpers.swift */,
				90C04DCA1E8F0BA7000077C8 /* NSObjectTests.swift */,
				90C04DCB1E8F0BA7000077C8 /* Observable2DArrayTests.swift */,
				90C04DCC1E8F0BA7000077C8 /* ObservableArrayTests.swift */,
				90C04DCD1E8F0BA7000077C8 /* ObservableSetTests.swift */,
				90C04DCE1E8F0BA7000077C8 /* ProtocolProxyTests.swift */,
				90C04DCF1E8F0BA7000077C8 /* UICollectionViewTests.swift */,
				90C04DD01E8F0BA7000077C8 /* UIKitTests.swift */,
				90C04DD11E8F0BA7000077C8 /* UITableViewTests.swift */,
			);
			path = BondTests;
			sourceTree = "<group>";
		};
/* End PBXGroup section */

/* Begin PBXHeadersBuildPhase section */
		16210A391D3EC474004AEDF3 /* Headers */ = {
			isa = PBXHeadersBuildPhase;
			buildActionMask = 2147483647;
			files = (
				90C04D081E8F0AD4000077C8 /* Bond.h in Headers */,
				EC893EC41F07A164007981EC /* BNDProtocolProxyBase.h in Headers */,
			);
			runOnlyForDeploymentPostprocessing = 0;
		};
		16D30EAB1D6591D300C2435D /* Headers */ = {
			isa = PBXHeadersBuildPhase;
			buildActionMask = 2147483647;
			files = (
				90C04D091E8F0AD5000077C8 /* Bond.h in Headers */,
				EC893EC51F07A164007981EC /* BNDProtocolProxyBase.h in Headers */,
			);
			runOnlyForDeploymentPostprocessing = 0;
		};
		16D30ED31D65D11900C2435D /* Headers */ = {
			isa = PBXHeadersBuildPhase;
			buildActionMask = 2147483647;
			files = (
				90C04D0A1E8F0AD5000077C8 /* Bond.h in Headers */,
				EC893EC61F07A164007981EC /* BNDProtocolProxyBase.h in Headers */,
			);
			runOnlyForDeploymentPostprocessing = 0;
		};
/* End PBXHeadersBuildPhase section */

/* Begin PBXNativeTarget section */
		16210A3B1D3EC474004AEDF3 /* Bond-iOS */ = {
			isa = PBXNativeTarget;
			buildConfigurationList = 16210A501D3EC474004AEDF3 /* Build configuration list for PBXNativeTarget "Bond-iOS" */;
			buildPhases = (
				16210A371D3EC474004AEDF3 /* Sources */,
				16210A381D3EC474004AEDF3 /* Frameworks */,
				16210A391D3EC474004AEDF3 /* Headers */,
			);
			buildRules = (
			);
			dependencies = (
				165217951D70593600C9FAEE /* PBXTargetDependency */,
			);
			name = "Bond-iOS";
			productName = Bond;
			productReference = 16210A3C1D3EC474004AEDF3 /* Bond.framework */;
			productType = "com.apple.product-type.framework";
		};
		16210A441D3EC474004AEDF3 /* BondTests */ = {
			isa = PBXNativeTarget;
			buildConfigurationList = 16210A531D3EC474004AEDF3 /* Build configuration list for PBXNativeTarget "BondTests" */;
			buildPhases = (
				16210A411D3EC474004AEDF3 /* Sources */,
				16210A421D3EC474004AEDF3 /* Frameworks */,
				16210A431D3EC474004AEDF3 /* Resources */,
			);
			buildRules = (
			);
			dependencies = (
				16887E2B1D7444C500EDA099 /* PBXTargetDependency */,
				16210A481D3EC474004AEDF3 /* PBXTargetDependency */,
				16887E4A1D744B2900EDA099 /* PBXTargetDependency */,
			);
			name = BondTests;
			productName = BondTests;
			productReference = 16210A451D3EC474004AEDF3 /* BondTests.xctest */;
			productType = "com.apple.product-type.bundle.unit-test";
		};
		16887E361D744ABB00EDA099 /* Bond-App */ = {
			isa = PBXNativeTarget;
			buildConfigurationList = 16887E461D744ABB00EDA099 /* Build configuration list for PBXNativeTarget "Bond-App" */;
			buildPhases = (
				16887E331D744ABB00EDA099 /* Sources */,
				16887E341D744ABB00EDA099 /* Frameworks */,
				16887E351D744ABB00EDA099 /* Resources */,
			);
			buildRules = (
			);
			dependencies = (
			);
			name = "Bond-App";
			productName = "Bond-App";
			productReference = 16887E371D744ABB00EDA099 /* Bond-App.app */;
			productType = "com.apple.product-type.application";
		};
		16D30EAD1D6591D300C2435D /* Bond-macOS */ = {
			isa = PBXNativeTarget;
			buildConfigurationList = 16D30EB31D6591D300C2435D /* Build configuration list for PBXNativeTarget "Bond-macOS" */;
			buildPhases = (
				16D30EA91D6591D300C2435D /* Sources */,
				16D30EAA1D6591D300C2435D /* Frameworks */,
				16D30EAB1D6591D300C2435D /* Headers */,
			);
			buildRules = (
			);
			dependencies = (
				165217981D70594900C9FAEE /* PBXTargetDependency */,
			);
			name = "Bond-macOS";
			productName = "Bond-macOS";
			productReference = 16D30EAE1D6591D300C2435D /* Bond.framework */;
			productType = "com.apple.product-type.framework";
		};
		16D30ED51D65D11900C2435D /* Bond-tvOS */ = {
			isa = PBXNativeTarget;
			buildConfigurationList = 16D30EDB1D65D11900C2435D /* Build configuration list for PBXNativeTarget "Bond-tvOS" */;
			buildPhases = (
				16D30ED11D65D11900C2435D /* Sources */,
				16D30ED21D65D11900C2435D /* Frameworks */,
				16D30ED31D65D11900C2435D /* Headers */,
			);
			buildRules = (
			);
			dependencies = (
				1652179B1D70595300C9FAEE /* PBXTargetDependency */,
			);
			name = "Bond-tvOS";
			productName = "Bond-tvOS";
			productReference = 16D30ED61D65D11900C2435D /* Bond.framework */;
			productType = "com.apple.product-type.framework";
		};
/* End PBXNativeTarget section */

/* Begin PBXProject section */
		16210A331D3EC474004AEDF3 /* Project object */ = {
			isa = PBXProject;
			attributes = {
				LastSwiftUpdateCheck = 0800;
				LastUpgradeCheck = 0900;
				ORGANIZATIONNAME = "Swift Bond";
				TargetAttributes = {
					16210A3B1D3EC474004AEDF3 = {
						CreatedOnToolsVersion = 8.0;
						LastSwiftMigration = 0900;
						ProvisioningStyle = Automatic;
					};
					16210A441D3EC474004AEDF3 = {
						CreatedOnToolsVersion = 8.0;
						LastSwiftMigration = 0900;
						ProvisioningStyle = Automatic;
						TestTargetID = 16887E361D744ABB00EDA099;
					};
					16887E361D744ABB00EDA099 = {
						CreatedOnToolsVersion = 8.0;
						LastSwiftMigration = 0900;
						ProvisioningStyle = Automatic;
					};
					16D30EAD1D6591D300C2435D = {
						CreatedOnToolsVersion = 8.0;
						LastSwiftMigration = 0800;
						ProvisioningStyle = Automatic;
					};
					16D30ED51D65D11900C2435D = {
						CreatedOnToolsVersion = 8.0;
						LastSwiftMigration = 0800;
						ProvisioningStyle = Automatic;
					};
				};
			};
			buildConfigurationList = 16210A361D3EC474004AEDF3 /* Build configuration list for PBXProject "Bond" */;
			compatibilityVersion = "Xcode 3.2";
			developmentRegion = English;
			hasScannedForEncodings = 0;
			knownRegions = (
				en,
				Base,
			);
			mainGroup = 16210A321D3EC474004AEDF3;
			productRefGroup = 16210A3D1D3EC474004AEDF3 /* Products */;
			projectDirPath = "";
			projectReferences = (
				{
					ProductGroup = 904B87AC1F6FFCD300FE0A24 /* Products */;
					ProjectRef = 90A3FAC21E0C8D8B0086A7F1 /* Differ.xcodeproj */;
				},
				{
					ProductGroup = 165217831D70591D00C9FAEE /* Products */;
					ProjectRef = 165217821D70591D00C9FAEE /* ReactiveKit.xcodeproj */;
				},
			);
			projectRoot = "";
			targets = (
				16210A3B1D3EC474004AEDF3 /* Bond-iOS */,
				16D30EAD1D6591D300C2435D /* Bond-macOS */,
				16D30ED51D65D11900C2435D /* Bond-tvOS */,
				16210A441D3EC474004AEDF3 /* BondTests */,
				16887E361D744ABB00EDA099 /* Bond-App */,
			);
		};
/* End PBXProject section */

/* Begin PBXReferenceProxy section */
		1652178B1D70591E00C9FAEE /* ReactiveKit.framework */ = {
			isa = PBXReferenceProxy;
			fileType = wrapper.framework;
			path = ReactiveKit.framework;
			remoteRef = 1652178A1D70591E00C9FAEE /* PBXContainerItemProxy */;
			sourceTree = BUILT_PRODUCTS_DIR;
		};
		1652178D1D70591E00C9FAEE /* ReactiveKit.framework */ = {
			isa = PBXReferenceProxy;
			fileType = wrapper.framework;
			path = ReactiveKit.framework;
			remoteRef = 1652178C1D70591E00C9FAEE /* PBXContainerItemProxy */;
			sourceTree = BUILT_PRODUCTS_DIR;
		};
		1652178F1D70591E00C9FAEE /* ReactiveKit.framework */ = {
			isa = PBXReferenceProxy;
			fileType = wrapper.framework;
			path = ReactiveKit.framework;
			remoteRef = 1652178E1D70591E00C9FAEE /* PBXContainerItemProxy */;
			sourceTree = BUILT_PRODUCTS_DIR;
		};
		165217911D70591E00C9FAEE /* ReactiveKit.framework */ = {
			isa = PBXReferenceProxy;
			fileType = wrapper.framework;
			path = ReactiveKit.framework;
			remoteRef = 165217901D70591E00C9FAEE /* PBXContainerItemProxy */;
			sourceTree = BUILT_PRODUCTS_DIR;
		};
		165217931D70591E00C9FAEE /* ReactiveKit-Tests.xctest */ = {
			isa = PBXReferenceProxy;
			fileType = wrapper.cfbundle;
			path = "ReactiveKit-Tests.xctest";
			remoteRef = 165217921D70591E00C9FAEE /* PBXContainerItemProxy */;
			sourceTree = BUILT_PRODUCTS_DIR;
		};
		904B87B11F6FFCD300FE0A24 /* Differ.framework */ = {
			isa = PBXReferenceProxy;
			fileType = wrapper.framework;
			path = Differ.framework;
			remoteRef = 904B87B01F6FFCD300FE0A24 /* PBXContainerItemProxy */;
			sourceTree = BUILT_PRODUCTS_DIR;
		};
		904B87B31F6FFCD300FE0A24 /* DifferTests.xctest */ = {
			isa = PBXReferenceProxy;
			fileType = wrapper.cfbundle;
			path = DifferTests.xctest;
			remoteRef = 904B87B21F6FFCD300FE0A24 /* PBXContainerItemProxy */;
			sourceTree = BUILT_PRODUCTS_DIR;
		};
/* End PBXReferenceProxy section */

/* Begin PBXResourcesBuildPhase section */
		16210A431D3EC474004AEDF3 /* Resources */ = {
			isa = PBXResourcesBuildPhase;
			buildActionMask = 2147483647;
			files = (
			);
			runOnlyForDeploymentPostprocessing = 0;
		};
		16887E351D744ABB00EDA099 /* Resources */ = {
			isa = PBXResourcesBuildPhase;
			buildActionMask = 2147483647;
			files = (
				16887E441D744ABB00EDA099 /* LaunchScreen.storyboard in Resources */,
			);
			runOnlyForDeploymentPostprocessing = 0;
		};
/* End PBXResourcesBuildPhase section */

/* Begin PBXSourcesBuildPhase section */
		16210A371D3EC474004AEDF3 /* Sources */ = {
			isa = PBXSourcesBuildPhase;
			buildActionMask = 2147483647;
			files = (
				90A4437A1E91390000D611FE /* BNDProtocolProxyBase.m in Sources */,
				90A4430F1E9055D100D611FE /* NSSlider.swift in Sources */,
				90C04DAF1E8F0B97000077C8 /* UIApplication.swift in Sources */,
				90C04D721E8F0B89000077C8 /* DynamicSubject.swift in Sources */,
				90C04D791E8F0B89000077C8 /* NSObject.swift in Sources */,
				90C04D761E8F0B89000077C8 /* CALayer.swift in Sources */,
				90C04DB81E8F0B97000077C8 /* UILabel.swift in Sources */,
				90C04DC11E8F0B97000077C8 /* UITableView.swift in Sources */,
				90A443141E9055D200D611FE /* NSView.swift in Sources */,
				90C04DB41E8F0B97000077C8 /* UIControl.swift in Sources */,
				90C04DC01E8F0B97000077C8 /* UISwitch.swift in Sources */,
				90C04D731E8F0B89000077C8 /* Observable.swift in Sources */,
				90A443101E9055D100D611FE /* NSStatusBarButton.swift in Sources */,
				90C04D941E8F0B92000077C8 /* ObservableArray.swift in Sources */,
				90C04D741E8F0B89000077C8 /* ProtocolProxy.swift in Sources */,
				90C04DAE1E8F0B97000077C8 /* UIActivityIndicatorView.swift in Sources */,
				90C04DB11E8F0B97000077C8 /* UIBarItem.swift in Sources */,
				90C04DC41E8F0B97000077C8 /* UIView.swift in Sources */,
				EC86E9AF1E9145CC008563B2 /* UIAccessibilityIdentification.swift in Sources */,
				90A4430D1E9055D100D611FE /* NSProgressIndicator.swift in Sources */,
				90C04DB91E8F0B97000077C8 /* UINavigationBar.swift in Sources */,
				EC02200A1F8BE898002F8380 /* Property.swift in Sources */,
				90C04DBE1E8F0B97000077C8 /* UISlider.swift in Sources */,
				90C04DBC1E8F0B97000077C8 /* UIRefreshControl.swift in Sources */,
				90C04D711E8F0B89000077C8 /* DataSource.swift in Sources */,
				90C04DBD1E8F0B97000077C8 /* UISegmentedControl.swift in Sources */,
				90A443071E9055D100D611FE /* NSButton.swift in Sources */,
				90C04D701E8F0B89000077C8 /* Bond.swift in Sources */,
				90A443061E9055D100D611FE /* NSAppearanceCustomization.swift in Sources */,
				75CA9E9220678E600011E5BB /* UISearchBar.swift in Sources */,
				90C04DC31E8F0B97000077C8 /* UITextView.swift in Sources */,
				90A443131E9055D200D611FE /* NSTextView.swift in Sources */,
				90C04DB21E8F0B97000077C8 /* UIButton.swift in Sources */,
				070FE2741F0138180031B7BD /* NSLayoutConstraint.swift in Sources */,
				90C04DB61E8F0B97000077C8 /* UIGestureRecognizer.swift in Sources */,
				90A4430B1E9055D100D611FE /* NSMenuItem.swift in Sources */,
				90C04DB01E8F0B97000077C8 /* UIBarButtonItem.swift in Sources */,
				90A443091E9055D100D611FE /* NSControl.swift in Sources */,
				90C04D7A1E8F0B89000077C8 /* SignalProtocol.swift in Sources */,
				90C04DBA1E8F0B97000077C8 /* UINavigationItem.swift in Sources */,
				ECAFB8D9200B60AA00EE0669 /* ProtocolProxyController.swift in Sources */,
				90C04DB71E8F0B97000077C8 /* UIImageView.swift in Sources */,
				90C04DBF1E8F0B97000077C8 /* UIStepper.swift in Sources */,
				90A4430E1E9055D100D611FE /* NSSegmentedControl.swift in Sources */,
				90A4430A1E9055D100D611FE /* NSImageView.swift in Sources */,
				90A4430C1E9055D100D611FE /* NSPopUpButton.swift in Sources */,
				ECAFB8D4200A7E3900EE0669 /* BNDInvocation.swift in Sources */,
				90A443121E9055D100D611FE /* NSTextField.swift in Sources */,
				90C04DC21E8F0B97000077C8 /* UITextField.swift in Sources */,
				90C04DB51E8F0B97000077C8 /* UIDatePicker.swift in Sources */,
				90C04D951E8F0B92000077C8 /* ObservableDictionary.swift in Sources */,
				90C04D931E8F0B92000077C8 /* Observable2DArray.swift in Sources */,
				90A443111E9055D100D611FE /* NSTableView.swift in Sources */,
				90C04D751E8F0B89000077C8 /* QueryableDataSource.swift in Sources */,
				90C04D771E8F0B89000077C8 /* NotificationCenter.swift in Sources */,
				90C04D781E8F0B89000077C8 /* NSObject+KVO.swift in Sources */,
				90A443081E9055D100D611FE /* NSColorWell.swift in Sources */,
				90C04DBB1E8F0B97000077C8 /* UIProgressView.swift in Sources */,
				90C04DB31E8F0B97000077C8 /* UICollectionView.swift in Sources */,
				90C04D961E8F0B92000077C8 /* ObservableSet.swift in Sources */,
			);
			runOnlyForDeploymentPostprocessing = 0;
		};
		16210A411D3EC474004AEDF3 /* Sources */ = {
			isa = PBXSourcesBuildPhase;
			buildActionMask = 2147483647;
			files = (
				90C04DDC1E8F0BAF000077C8 /* UITableViewTests.swift in Sources */,
				90C04DD31E8F0BAF000077C8 /* DynamicSubjectTests.swift in Sources */,
				90C04DD51E8F0BAF000077C8 /* NSObjectTests.swift in Sources */,
				90C04DDB1E8F0BAF000077C8 /* UIKitTests.swift in Sources */,
				90C04DD91E8F0BAF000077C8 /* ProtocolProxyTests.swift in Sources */,
				90C04DD41E8F0BAF000077C8 /* Helpers.swift in Sources */,
				90C04DD21E8F0BAF000077C8 /* BondTests.swift in Sources */,
				90C04DDA1E8F0BAF000077C8 /* UICollectionViewTests.swift in Sources */,
				90C04DD71E8F0BAF000077C8 /* ObservableArrayTests.swift in Sources */,
				90C04DD61E8F0BAF000077C8 /* Observable2DArrayTests.swift in Sources */,
				90C04DD81E8F0BAF000077C8 /* ObservableSetTests.swift in Sources */,
			);
			runOnlyForDeploymentPostprocessing = 0;
		};
		16887E331D744ABB00EDA099 /* Sources */ = {
			isa = PBXSourcesBuildPhase;
			buildActionMask = 2147483647;
			files = (
				16887E3A1D744ABB00EDA099 /* AppDelegate.swift in Sources */,
			);
			runOnlyForDeploymentPostprocessing = 0;
		};
		16D30EA91D6591D300C2435D /* Sources */ = {
			isa = PBXSourcesBuildPhase;
			buildActionMask = 2147483647;
			files = (
				90A4437D1E91391B00D611FE /* BNDProtocolProxyBase.m in Sources */,
				90A443361E9055D800D611FE /* UISwitch.swift in Sources */,
				90A443271E9055D800D611FE /* UIBarItem.swift in Sources */,
				90C04D861E8F0B8D000077C8 /* NSStatusBarButton.swift in Sources */,
				90C04D811E8F0B8D000077C8 /* NSMenuItem.swift in Sources */,
				90C04D891E8F0B8D000077C8 /* NSTextView.swift in Sources */,
				90C04D841E8F0B8D000077C8 /* NSSegmentedControl.swift in Sources */,
				90C04D671E8F0B89000077C8 /* DynamicSubject.swift in Sources */,
				90C04D6E1E8F0B89000077C8 /* NSObject.swift in Sources */,
				90C04D7B1E8F0B8D000077C8 /* NSAppearanceCustomization.swift in Sources */,
				90A4432C1E9055D800D611FE /* UIGestureRecognizer.swift in Sources */,
				90C04D8A1E8F0B8D000077C8 /* NSView.swift in Sources */,
				90C04D6B1E8F0B89000077C8 /* CALayer.swift in Sources */,
				90A443311E9055D800D611FE /* UIProgressView.swift in Sources */,
				9025DCAB1F981693007B7689 /* Property.swift in Sources */,
				90A4432E1E9055D800D611FE /* UILabel.swift in Sources */,
				90C04D681E8F0B89000077C8 /* Observable.swift in Sources */,
				90A443331E9055D800D611FE /* UISegmentedControl.swift in Sources */,
				90C04D851E8F0B8D000077C8 /* NSSlider.swift in Sources */,
				90A443261E9055D800D611FE /* UIBarButtonItem.swift in Sources */,
				90C04D871E8F0B8D000077C8 /* NSTableView.swift in Sources */,
				90C04D691E8F0B89000077C8 /* ProtocolProxy.swift in Sources */,
				90A4432D1E9055D800D611FE /* UIImageView.swift in Sources */,
				90C04D7C1E8F0B8D000077C8 /* NSButton.swift in Sources */,
				90A443381E9055D800D611FE /* UITextField.swift in Sources */,
				90C04D881E8F0B8D000077C8 /* NSTextField.swift in Sources */,
				90A4432A1E9055D800D611FE /* UIControl.swift in Sources */,
				90C04D661E8F0B89000077C8 /* DataSource.swift in Sources */,
				90A443291E9055D800D611FE /* UICollectionView.swift in Sources */,
				90C04D651E8F0B89000077C8 /* Bond.swift in Sources */,
				90C04D6F1E8F0B89000077C8 /* SignalProtocol.swift in Sources */,
				90C04D901E8F0B91000077C8 /* ObservableArray.swift in Sources */,
				90C04D6A1E8F0B89000077C8 /* QueryableDataSource.swift in Sources */,
				90A443391E9055D800D611FE /* UITextView.swift in Sources */,
				90C04D7F1E8F0B8D000077C8 /* NSImageView.swift in Sources */,
				90C04D7D1E8F0B8D000077C8 /* NSColorWell.swift in Sources */,
				90A443321E9055D800D611FE /* UIRefreshControl.swift in Sources */,
				90A4433A1E9055D800D611FE /* UIView.swift in Sources */,
				90C04D801E8F0B8D000077C8 /* NSLayoutConstraint.swift in Sources */,
				ECAFB8DA200B60AA00EE0669 /* ProtocolProxyController.swift in Sources */,
				90A443351E9055D800D611FE /* UIStepper.swift in Sources */,
				90A443301E9055D800D611FE /* UINavigationItem.swift in Sources */,
				90C04D821E8F0B8D000077C8 /* NSPopUpButton.swift in Sources */,
				90A4432F1E9055D800D611FE /* UINavigationBar.swift in Sources */,
				90C04D7E1E8F0B8D000077C8 /* NSControl.swift in Sources */,
				ECAFB8D5200A7E3900EE0669 /* BNDInvocation.swift in Sources */,
				90C04D911E8F0B91000077C8 /* ObservableDictionary.swift in Sources */,
				90C04D831E8F0B8D000077C8 /* NSProgressIndicator.swift in Sources */,
				90C04D6C1E8F0B89000077C8 /* NotificationCenter.swift in Sources */,
				90A443251E9055D800D611FE /* UIApplication.swift in Sources */,
				90C04D6D1E8F0B89000077C8 /* NSObject+KVO.swift in Sources */,
				90C04D8F1E8F0B91000077C8 /* Observable2DArray.swift in Sources */,
				90A443241E9055D800D611FE /* UIActivityIndicatorView.swift in Sources */,
				90C04D921E8F0B91000077C8 /* ObservableSet.swift in Sources */,
				90A443281E9055D800D611FE /* UIButton.swift in Sources */,
				90A443371E9055D800D611FE /* UITableView.swift in Sources */,
				90A443341E9055D800D611FE /* UISlider.swift in Sources */,
				9025DCB11F9816A7007B7689 /* UIAccessibilityIdentification.swift in Sources */,
				90A4432B1E9055D800D611FE /* UIDatePicker.swift in Sources */,
			);
			runOnlyForDeploymentPostprocessing = 0;
		};
		16D30ED11D65D11900C2435D /* Sources */ = {
			isa = PBXSourcesBuildPhase;
			buildActionMask = 2147483647;
			files = (
				90A4437E1E91391D00D611FE /* BNDProtocolProxyBase.m in Sources */,
				90A4431E1E9055D200D611FE /* NSSlider.swift in Sources */,
				ECAFB8D6200A7E3900EE0669 /* BNDInvocation.swift in Sources */,
				90C04D981E8F0B96000077C8 /* UIApplication.swift in Sources */,
				90C04D5C1E8F0B88000077C8 /* DynamicSubject.swift in Sources */,
				90C04D631E8F0B88000077C8 /* NSObject.swift in Sources */,
				90C04D601E8F0B88000077C8 /* CALayer.swift in Sources */,
				90C04DA11E8F0B96000077C8 /* UILabel.swift in Sources */,
				90C04DAA1E8F0B96000077C8 /* UITableView.swift in Sources */,
				90A443231E9055D200D611FE /* NSView.swift in Sources */,
				90C04D9D1E8F0B96000077C8 /* UIControl.swift in Sources */,
				90C04DA91E8F0B96000077C8 /* UISwitch.swift in Sources */,
				90C04D5D1E8F0B88000077C8 /* Observable.swift in Sources */,
				90A4431F1E9055D200D611FE /* NSStatusBarButton.swift in Sources */,
				90C04D8C1E8F0B91000077C8 /* ObservableArray.swift in Sources */,
				90C04D5E1E8F0B88000077C8 /* ProtocolProxy.swift in Sources */,
				90C04D971E8F0B96000077C8 /* UIActivityIndicatorView.swift in Sources */,
				90C04D9A1E8F0B96000077C8 /* UIBarItem.swift in Sources */,
				90C04DAD1E8F0B96000077C8 /* UIView.swift in Sources */,
				EC86E9B01E9145CC008563B2 /* UIAccessibilityIdentification.swift in Sources */,
				90A4431C1E9055D200D611FE /* NSProgressIndicator.swift in Sources */,
				90C04DA21E8F0B96000077C8 /* UINavigationBar.swift in Sources */,
				9025DCB01F981694007B7689 /* Property.swift in Sources */,
				90C04DA71E8F0B96000077C8 /* UISlider.swift in Sources */,
				90C04DA51E8F0B96000077C8 /* UIRefreshControl.swift in Sources */,
				90C04D5B1E8F0B88000077C8 /* DataSource.swift in Sources */,
				90C04DA61E8F0B96000077C8 /* UISegmentedControl.swift in Sources */,
				90A443161E9055D200D611FE /* NSButton.swift in Sources */,
				90C04D5A1E8F0B88000077C8 /* Bond.swift in Sources */,
				90A443151E9055D200D611FE /* NSAppearanceCustomization.swift in Sources */,
				90C04DAC1E8F0B96000077C8 /* UITextView.swift in Sources */,
				90A443221E9055D200D611FE /* NSTextView.swift in Sources */,
				90C04D9B1E8F0B96000077C8 /* UIButton.swift in Sources */,
				070FE2781F0138190031B7BD /* NSLayoutConstraint.swift in Sources */,
				90C04D9F1E8F0B96000077C8 /* UIGestureRecognizer.swift in Sources */,
				90A4431A1E9055D200D611FE /* NSMenuItem.swift in Sources */,
				90C04D991E8F0B96000077C8 /* UIBarButtonItem.swift in Sources */,
				90A443181E9055D200D611FE /* NSControl.swift in Sources */,
				90C04D641E8F0B88000077C8 /* SignalProtocol.swift in Sources */,
				90C04DA31E8F0B96000077C8 /* UINavigationItem.swift in Sources */,
				ECAFB8DB200B60AA00EE0669 /* ProtocolProxyController.swift in Sources */,
				90C04DA01E8F0B96000077C8 /* UIImageView.swift in Sources */,
				90C04DA81E8F0B96000077C8 /* UIStepper.swift in Sources */,
				90A4431D1E9055D200D611FE /* NSSegmentedControl.swift in Sources */,
				90A443191E9055D200D611FE /* NSImageView.swift in Sources */,
				90A4431B1E9055D200D611FE /* NSPopUpButton.swift in Sources */,
				90A443211E9055D200D611FE /* NSTextField.swift in Sources */,
				90C04DAB1E8F0B96000077C8 /* UITextField.swift in Sources */,
				90C04D9E1E8F0B96000077C8 /* UIDatePicker.swift in Sources */,
				90C04D8D1E8F0B91000077C8 /* ObservableDictionary.swift in Sources */,
				90C04D8B1E8F0B91000077C8 /* Observable2DArray.swift in Sources */,
				90A443201E9055D200D611FE /* NSTableView.swift in Sources */,
				90C04D5F1E8F0B88000077C8 /* QueryableDataSource.swift in Sources */,
				90C04D611E8F0B88000077C8 /* NotificationCenter.swift in Sources */,
				90C04D621E8F0B88000077C8 /* NSObject+KVO.swift in Sources */,
				90A443171E9055D200D611FE /* NSColorWell.swift in Sources */,
				90C04DA41E8F0B96000077C8 /* UIProgressView.swift in Sources */,
				90C04D9C1E8F0B96000077C8 /* UICollectionView.swift in Sources */,
				90C04D8E1E8F0B91000077C8 /* ObservableSet.swift in Sources */,
			);
			runOnlyForDeploymentPostprocessing = 0;
		};
/* End PBXSourcesBuildPhase section */

/* Begin PBXTargetDependency section */
		16210A481D3EC474004AEDF3 /* PBXTargetDependency */ = {
			isa = PBXTargetDependency;
			target = 16210A3B1D3EC474004AEDF3 /* Bond-iOS */;
			targetProxy = 16210A471D3EC474004AEDF3 /* PBXContainerItemProxy */;
		};
		165217951D70593600C9FAEE /* PBXTargetDependency */ = {
			isa = PBXTargetDependency;
			name = "ReactiveKit-iOS";
			targetProxy = 165217941D70593600C9FAEE /* PBXContainerItemProxy */;
		};
		165217981D70594900C9FAEE /* PBXTargetDependency */ = {
			isa = PBXTargetDependency;
			name = "ReactiveKit-macOS";
			targetProxy = 165217971D70594900C9FAEE /* PBXContainerItemProxy */;
		};
		1652179B1D70595300C9FAEE /* PBXTargetDependency */ = {
			isa = PBXTargetDependency;
			name = "ReactiveKit-tvOS";
			targetProxy = 1652179A1D70595300C9FAEE /* PBXContainerItemProxy */;
		};
		16887E2B1D7444C500EDA099 /* PBXTargetDependency */ = {
			isa = PBXTargetDependency;
			name = "ReactiveKit-iOS";
			targetProxy = 16887E2A1D7444C500EDA099 /* PBXContainerItemProxy */;
		};
		16887E4A1D744B2900EDA099 /* PBXTargetDependency */ = {
			isa = PBXTargetDependency;
			target = 16887E361D744ABB00EDA099 /* Bond-App */;
			targetProxy = 16887E491D744B2900EDA099 /* PBXContainerItemProxy */;
		};
/* End PBXTargetDependency section */

/* Begin PBXVariantGroup section */
		16887E421D744ABB00EDA099 /* LaunchScreen.storyboard */ = {
			isa = PBXVariantGroup;
			children = (
				16887E431D744ABB00EDA099 /* Base */,
			);
			name = LaunchScreen.storyboard;
			sourceTree = "<group>";
		};
/* End PBXVariantGroup section */

/* Begin XCBuildConfiguration section */
		16210A4E1D3EC474004AEDF3 /* Debug */ = {
			isa = XCBuildConfiguration;
			buildSettings = {
				ALWAYS_SEARCH_USER_PATHS = NO;
				CLANG_ANALYZER_NONNULL = YES;
				CLANG_CXX_LANGUAGE_STANDARD = "gnu++0x";
				CLANG_CXX_LIBRARY = "libc++";
				CLANG_ENABLE_MODULES = YES;
				CLANG_ENABLE_OBJC_ARC = YES;
				CLANG_WARN_BLOCK_CAPTURE_AUTORELEASING = YES;
				CLANG_WARN_BOOL_CONVERSION = YES;
				CLANG_WARN_COMMA = YES;
				CLANG_WARN_CONSTANT_CONVERSION = YES;
				CLANG_WARN_DIRECT_OBJC_ISA_USAGE = YES_ERROR;
				CLANG_WARN_DOCUMENTATION_COMMENTS = YES;
				CLANG_WARN_EMPTY_BODY = YES;
				CLANG_WARN_ENUM_CONVERSION = YES;
				CLANG_WARN_INFINITE_RECURSION = YES;
				CLANG_WARN_INT_CONVERSION = YES;
				CLANG_WARN_NON_LITERAL_NULL_CONVERSION = YES;
				CLANG_WARN_OBJC_LITERAL_CONVERSION = YES;
				CLANG_WARN_OBJC_ROOT_CLASS = YES_ERROR;
				CLANG_WARN_RANGE_LOOP_ANALYSIS = YES;
				CLANG_WARN_STRICT_PROTOTYPES = YES;
				CLANG_WARN_SUSPICIOUS_MOVE = YES;
				CLANG_WARN_UNREACHABLE_CODE = YES;
				CLANG_WARN__DUPLICATE_METHOD_MATCH = YES;
				COPY_PHASE_STRIP = NO;
				CURRENT_PROJECT_VERSION = 1;
				DEBUG_INFORMATION_FORMAT = dwarf;
				ENABLE_STRICT_OBJC_MSGSEND = YES;
				ENABLE_TESTABILITY = YES;
				GCC_C_LANGUAGE_STANDARD = gnu99;
				GCC_DYNAMIC_NO_PIC = NO;
				GCC_NO_COMMON_BLOCKS = YES;
				GCC_OPTIMIZATION_LEVEL = 0;
				GCC_PREPROCESSOR_DEFINITIONS = (
					"DEBUG=1",
					"$(inherited)",
				);
				GCC_WARN_64_TO_32_BIT_CONVERSION = YES;
				GCC_WARN_ABOUT_RETURN_TYPE = YES_ERROR;
				GCC_WARN_UNDECLARED_SELECTOR = YES;
				GCC_WARN_UNINITIALIZED_AUTOS = YES_AGGRESSIVE;
				GCC_WARN_UNUSED_FUNCTION = YES;
				GCC_WARN_UNUSED_VARIABLE = YES;
				IPHONEOS_DEPLOYMENT_TARGET = 10.0;
				MACOSX_DEPLOYMENT_TARGET = 10.10;
				MTL_ENABLE_DEBUG_INFO = YES;
				ONLY_ACTIVE_ARCH = YES;
				SDKROOT = iphoneos;
				SWIFT_ACTIVE_COMPILATION_CONDITIONS = "DEBUG BUILDING_WITH_XCODE";
				SWIFT_OPTIMIZATION_LEVEL = "-Onone";
				SWIFT_VERSION = 4.0;
				SYSTEM_FRAMEWORK_SEARCH_PATHS = "";
				TARGETED_DEVICE_FAMILY = "1,2";
				USER_HEADER_SEARCH_PATHS = "";
				VERSIONING_SYSTEM = "apple-generic";
				VERSION_INFO_PREFIX = "";
			};
			name = Debug;
		};
		16210A4F1D3EC474004AEDF3 /* Release */ = {
			isa = XCBuildConfiguration;
			buildSettings = {
				ALWAYS_SEARCH_USER_PATHS = NO;
				CLANG_ANALYZER_NONNULL = YES;
				CLANG_CXX_LANGUAGE_STANDARD = "gnu++0x";
				CLANG_CXX_LIBRARY = "libc++";
				CLANG_ENABLE_MODULES = YES;
				CLANG_ENABLE_OBJC_ARC = YES;
				CLANG_WARN_BLOCK_CAPTURE_AUTORELEASING = YES;
				CLANG_WARN_BOOL_CONVERSION = YES;
				CLANG_WARN_COMMA = YES;
				CLANG_WARN_CONSTANT_CONVERSION = YES;
				CLANG_WARN_DIRECT_OBJC_ISA_USAGE = YES_ERROR;
				CLANG_WARN_DOCUMENTATION_COMMENTS = YES;
				CLANG_WARN_EMPTY_BODY = YES;
				CLANG_WARN_ENUM_CONVERSION = YES;
				CLANG_WARN_INFINITE_RECURSION = YES;
				CLANG_WARN_INT_CONVERSION = YES;
				CLANG_WARN_NON_LITERAL_NULL_CONVERSION = YES;
				CLANG_WARN_OBJC_LITERAL_CONVERSION = YES;
				CLANG_WARN_OBJC_ROOT_CLASS = YES_ERROR;
				CLANG_WARN_RANGE_LOOP_ANALYSIS = YES;
				CLANG_WARN_STRICT_PROTOTYPES = YES;
				CLANG_WARN_SUSPICIOUS_MOVE = YES;
				CLANG_WARN_UNREACHABLE_CODE = YES;
				CLANG_WARN__DUPLICATE_METHOD_MATCH = YES;
				COPY_PHASE_STRIP = NO;
				CURRENT_PROJECT_VERSION = 1;
				DEBUG_INFORMATION_FORMAT = "dwarf-with-dsym";
				ENABLE_NS_ASSERTIONS = NO;
				ENABLE_STRICT_OBJC_MSGSEND = YES;
				GCC_C_LANGUAGE_STANDARD = gnu99;
				GCC_NO_COMMON_BLOCKS = YES;
				GCC_WARN_64_TO_32_BIT_CONVERSION = YES;
				GCC_WARN_ABOUT_RETURN_TYPE = YES_ERROR;
				GCC_WARN_UNDECLARED_SELECTOR = YES;
				GCC_WARN_UNINITIALIZED_AUTOS = YES_AGGRESSIVE;
				GCC_WARN_UNUSED_FUNCTION = YES;
				GCC_WARN_UNUSED_VARIABLE = YES;
				IPHONEOS_DEPLOYMENT_TARGET = 10.0;
				MACOSX_DEPLOYMENT_TARGET = 10.10;
				MTL_ENABLE_DEBUG_INFO = NO;
				SDKROOT = iphoneos;
				SWIFT_ACTIVE_COMPILATION_CONDITIONS = BUILDING_WITH_XCODE;
				SWIFT_OPTIMIZATION_LEVEL = "-Owholemodule";
				SWIFT_VERSION = 4.0;
				SYSTEM_FRAMEWORK_SEARCH_PATHS = "";
				TARGETED_DEVICE_FAMILY = "1,2";
				USER_HEADER_SEARCH_PATHS = "";
				VALIDATE_PRODUCT = YES;
				VERSIONING_SYSTEM = "apple-generic";
				VERSION_INFO_PREFIX = "";
			};
			name = Release;
		};
		16210A511D3EC474004AEDF3 /* Debug */ = {
			isa = XCBuildConfiguration;
			buildSettings = {
				APPLICATION_EXTENSION_API_ONLY = YES;
				CLANG_ENABLE_MODULES = YES;
				CODE_SIGN_IDENTITY = "iPhone Developer";
				"CODE_SIGN_IDENTITY[sdk=iphoneos*]" = "";
				DEFINES_MODULE = YES;
				DYLIB_COMPATIBILITY_VERSION = 1;
				DYLIB_CURRENT_VERSION = 1;
				DYLIB_INSTALL_NAME_BASE = "@rpath";
				INFOPLIST_FILE = "Supporting Files/$(PRODUCT_NAME)-Info.plist";
				INSTALL_PATH = "$(LOCAL_LIBRARY_DIR)/Frameworks";
				IPHONEOS_DEPLOYMENT_TARGET = 8.0;
				LD_RUNPATH_SEARCH_PATHS = "$(inherited) @executable_path/Frameworks @loader_path/Frameworks";
				PRODUCT_BUNDLE_IDENTIFIER = ReactiveKit.Bond;
				PRODUCT_NAME = Bond;
				SKIP_INSTALL = YES;
				SWIFT_INCLUDE_PATHS = "\"${SRCROOT}/Sources/BNDProtocolProxyBase\"/**";
				SWIFT_OPTIMIZATION_LEVEL = "-Onone";
				SWIFT_SWIFT3_OBJC_INFERENCE = Default;
			};
			name = Debug;
		};
		16210A521D3EC474004AEDF3 /* Release */ = {
			isa = XCBuildConfiguration;
			buildSettings = {
				APPLICATION_EXTENSION_API_ONLY = YES;
				CLANG_ENABLE_MODULES = YES;
				CODE_SIGN_IDENTITY = "iPhone Developer";
				"CODE_SIGN_IDENTITY[sdk=iphoneos*]" = "";
				DEFINES_MODULE = YES;
				DYLIB_COMPATIBILITY_VERSION = 1;
				DYLIB_CURRENT_VERSION = 1;
				DYLIB_INSTALL_NAME_BASE = "@rpath";
				INFOPLIST_FILE = "Supporting Files/$(PRODUCT_NAME)-Info.plist";
				INSTALL_PATH = "$(LOCAL_LIBRARY_DIR)/Frameworks";
				IPHONEOS_DEPLOYMENT_TARGET = 8.0;
				LD_RUNPATH_SEARCH_PATHS = "$(inherited) @executable_path/Frameworks @loader_path/Frameworks";
				PRODUCT_BUNDLE_IDENTIFIER = ReactiveKit.Bond;
				PRODUCT_NAME = Bond;
				SKIP_INSTALL = YES;
				SWIFT_INCLUDE_PATHS = "\"${SRCROOT}/Sources/BNDProtocolProxyBase\"/**";
				SWIFT_SWIFT3_OBJC_INFERENCE = Default;
			};
			name = Release;
		};
		16210A541D3EC474004AEDF3 /* Debug */ = {
			isa = XCBuildConfiguration;
			buildSettings = {
				ALWAYS_EMBED_SWIFT_STANDARD_LIBRARIES = YES;
				INFOPLIST_FILE = "Supporting Files/$(PRODUCT_NAME)-Info.plist";
				LD_RUNPATH_SEARCH_PATHS = "$(inherited) @executable_path/Frameworks @loader_path/Frameworks";
				PRODUCT_BUNDLE_IDENTIFIER = "Swift-Bond.BondTests";
				PRODUCT_NAME = "$(TARGET_NAME)";
				SWIFT_SWIFT3_OBJC_INFERENCE = Default;
				TEST_HOST = "$(BUILT_PRODUCTS_DIR)/Bond-App.app/Bond-App";
			};
			name = Debug;
		};
		16210A551D3EC474004AEDF3 /* Release */ = {
			isa = XCBuildConfiguration;
			buildSettings = {
				ALWAYS_EMBED_SWIFT_STANDARD_LIBRARIES = YES;
				INFOPLIST_FILE = "Supporting Files/$(PRODUCT_NAME)-Info.plist";
				LD_RUNPATH_SEARCH_PATHS = "$(inherited) @executable_path/Frameworks @loader_path/Frameworks";
				PRODUCT_BUNDLE_IDENTIFIER = "Swift-Bond.BondTests";
				PRODUCT_NAME = "$(TARGET_NAME)";
				SWIFT_SWIFT3_OBJC_INFERENCE = Default;
				TEST_HOST = "$(BUILT_PRODUCTS_DIR)/Bond-App.app/Bond-App";
			};
			name = Release;
		};
		16887E471D744ABB00EDA099 /* Debug */ = {
			isa = XCBuildConfiguration;
			buildSettings = {
				ASSETCATALOG_COMPILER_APPICON_NAME = AppIcon;
				CLANG_ENABLE_MODULES = YES;
				CLANG_WARN_SUSPICIOUS_MOVES = YES;
				CODE_SIGN_IDENTITY = "iPhone Developer";
				"CODE_SIGN_IDENTITY[sdk=iphoneos*]" = "";
				INFOPLIST_FILE = "Bond-App/Info.plist";
				LD_RUNPATH_SEARCH_PATHS = "$(inherited) @executable_path/Frameworks";
				PRODUCT_BUNDLE_IDENTIFIER = "Bond.Bond-App";
				PRODUCT_NAME = "$(TARGET_NAME)";
				SWIFT_OPTIMIZATION_LEVEL = "-Onone";
				SWIFT_SWIFT3_OBJC_INFERENCE = Default;
			};
			name = Debug;
		};
		16887E481D744ABB00EDA099 /* Release */ = {
			isa = XCBuildConfiguration;
			buildSettings = {
				ASSETCATALOG_COMPILER_APPICON_NAME = AppIcon;
				CLANG_ENABLE_MODULES = YES;
				CLANG_WARN_SUSPICIOUS_MOVES = YES;
				CODE_SIGN_IDENTITY = "iPhone Developer";
				"CODE_SIGN_IDENTITY[sdk=iphoneos*]" = "";
				INFOPLIST_FILE = "Bond-App/Info.plist";
				LD_RUNPATH_SEARCH_PATHS = "$(inherited) @executable_path/Frameworks";
				PRODUCT_BUNDLE_IDENTIFIER = "Bond.Bond-App";
				PRODUCT_NAME = "$(TARGET_NAME)";
				SWIFT_SWIFT3_OBJC_INFERENCE = Default;
			};
			name = Release;
		};
		16D30EB41D6591D300C2435D /* Debug */ = {
			isa = XCBuildConfiguration;
			buildSettings = {
				APPLICATION_EXTENSION_API_ONLY = YES;
				CLANG_ENABLE_MODULES = YES;
				CLANG_WARN_INFINITE_RECURSION = YES;
				CLANG_WARN_SUSPICIOUS_MOVES = YES;
				CODE_SIGN_IDENTITY = "";
				COMBINE_HIDPI_IMAGES = YES;
				DEFINES_MODULE = YES;
				DYLIB_COMPATIBILITY_VERSION = 1;
				DYLIB_CURRENT_VERSION = 1;
				DYLIB_INSTALL_NAME_BASE = "@rpath";
				FRAMEWORK_VERSION = A;
				INFOPLIST_FILE = "Supporting Files/$(PRODUCT_NAME)-Info.plist";
				INSTALL_PATH = "$(LOCAL_LIBRARY_DIR)/Frameworks";
				LD_RUNPATH_SEARCH_PATHS = "$(inherited) @executable_path/../Frameworks @loader_path/Frameworks";
				PRODUCT_BUNDLE_IDENTIFIER = ReactiveKit.Bond;
				PRODUCT_NAME = Bond;
				SDKROOT = macosx;
				SKIP_INSTALL = YES;
				SWIFT_INCLUDE_PATHS = "\"${SRCROOT}/Sources/BNDProtocolProxyBase\"/**";
				SWIFT_OPTIMIZATION_LEVEL = "-Onone";
			};
			name = Debug;
		};
		16D30EB51D6591D300C2435D /* Release */ = {
			isa = XCBuildConfiguration;
			buildSettings = {
				APPLICATION_EXTENSION_API_ONLY = YES;
				CLANG_ENABLE_MODULES = YES;
				CLANG_WARN_INFINITE_RECURSION = YES;
				CLANG_WARN_SUSPICIOUS_MOVES = YES;
				CODE_SIGN_IDENTITY = "";
				COMBINE_HIDPI_IMAGES = YES;
				DEFINES_MODULE = YES;
				DYLIB_COMPATIBILITY_VERSION = 1;
				DYLIB_CURRENT_VERSION = 1;
				DYLIB_INSTALL_NAME_BASE = "@rpath";
				FRAMEWORK_VERSION = A;
				INFOPLIST_FILE = "Supporting Files/$(PRODUCT_NAME)-Info.plist";
				INSTALL_PATH = "$(LOCAL_LIBRARY_DIR)/Frameworks";
				LD_RUNPATH_SEARCH_PATHS = "$(inherited) @executable_path/../Frameworks @loader_path/Frameworks";
				PRODUCT_BUNDLE_IDENTIFIER = ReactiveKit.Bond;
				PRODUCT_NAME = Bond;
				SDKROOT = macosx;
				SKIP_INSTALL = YES;
				SWIFT_INCLUDE_PATHS = "\"${SRCROOT}/Sources/BNDProtocolProxyBase\"/**";
			};
			name = Release;
		};
		16D30EDC1D65D11900C2435D /* Debug */ = {
			isa = XCBuildConfiguration;
			buildSettings = {
				APPLICATION_EXTENSION_API_ONLY = YES;
				CLANG_ENABLE_MODULES = YES;
				CLANG_WARN_INFINITE_RECURSION = YES;
				CLANG_WARN_SUSPICIOUS_MOVES = YES;
				CODE_SIGN_IDENTITY = "";
				DEFINES_MODULE = YES;
				DYLIB_COMPATIBILITY_VERSION = 1;
				DYLIB_CURRENT_VERSION = 1;
				DYLIB_INSTALL_NAME_BASE = "@rpath";
				INFOPLIST_FILE = "Supporting Files/$(PRODUCT_NAME)-Info.plist";
				INSTALL_PATH = "$(LOCAL_LIBRARY_DIR)/Frameworks";
				LD_RUNPATH_SEARCH_PATHS = "$(inherited) @executable_path/Frameworks @loader_path/Frameworks";
				PRODUCT_BUNDLE_IDENTIFIER = ReactiveKit.Bond;
				PRODUCT_NAME = Bond;
				SDKROOT = appletvos;
				SKIP_INSTALL = YES;
				SWIFT_INCLUDE_PATHS = "\"${SRCROOT}/Sources/BNDProtocolProxyBase\"/**";
				SWIFT_OPTIMIZATION_LEVEL = "-Onone";
				TARGETED_DEVICE_FAMILY = 3;
				TVOS_DEPLOYMENT_TARGET = 9.0;
			};
			name = Debug;
		};
		16D30EDD1D65D11900C2435D /* Release */ = {
			isa = XCBuildConfiguration;
			buildSettings = {
				APPLICATION_EXTENSION_API_ONLY = YES;
				CLANG_ENABLE_MODULES = YES;
				CLANG_WARN_INFINITE_RECURSION = YES;
				CLANG_WARN_SUSPICIOUS_MOVES = YES;
				CODE_SIGN_IDENTITY = "";
				DEFINES_MODULE = YES;
				DYLIB_COMPATIBILITY_VERSION = 1;
				DYLIB_CURRENT_VERSION = 1;
				DYLIB_INSTALL_NAME_BASE = "@rpath";
				INFOPLIST_FILE = "Supporting Files/$(PRODUCT_NAME)-Info.plist";
				INSTALL_PATH = "$(LOCAL_LIBRARY_DIR)/Frameworks";
				LD_RUNPATH_SEARCH_PATHS = "$(inherited) @executable_path/Frameworks @loader_path/Frameworks";
				PRODUCT_BUNDLE_IDENTIFIER = ReactiveKit.Bond;
				PRODUCT_NAME = Bond;
				SDKROOT = appletvos;
				SKIP_INSTALL = YES;
				SWIFT_INCLUDE_PATHS = "\"${SRCROOT}/Sources/BNDProtocolProxyBase\"/**";
				TARGETED_DEVICE_FAMILY = 3;
				TVOS_DEPLOYMENT_TARGET = 9.0;
			};
			name = Release;
		};
/* End XCBuildConfiguration section */

/* Begin XCConfigurationList section */
		16210A361D3EC474004AEDF3 /* Build configuration list for PBXProject "Bond" */ = {
			isa = XCConfigurationList;
			buildConfigurations = (
				16210A4E1D3EC474004AEDF3 /* Debug */,
				16210A4F1D3EC474004AEDF3 /* Release */,
			);
			defaultConfigurationIsVisible = 0;
			defaultConfigurationName = Release;
		};
		16210A501D3EC474004AEDF3 /* Build configuration list for PBXNativeTarget "Bond-iOS" */ = {
			isa = XCConfigurationList;
			buildConfigurations = (
				16210A511D3EC474004AEDF3 /* Debug */,
				16210A521D3EC474004AEDF3 /* Release */,
			);
			defaultConfigurationIsVisible = 0;
			defaultConfigurationName = Release;
		};
		16210A531D3EC474004AEDF3 /* Build configuration list for PBXNativeTarget "BondTests" */ = {
			isa = XCConfigurationList;
			buildConfigurations = (
				16210A541D3EC474004AEDF3 /* Debug */,
				16210A551D3EC474004AEDF3 /* Release */,
			);
			defaultConfigurationIsVisible = 0;
			defaultConfigurationName = Release;
		};
		16887E461D744ABB00EDA099 /* Build configuration list for PBXNativeTarget "Bond-App" */ = {
			isa = XCConfigurationList;
			buildConfigurations = (
				16887E471D744ABB00EDA099 /* Debug */,
				16887E481D744ABB00EDA099 /* Release */,
			);
			defaultConfigurationIsVisible = 0;
			defaultConfigurationName = Release;
		};
		16D30EB31D6591D300C2435D /* Build configuration list for PBXNativeTarget "Bond-macOS" */ = {
			isa = XCConfigurationList;
			buildConfigurations = (
				16D30EB41D6591D300C2435D /* Debug */,
				16D30EB51D6591D300C2435D /* Release */,
			);
			defaultConfigurationIsVisible = 0;
			defaultConfigurationName = Release;
		};
		16D30EDB1D65D11900C2435D /* Build configuration list for PBXNativeTarget "Bond-tvOS" */ = {
			isa = XCConfigurationList;
			buildConfigurations = (
				16D30EDC1D65D11900C2435D /* Debug */,
				16D30EDD1D65D11900C2435D /* Release */,
			);
			defaultConfigurationIsVisible = 0;
			defaultConfigurationName = Release;
		};
/* End XCConfigurationList section */
	};
	rootObject = 16210A331D3EC474004AEDF3 /* Project object */;
}
