// !$*UTF8*$!
{
	archiveVersion = 1;
	classes = {
	};
	objectVersion = 46;
	objects = {

/* Begin PBXBuildFile section */
		03ACB5031AB555D6001B3E64 /* AppDelegate.swift in Sources */ = {isa = PBXBuildFile; fileRef = 03ACB5021AB555D6001B3E64 /* AppDelegate.swift */; };
		03ACB5051AB555D6001B3E64 /* ViewController.swift in Sources */ = {isa = PBXBuildFile; fileRef = 03ACB5041AB555D6001B3E64 /* ViewController.swift */; };
		03ACB5081AB555D6001B3E64 /* Main.storyboard in Resources */ = {isa = PBXBuildFile; fileRef = 03ACB5061AB555D6001B3E64 /* Main.storyboard */; };
		03ACB50A1AB555D6001B3E64 /* Images.xcassets in Resources */ = {isa = PBXBuildFile; fileRef = 03ACB5091AB555D6001B3E64 /* Images.xcassets */; };
		03ACB50D1AB555D6001B3E64 /* LaunchScreen.xib in Resources */ = {isa = PBXBuildFile; fileRef = 03ACB50B1AB555D6001B3E64 /* LaunchScreen.xib */; };
		03ACB5231AB6C840001B3E64 /* AssertEqualForOptionals.swift in Sources */ = {isa = PBXBuildFile; fileRef = 03ACB5221AB6C840001B3E64 /* AssertEqualForOptionals.swift */; };
		1607C9FF1BEF3C25001B2E35 /* CALayer+Bond.swift in Sources */ = {isa = PBXBuildFile; fileRef = ECAD68E51B77BB1D00837A36 /* CALayer+Bond.swift */; };
		1607CA001BEF3C2F001B2E35 /* NSLayoutConstraint+Bond.swift in Sources */ = {isa = PBXBuildFile; fileRef = ECAD68E61B77BB1D00837A36 /* NSLayoutConstraint+Bond.swift */; };
		1607CA061BEF407F001B2E35 /* UIActivityIndicatorView+Bond.swift in Sources */ = {isa = PBXBuildFile; fileRef = ECAD68CB1B77BB1D00837A36 /* UIActivityIndicatorView+Bond.swift */; };
		1607CA071BEF407F001B2E35 /* UISegmentedControl+Bond.swift in Sources */ = {isa = PBXBuildFile; fileRef = EC3228A91B9F5673002BE73A /* UISegmentedControl+Bond.swift */; };
		1607CA081BEF407F001B2E35 /* UIRefreshControl+Bond.swift in Sources */ = {isa = PBXBuildFile; fileRef = EC2AE4A81B788F8B00296781 /* UIRefreshControl+Bond.swift */; };
		1607CA091BEF407F001B2E35 /* UIBarItem+Bond.swift in Sources */ = {isa = PBXBuildFile; fileRef = ECAD68CC1B77BB1D00837A36 /* UIBarItem+Bond.swift */; };
		1607CA0A1BEF407F001B2E35 /* UIButton+Bond.swift in Sources */ = {isa = PBXBuildFile; fileRef = ECAD68CD1B77BB1D00837A36 /* UIButton+Bond.swift */; };
		1607CA0B1BEF407F001B2E35 /* UICollectionView+Bond.swift in Sources */ = {isa = PBXBuildFile; fileRef = ECAD68CE1B77BB1D00837A36 /* UICollectionView+Bond.swift */; };
		1607CA0C1BEF407F001B2E35 /* UIControl+Bond.swift in Sources */ = {isa = PBXBuildFile; fileRef = ECAD68CF1B77BB1D00837A36 /* UIControl+Bond.swift */; };
		1607CA0D1BEF407F001B2E35 /* UIDatePicker+Bond.swift in Sources */ = {isa = PBXBuildFile; fileRef = ECAD68D01B77BB1D00837A36 /* UIDatePicker+Bond.swift */; };
		1607CA0E1BEF407F001B2E35 /* UIImageView+Bond.swift in Sources */ = {isa = PBXBuildFile; fileRef = ECAD68D11B77BB1D00837A36 /* UIImageView+Bond.swift */; };
		1607CA0F1BEF407F001B2E35 /* UILabel+Bond.swift in Sources */ = {isa = PBXBuildFile; fileRef = ECAD68D21B77BB1D00837A36 /* UILabel+Bond.swift */; };
		1607CA101BEF407F001B2E35 /* UINavigationBar+Bond.swift in Sources */ = {isa = PBXBuildFile; fileRef = CD25268F1BDA63E7003CEACA /* UINavigationBar+Bond.swift */; };
		1607CA111BEF407F001B2E35 /* UINavigationItem+Bond.swift in Sources */ = {isa = PBXBuildFile; fileRef = ECAD68D31B77BB1D00837A36 /* UINavigationItem+Bond.swift */; };
		1607CA121BEF407F001B2E35 /* UIProgressView+Bond.swift in Sources */ = {isa = PBXBuildFile; fileRef = ECAD68D41B77BB1D00837A36 /* UIProgressView+Bond.swift */; };
		1607CA131BEF407F001B2E35 /* UISlider+Bond.swift in Sources */ = {isa = PBXBuildFile; fileRef = ECAD68D51B77BB1D00837A36 /* UISlider+Bond.swift */; };
		1607CA141BEF407F001B2E35 /* UISwitch+Bond.swift in Sources */ = {isa = PBXBuildFile; fileRef = ECAD68D61B77BB1D00837A36 /* UISwitch+Bond.swift */; };
		1607CA151BEF407F001B2E35 /* UITableView+Bond.swift in Sources */ = {isa = PBXBuildFile; fileRef = ECAD68D71B77BB1D00837A36 /* UITableView+Bond.swift */; };
		1607CA161BEF407F001B2E35 /* UITextField+Bond.swift in Sources */ = {isa = PBXBuildFile; fileRef = ECAD68D81B77BB1D00837A36 /* UITextField+Bond.swift */; };
		1607CA171BEF407F001B2E35 /* UITextView+Bond.swift in Sources */ = {isa = PBXBuildFile; fileRef = ECAD68D91B77BB1D00837A36 /* UITextView+Bond.swift */; };
		1607CA181BEF407F001B2E35 /* UIView+Bond.swift in Sources */ = {isa = PBXBuildFile; fileRef = ECAD68DA1B77BB1D00837A36 /* UIView+Bond.swift */; };
		160FA2DE1BFD1A5E00D09C00 /* MutableObservable.swift in Sources */ = {isa = PBXBuildFile; fileRef = 160FA2DD1BFD1A5E00D09C00 /* MutableObservable.swift */; };
		160FA2DF1BFD1AAB00D09C00 /* MutableObservable.swift in Sources */ = {isa = PBXBuildFile; fileRef = 160FA2DD1BFD1A5E00D09C00 /* MutableObservable.swift */; };
		160FA2E01BFD1AAC00D09C00 /* MutableObservable.swift in Sources */ = {isa = PBXBuildFile; fileRef = 160FA2DD1BFD1A5E00D09C00 /* MutableObservable.swift */; };
		160FA2E21BFD1ABE00D09C00 /* MutableObservableTests.swift in Sources */ = {isa = PBXBuildFile; fileRef = 160FA2E11BFD1ABE00D09C00 /* MutableObservableTests.swift */; };
		52CC7A1E1BC4C71F0010D41E /* NSAppearanceCustomization+Bond.swift in Sources */ = {isa = PBXBuildFile; fileRef = 52CC7A1D1BC4C71F0010D41E /* NSAppearanceCustomization+Bond.swift */; };
		52CC7A201BC4C7DC0010D41E /* NSAppearanceCustomizationTests.swift in Sources */ = {isa = PBXBuildFile; fileRef = 52CC7A1F1BC4C7DC0010D41E /* NSAppearanceCustomizationTests.swift */; };
		69491BB41A7C217100A13B6B /* Bond.h in Headers */ = {isa = PBXBuildFile; fileRef = 69491BB31A7C217100A13B6B /* Bond.h */; settings = {ATTRIBUTES = (Public, ); }; };
		69491BBA1A7C217100A13B6B /* Bond.framework in Frameworks */ = {isa = PBXBuildFile; fileRef = 69491BAE1A7C217100A13B6B /* Bond.framework */; };
		790FD79C1B7F1C3800136394 /* NSTableView+Bond.swift in Sources */ = {isa = PBXBuildFile; fileRef = 790FD79B1B7F1C3800136394 /* NSTableView+Bond.swift */; };
		790FD79E1B7F1CF500136394 /* NSTableViewTests.swift in Sources */ = {isa = PBXBuildFile; fileRef = 790FD79D1B7F1CF500136394 /* NSTableViewTests.swift */; };
		795D4C191B8F05C9001B80B0 /* NSIndexSet+Bond.swift in Sources */ = {isa = PBXBuildFile; fileRef = 795D4C181B8F05C9001B80B0 /* NSIndexSet+Bond.swift */; };
		795D4C1A1B8F05C9001B80B0 /* NSIndexSet+Bond.swift in Sources */ = {isa = PBXBuildFile; fileRef = 795D4C181B8F05C9001B80B0 /* NSIndexSet+Bond.swift */; };
		900BFC081ADFC5DC002B4B6E /* CALayerTests.swift in Sources */ = {isa = PBXBuildFile; fileRef = 900BFC061ADFC5D5002B4B6E /* CALayerTests.swift */; };
		900BFC0B1ADFC863002B4B6E /* NSButtonTests.swift in Sources */ = {isa = PBXBuildFile; fileRef = 900BFC091ADFC860002B4B6E /* NSButtonTests.swift */; };
		900BFC0E1ADFC9E9002B4B6E /* NSColorWellTests.swift in Sources */ = {isa = PBXBuildFile; fileRef = 900BFC0C1ADFC9A5002B4B6E /* NSColorWellTests.swift */; };
		900BFC101ADFCA46002B4B6E /* NSControlTests.swift in Sources */ = {isa = PBXBuildFile; fileRef = 900BFC0F1ADFCA46002B4B6E /* NSControlTests.swift */; };
		900BFC121ADFCAC6002B4B6E /* NSImageViewTests.swift in Sources */ = {isa = PBXBuildFile; fileRef = 900BFC111ADFCAC6002B4B6E /* NSImageViewTests.swift */; };
		900BFC141ADFCBA8002B4B6E /* NSMenuItemTests.swift in Sources */ = {isa = PBXBuildFile; fileRef = 900BFC131ADFCBA8002B4B6E /* NSMenuItemTests.swift */; };
		900BFC161ADFCC00002B4B6E /* NSStatusBarButtonTests.swift in Sources */ = {isa = PBXBuildFile; fileRef = 900BFC151ADFCC00002B4B6E /* NSStatusBarButtonTests.swift */; };
		900BFC181ADFCCEE002B4B6E /* NSTextFieldTests.swift in Sources */ = {isa = PBXBuildFile; fileRef = 900BFC171ADFCCEE002B4B6E /* NSTextFieldTests.swift */; };
		900BFC1A1ADFCD63002B4B6E /* NSTextViewTests.swift in Sources */ = {isa = PBXBuildFile; fileRef = 900BFC191ADFCD63002B4B6E /* NSTextViewTests.swift */; };
		B5616D751BD8A2230016CCB4 /* EventProducerType.swift in Sources */ = {isa = PBXBuildFile; fileRef = ECAD68C01B77BB1D00837A36 /* EventProducerType.swift */; };
		B5616D761BD8A2230016CCB4 /* EventProducer.swift in Sources */ = {isa = PBXBuildFile; fileRef = EC0075B21B90D39500249C31 /* EventProducer.swift */; };
		B5616D771BD8A2230016CCB4 /* Observable.swift in Sources */ = {isa = PBXBuildFile; fileRef = ECAD68BF1B77BB1D00837A36 /* Observable.swift */; };
		B5616D781BD8A2230016CCB4 /* ObservableArray.swift in Sources */ = {isa = PBXBuildFile; fileRef = ECAD68C71B77BB1D00837A36 /* ObservableArray.swift */; };
		B5616D791BD8A2230016CCB4 /* ObservableArrayEvent.swift in Sources */ = {isa = PBXBuildFile; fileRef = ECAD68C81B77BB1D00837A36 /* ObservableArrayEvent.swift */; };
		B5616D7A1BD8A2230016CCB4 /* DisposableType.swift in Sources */ = {isa = PBXBuildFile; fileRef = ECAD68BC1B77BB1D00837A36 /* DisposableType.swift */; };
		B5616D7B1BD8A2230016CCB4 /* Disposable.swift in Sources */ = {isa = PBXBuildFile; fileRef = ECAD68BB1B77BB1D00837A36 /* Disposable.swift */; };
		B5616D7C1BD8A2230016CCB4 /* BindableType.swift in Sources */ = {isa = PBXBuildFile; fileRef = ECAD68B81B77BB1D00837A36 /* BindableType.swift */; };
		B5616D7D1BD8A2230016CCB4 /* OptionalType.swift in Sources */ = {isa = PBXBuildFile; fileRef = ECAD68C21B77BB1D00837A36 /* OptionalType.swift */; };
		B5616D7E1BD8A2230016CCB4 /* Buffer.swift in Sources */ = {isa = PBXBuildFile; fileRef = ECAD68B91B77BB1D00837A36 /* Buffer.swift */; };
		B5616D7F1BD8A2230016CCB4 /* Queue.swift in Sources */ = {isa = PBXBuildFile; fileRef = ECAD68C41B77BB1D00837A36 /* Queue.swift */; };
		B5616D801BD8A2230016CCB4 /* Reference.swift in Sources */ = {isa = PBXBuildFile; fileRef = ECAD68C51B77BB1D00837A36 /* Reference.swift */; };
		B5616D811BD8A2230016CCB4 /* Operators.swift in Sources */ = {isa = PBXBuildFile; fileRef = ECAD68C11B77BB1D00837A36 /* Operators.swift */; };
		B5616D821BD8A2230016CCB4 /* SimpleDiff.swift in Sources */ = {isa = PBXBuildFile; fileRef = ECA7254F1BB983A0003A4ABA /* SimpleDiff.swift */; };
		B5616D981BD8A2C00016CCB4 /* NSObject+Bond.swift in Sources */ = {isa = PBXBuildFile; fileRef = ECAD68E91B77BB1D00837A36 /* NSObject+Bond.swift */; };
		B5616D991BD8A2DF0016CCB4 /* NSLock+Bond.swift in Sources */ = {isa = PBXBuildFile; fileRef = ECAD68E71B77BB1D00837A36 /* NSLock+Bond.swift */; };
		B5616D9A1BD8A3110016CCB4 /* NSNotificationCenter+Bond.swift in Sources */ = {isa = PBXBuildFile; fileRef = ECAD68E81B77BB1D00837A36 /* NSNotificationCenter+Bond.swift */; };
		B5616D9B1BD8A3290016CCB4 /* NSIndexSet+Bond.swift in Sources */ = {isa = PBXBuildFile; fileRef = 795D4C181B8F05C9001B80B0 /* NSIndexSet+Bond.swift */; };
		B5616DBE1BD8A39E0016CCB4 /* AppDelegate.swift in Sources */ = {isa = PBXBuildFile; fileRef = B5616DBD1BD8A39E0016CCB4 /* AppDelegate.swift */; };
		B5616DC01BD8A39E0016CCB4 /* ViewController.swift in Sources */ = {isa = PBXBuildFile; fileRef = B5616DBF1BD8A39E0016CCB4 /* ViewController.swift */; };
		B5616DC31BD8A39E0016CCB4 /* Main.storyboard in Resources */ = {isa = PBXBuildFile; fileRef = B5616DC11BD8A39E0016CCB4 /* Main.storyboard */; };
		B5616DC51BD8A39E0016CCB4 /* Assets.xcassets in Resources */ = {isa = PBXBuildFile; fileRef = B5616DC41BD8A39E0016CCB4 /* Assets.xcassets */; };
		CD2526901BDA63E7003CEACA /* UINavigationBar+Bond.swift in Sources */ = {isa = PBXBuildFile; fileRef = CD25268F1BDA63E7003CEACA /* UINavigationBar+Bond.swift */; };
		CD2526921BDA641E003CEACA /* UINavigationBarTests.swift in Sources */ = {isa = PBXBuildFile; fileRef = CD2526911BDA641E003CEACA /* UINavigationBarTests.swift */; };
		DCA979741A83C3A200DD4A30 /* Bond.framework in Frameworks */ = {isa = PBXBuildFile; fileRef = DCA979691A83C3A100DD4A30 /* Bond.framework */; };
		EA3E36B81B41702100559641 /* NSLayoutConstraintTests.swift in Sources */ = {isa = PBXBuildFile; fileRef = EA3E36B71B41702100559641 /* NSLayoutConstraintTests.swift */; };
		EAD8B2DD1B41AF4300995CE9 /* NSLayoutConstraintTests.swift in Sources */ = {isa = PBXBuildFile; fileRef = EA3E36B71B41702100559641 /* NSLayoutConstraintTests.swift */; };
		EC0075B31B90D39500249C31 /* EventProducer.swift in Sources */ = {isa = PBXBuildFile; fileRef = EC0075B21B90D39500249C31 /* EventProducer.swift */; };
		EC0075B41B90D39500249C31 /* EventProducer.swift in Sources */ = {isa = PBXBuildFile; fileRef = EC0075B21B90D39500249C31 /* EventProducer.swift */; };
		EC0075B51B90D73800249C31 /* NSLock+Bond.swift in Sources */ = {isa = PBXBuildFile; fileRef = ECAD68E71B77BB1D00837A36 /* NSLock+Bond.swift */; };
		EC0075B71B90DC2100249C31 /* Observable.swift in Sources */ = {isa = PBXBuildFile; fileRef = ECAD68BF1B77BB1D00837A36 /* Observable.swift */; };
		EC0075B91B90E4DC00249C31 /* NSObject+Bond.swift in Sources */ = {isa = PBXBuildFile; fileRef = ECAD68E91B77BB1D00837A36 /* NSObject+Bond.swift */; };
		EC0075BA1B90E55400249C31 /* NSNotificationCenter+Bond.swift in Sources */ = {isa = PBXBuildFile; fileRef = ECAD68E81B77BB1D00837A36 /* NSNotificationCenter+Bond.swift */; };
		EC0075BB1B90E56D00249C31 /* NSLayoutConstraint+Bond.swift in Sources */ = {isa = PBXBuildFile; fileRef = ECAD68E61B77BB1D00837A36 /* NSLayoutConstraint+Bond.swift */; };
		EC0075BC1B90E57300249C31 /* CALayer+Bond.swift in Sources */ = {isa = PBXBuildFile; fileRef = ECAD68E51B77BB1D00837A36 /* CALayer+Bond.swift */; };
		EC0075CF1B90E5F400249C31 /* UIActivityIndicatorView+Bond.swift in Sources */ = {isa = PBXBuildFile; fileRef = ECAD68CB1B77BB1D00837A36 /* UIActivityIndicatorView+Bond.swift */; };
		EC0075D01B90E5F400249C31 /* UIRefreshControl+Bond.swift in Sources */ = {isa = PBXBuildFile; fileRef = EC2AE4A81B788F8B00296781 /* UIRefreshControl+Bond.swift */; };
		EC0075D11B90E5F400249C31 /* UIBarItem+Bond.swift in Sources */ = {isa = PBXBuildFile; fileRef = ECAD68CC1B77BB1D00837A36 /* UIBarItem+Bond.swift */; };
		EC0075D21B90E5F400249C31 /* UIButton+Bond.swift in Sources */ = {isa = PBXBuildFile; fileRef = ECAD68CD1B77BB1D00837A36 /* UIButton+Bond.swift */; };
		EC0075D31B90E5F400249C31 /* UICollectionView+Bond.swift in Sources */ = {isa = PBXBuildFile; fileRef = ECAD68CE1B77BB1D00837A36 /* UICollectionView+Bond.swift */; };
		EC0075D41B90E5F400249C31 /* UIControl+Bond.swift in Sources */ = {isa = PBXBuildFile; fileRef = ECAD68CF1B77BB1D00837A36 /* UIControl+Bond.swift */; };
		EC0075D51B90E5F400249C31 /* UIDatePicker+Bond.swift in Sources */ = {isa = PBXBuildFile; fileRef = ECAD68D01B77BB1D00837A36 /* UIDatePicker+Bond.swift */; };
		EC0075D61B90E5F400249C31 /* UIImageView+Bond.swift in Sources */ = {isa = PBXBuildFile; fileRef = ECAD68D11B77BB1D00837A36 /* UIImageView+Bond.swift */; };
		EC0075D71B90E5F400249C31 /* UILabel+Bond.swift in Sources */ = {isa = PBXBuildFile; fileRef = ECAD68D21B77BB1D00837A36 /* UILabel+Bond.swift */; };
		EC0075D81B90E5F400249C31 /* UINavigationItem+Bond.swift in Sources */ = {isa = PBXBuildFile; fileRef = ECAD68D31B77BB1D00837A36 /* UINavigationItem+Bond.swift */; };
		EC0075D91B90E5F400249C31 /* UIProgressView+Bond.swift in Sources */ = {isa = PBXBuildFile; fileRef = ECAD68D41B77BB1D00837A36 /* UIProgressView+Bond.swift */; };
		EC0075DA1B90E5F400249C31 /* UISlider+Bond.swift in Sources */ = {isa = PBXBuildFile; fileRef = ECAD68D51B77BB1D00837A36 /* UISlider+Bond.swift */; };
		EC0075DB1B90E5F400249C31 /* UISwitch+Bond.swift in Sources */ = {isa = PBXBuildFile; fileRef = ECAD68D61B77BB1D00837A36 /* UISwitch+Bond.swift */; };
		EC0075DC1B90E5F400249C31 /* UITableView+Bond.swift in Sources */ = {isa = PBXBuildFile; fileRef = ECAD68D71B77BB1D00837A36 /* UITableView+Bond.swift */; };
		EC0075DD1B90E5F400249C31 /* UITextField+Bond.swift in Sources */ = {isa = PBXBuildFile; fileRef = ECAD68D81B77BB1D00837A36 /* UITextField+Bond.swift */; };
		EC0075DE1B90E5F400249C31 /* UITextView+Bond.swift in Sources */ = {isa = PBXBuildFile; fileRef = ECAD68D91B77BB1D00837A36 /* UITextView+Bond.swift */; };
		EC0075DF1B90E5F400249C31 /* UIView+Bond.swift in Sources */ = {isa = PBXBuildFile; fileRef = ECAD68DA1B77BB1D00837A36 /* UIView+Bond.swift */; };
		EC0075E01B90E6C800249C31 /* Observable.swift in Sources */ = {isa = PBXBuildFile; fileRef = ECAD68BF1B77BB1D00837A36 /* Observable.swift */; };
		EC0388991B0DD25700E32454 /* Bond.framework in Frameworks */ = {isa = PBXBuildFile; fileRef = 69491BAE1A7C217100A13B6B /* Bond.framework */; };
		EC3228AA1B9F5673002BE73A /* UISegmentedControl+Bond.swift in Sources */ = {isa = PBXBuildFile; fileRef = EC3228A91B9F5673002BE73A /* UISegmentedControl+Bond.swift */; };
		EC3228AC1B9F5691002BE73A /* UISegmentedControlTests.swift in Sources */ = {isa = PBXBuildFile; fileRef = EC3228AB1B9F5691002BE73A /* UISegmentedControlTests.swift */; };
		EC6F105B1B7F9C2700E55A5F /* ObservableTests.swift in Sources */ = {isa = PBXBuildFile; fileRef = ECAD69821B77D45600837A36 /* ObservableTests.swift */; };
		ECA7254E1BB980E0003A4ABA /* ObservableArrayTests.swift in Sources */ = {isa = PBXBuildFile; fileRef = ECAD69841B77D45600837A36 /* ObservableArrayTests.swift */; };
		ECA725501BB983A0003A4ABA /* SimpleDiff.swift in Sources */ = {isa = PBXBuildFile; fileRef = ECA7254F1BB983A0003A4ABA /* SimpleDiff.swift */; };
		ECA725511BB983A0003A4ABA /* SimpleDiff.swift in Sources */ = {isa = PBXBuildFile; fileRef = ECA7254F1BB983A0003A4ABA /* SimpleDiff.swift */; };
		ECAD68EB1B77BB1D00837A36 /* BindableType.swift in Sources */ = {isa = PBXBuildFile; fileRef = ECAD68B81B77BB1D00837A36 /* BindableType.swift */; };
		ECAD68EC1B77BB1D00837A36 /* BindableType.swift in Sources */ = {isa = PBXBuildFile; fileRef = ECAD68B81B77BB1D00837A36 /* BindableType.swift */; };
		ECAD68ED1B77BB1D00837A36 /* Buffer.swift in Sources */ = {isa = PBXBuildFile; fileRef = ECAD68B91B77BB1D00837A36 /* Buffer.swift */; };
		ECAD68EE1B77BB1D00837A36 /* Buffer.swift in Sources */ = {isa = PBXBuildFile; fileRef = ECAD68B91B77BB1D00837A36 /* Buffer.swift */; };
		ECAD68F11B77BB1D00837A36 /* Disposable.swift in Sources */ = {isa = PBXBuildFile; fileRef = ECAD68BB1B77BB1D00837A36 /* Disposable.swift */; };
		ECAD68F21B77BB1D00837A36 /* Disposable.swift in Sources */ = {isa = PBXBuildFile; fileRef = ECAD68BB1B77BB1D00837A36 /* Disposable.swift */; };
		ECAD68F31B77BB1D00837A36 /* DisposableType.swift in Sources */ = {isa = PBXBuildFile; fileRef = ECAD68BC1B77BB1D00837A36 /* DisposableType.swift */; };
		ECAD68F41B77BB1D00837A36 /* DisposableType.swift in Sources */ = {isa = PBXBuildFile; fileRef = ECAD68BC1B77BB1D00837A36 /* DisposableType.swift */; };
		ECAD68FB1B77BB1D00837A36 /* EventProducerType.swift in Sources */ = {isa = PBXBuildFile; fileRef = ECAD68C01B77BB1D00837A36 /* EventProducerType.swift */; };
		ECAD68FC1B77BB1D00837A36 /* EventProducerType.swift in Sources */ = {isa = PBXBuildFile; fileRef = ECAD68C01B77BB1D00837A36 /* EventProducerType.swift */; };
		ECAD68FD1B77BB1D00837A36 /* Operators.swift in Sources */ = {isa = PBXBuildFile; fileRef = ECAD68C11B77BB1D00837A36 /* Operators.swift */; };
		ECAD68FE1B77BB1D00837A36 /* Operators.swift in Sources */ = {isa = PBXBuildFile; fileRef = ECAD68C11B77BB1D00837A36 /* Operators.swift */; };
		ECAD68FF1B77BB1D00837A36 /* OptionalType.swift in Sources */ = {isa = PBXBuildFile; fileRef = ECAD68C21B77BB1D00837A36 /* OptionalType.swift */; };
		ECAD69001B77BB1D00837A36 /* OptionalType.swift in Sources */ = {isa = PBXBuildFile; fileRef = ECAD68C21B77BB1D00837A36 /* OptionalType.swift */; };
		ECAD69031B77BB1D00837A36 /* Queue.swift in Sources */ = {isa = PBXBuildFile; fileRef = ECAD68C41B77BB1D00837A36 /* Queue.swift */; };
		ECAD69041B77BB1D00837A36 /* Queue.swift in Sources */ = {isa = PBXBuildFile; fileRef = ECAD68C41B77BB1D00837A36 /* Queue.swift */; };
		ECAD69051B77BB1D00837A36 /* Reference.swift in Sources */ = {isa = PBXBuildFile; fileRef = ECAD68C51B77BB1D00837A36 /* Reference.swift */; };
		ECAD69061B77BB1D00837A36 /* Reference.swift in Sources */ = {isa = PBXBuildFile; fileRef = ECAD68C51B77BB1D00837A36 /* Reference.swift */; };
		ECAD69091B77BB1D00837A36 /* ObservableArray.swift in Sources */ = {isa = PBXBuildFile; fileRef = ECAD68C71B77BB1D00837A36 /* ObservableArray.swift */; };
		ECAD690A1B77BB1D00837A36 /* ObservableArray.swift in Sources */ = {isa = PBXBuildFile; fileRef = ECAD68C71B77BB1D00837A36 /* ObservableArray.swift */; };
		ECAD690B1B77BB1D00837A36 /* ObservableArrayEvent.swift in Sources */ = {isa = PBXBuildFile; fileRef = ECAD68C81B77BB1D00837A36 /* ObservableArrayEvent.swift */; };
		ECAD690C1B77BB1D00837A36 /* ObservableArrayEvent.swift in Sources */ = {isa = PBXBuildFile; fileRef = ECAD68C81B77BB1D00837A36 /* ObservableArrayEvent.swift */; };
		ECAD692E1B77BB1D00837A36 /* NSButton+Bond.swift in Sources */ = {isa = PBXBuildFile; fileRef = ECAD68DC1B77BB1D00837A36 /* NSButton+Bond.swift */; };
		ECAD69301B77BB1D00837A36 /* NSColorWell+Bond.swift in Sources */ = {isa = PBXBuildFile; fileRef = ECAD68DD1B77BB1D00837A36 /* NSColorWell+Bond.swift */; };
		ECAD69321B77BB1D00837A36 /* NSControl+Bond.swift in Sources */ = {isa = PBXBuildFile; fileRef = ECAD68DE1B77BB1D00837A36 /* NSControl+Bond.swift */; };
		ECAD69341B77BB1D00837A36 /* NSImageView+Bond.swift in Sources */ = {isa = PBXBuildFile; fileRef = ECAD68DF1B77BB1D00837A36 /* NSImageView+Bond.swift */; };
		ECAD69361B77BB1D00837A36 /* NSMenuItem+Bond.swift in Sources */ = {isa = PBXBuildFile; fileRef = ECAD68E01B77BB1D00837A36 /* NSMenuItem+Bond.swift */; };
		ECAD69381B77BB1D00837A36 /* NSStatusBarButton+Bond.swift in Sources */ = {isa = PBXBuildFile; fileRef = ECAD68E11B77BB1D00837A36 /* NSStatusBarButton+Bond.swift */; };
		ECAD693A1B77BB1D00837A36 /* NSTextField+Bond.swift in Sources */ = {isa = PBXBuildFile; fileRef = ECAD68E21B77BB1D00837A36 /* NSTextField+Bond.swift */; };
		ECAD693C1B77BB1D00837A36 /* NSTextView+Bond.swift in Sources */ = {isa = PBXBuildFile; fileRef = ECAD68E31B77BB1D00837A36 /* NSTextView+Bond.swift */; };
		ECAD693E1B77BB1D00837A36 /* CALayer+Bond.swift in Sources */ = {isa = PBXBuildFile; fileRef = ECAD68E51B77BB1D00837A36 /* CALayer+Bond.swift */; };
		ECAD69401B77BB1D00837A36 /* NSLayoutConstraint+Bond.swift in Sources */ = {isa = PBXBuildFile; fileRef = ECAD68E61B77BB1D00837A36 /* NSLayoutConstraint+Bond.swift */; };
		ECAD69441B77BB1D00837A36 /* NSNotificationCenter+Bond.swift in Sources */ = {isa = PBXBuildFile; fileRef = ECAD68E81B77BB1D00837A36 /* NSNotificationCenter+Bond.swift */; };
		ECAD69461B77BB1D00837A36 /* NSObject+Bond.swift in Sources */ = {isa = PBXBuildFile; fileRef = ECAD68E91B77BB1D00837A36 /* NSObject+Bond.swift */; };
		ECAD695B1B77C7B700837A36 /* CALayerTests.swift in Sources */ = {isa = PBXBuildFile; fileRef = 900BFC061ADFC5D5002B4B6E /* CALayerTests.swift */; };
		ECAD696E1B77D43D00837A36 /* UIActivityIndicatorTests.swift in Sources */ = {isa = PBXBuildFile; fileRef = ECAD695D1B77D43D00837A36 /* UIActivityIndicatorTests.swift */; };
		ECAD696F1B77D43D00837A36 /* UIBarItemTests.swift in Sources */ = {isa = PBXBuildFile; fileRef = ECAD695E1B77D43D00837A36 /* UIBarItemTests.swift */; };
		ECAD69701B77D43D00837A36 /* UIButtonTests.swift in Sources */ = {isa = PBXBuildFile; fileRef = ECAD695F1B77D43D00837A36 /* UIButtonTests.swift */; };
		ECAD69711B77D43D00837A36 /* UICollectionViewTests.swift in Sources */ = {isa = PBXBuildFile; fileRef = ECAD69601B77D43D00837A36 /* UICollectionViewTests.swift */; };
		ECAD69721B77D43D00837A36 /* UIControlTests.swift in Sources */ = {isa = PBXBuildFile; fileRef = ECAD69611B77D43D00837A36 /* UIControlTests.swift */; };
		ECAD69731B77D43D00837A36 /* UIDatePickerTests.swift in Sources */ = {isa = PBXBuildFile; fileRef = ECAD69621B77D43D00837A36 /* UIDatePickerTests.swift */; };
		ECAD69741B77D43D00837A36 /* UIImageViewTests.swift in Sources */ = {isa = PBXBuildFile; fileRef = ECAD69631B77D43D00837A36 /* UIImageViewTests.swift */; };
		ECAD69751B77D43D00837A36 /* UIKitBondTests.swift in Sources */ = {isa = PBXBuildFile; fileRef = ECAD69641B77D43D00837A36 /* UIKitBondTests.swift */; };
		ECAD69761B77D43D00837A36 /* UILabelTests.swift in Sources */ = {isa = PBXBuildFile; fileRef = ECAD69651B77D43D00837A36 /* UILabelTests.swift */; };
		ECAD69771B77D43D00837A36 /* UINavigationItemTests.swift in Sources */ = {isa = PBXBuildFile; fileRef = ECAD69661B77D43D00837A36 /* UINavigationItemTests.swift */; };
		ECAD69781B77D43D00837A36 /* UIProgressViewTests.swift in Sources */ = {isa = PBXBuildFile; fileRef = ECAD69671B77D43D00837A36 /* UIProgressViewTests.swift */; };
		ECAD69791B77D43D00837A36 /* UISliderTests.swift in Sources */ = {isa = PBXBuildFile; fileRef = ECAD69681B77D43D00837A36 /* UISliderTests.swift */; };
		ECAD697A1B77D43D00837A36 /* UISwitchTests.swift in Sources */ = {isa = PBXBuildFile; fileRef = ECAD69691B77D43D00837A36 /* UISwitchTests.swift */; };
		ECAD697B1B77D43D00837A36 /* UITableViewTests.swift in Sources */ = {isa = PBXBuildFile; fileRef = ECAD696A1B77D43D00837A36 /* UITableViewTests.swift */; };
		ECAD697C1B77D43D00837A36 /* UITextFieldTests.swift in Sources */ = {isa = PBXBuildFile; fileRef = ECAD696B1B77D43D00837A36 /* UITextFieldTests.swift */; };
		ECAD697D1B77D43D00837A36 /* UITextViewTests.swift in Sources */ = {isa = PBXBuildFile; fileRef = ECAD696C1B77D43D00837A36 /* UITextViewTests.swift */; };
		ECAD697E1B77D43D00837A36 /* UIViewTests.swift in Sources */ = {isa = PBXBuildFile; fileRef = ECAD696D1B77D43D00837A36 /* UIViewTests.swift */; };
		ECAD69851B77D45600837A36 /* EventProducerTests.swift in Sources */ = {isa = PBXBuildFile; fileRef = ECAD69801B77D45600837A36 /* EventProducerTests.swift */; };
		ECAD69881B77D45600837A36 /* ObservableArrayEventTests.swift in Sources */ = {isa = PBXBuildFile; fileRef = ECAD69831B77D45600837A36 /* ObservableArrayEventTests.swift */; };
		ECBF04DD1B8089DE001F6BCA /* ObservableTests.swift in Sources */ = {isa = PBXBuildFile; fileRef = ECAD69821B77D45600837A36 /* ObservableTests.swift */; };
		ECBF04DF1B808B20001F6BCA /* DisposableTests.swift in Sources */ = {isa = PBXBuildFile; fileRef = ECBF04DE1B808B20001F6BCA /* DisposableTests.swift */; };
		ECBF04E01B808B20001F6BCA /* DisposableTests.swift in Sources */ = {isa = PBXBuildFile; fileRef = ECBF04DE1B808B20001F6BCA /* DisposableTests.swift */; };
		ECBF04E11B810100001F6BCA /* NSLock+Bond.swift in Sources */ = {isa = PBXBuildFile; fileRef = ECAD68E71B77BB1D00837A36 /* NSLock+Bond.swift */; };
		ECF53FE61B8CDEA200628FCD /* ObservableArrayTests.swift in Sources */ = {isa = PBXBuildFile; fileRef = ECAD69841B77D45600837A36 /* ObservableArrayTests.swift */; };
		ECFFF4BB1B84B840001B5B0D /* NSObjectTests.swift in Sources */ = {isa = PBXBuildFile; fileRef = ECFFF4BA1B84B840001B5B0D /* NSObjectTests.swift */; };
		ECFFF4BC1B84B840001B5B0D /* NSObjectTests.swift in Sources */ = {isa = PBXBuildFile; fileRef = ECFFF4BA1B84B840001B5B0D /* NSObjectTests.swift */; };
/* End PBXBuildFile section */

/* Begin PBXContainerItemProxy section */
		03ACB5201AB555EF001B3E64 /* PBXContainerItemProxy */ = {
			isa = PBXContainerItemProxy;
			containerPortal = 69491BA51A7C217100A13B6B /* Project object */;
			proxyType = 1;
			remoteGlobalIDString = 03ACB4FD1AB555D6001B3E64;
			remoteInfo = iOSAppForTesting;
		};
		69491BBB1A7C217100A13B6B /* PBXContainerItemProxy */ = {
			isa = PBXContainerItemProxy;
			containerPortal = 69491BA51A7C217100A13B6B /* Project object */;
			proxyType = 1;
			remoteGlobalIDString = 69491BAD1A7C217100A13B6B;
			remoteInfo = Bond;
		};
		DCA979751A83C3A200DD4A30 /* PBXContainerItemProxy */ = {
			isa = PBXContainerItemProxy;
			containerPortal = 69491BA51A7C217100A13B6B /* Project object */;
			proxyType = 1;
			remoteGlobalIDString = DCA979681A83C3A100DD4A30;
			remoteInfo = BondOSX;
		};
		EC0388971B0DD25200E32454 /* PBXContainerItemProxy */ = {
			isa = PBXContainerItemProxy;
			containerPortal = 69491BA51A7C217100A13B6B /* Project object */;
			proxyType = 1;
			remoteGlobalIDString = 69491BAD1A7C217100A13B6B;
			remoteInfo = Bond;
		};
/* End PBXContainerItemProxy section */

/* Begin PBXFileReference section */
		03ACB4FE1AB555D6001B3E64 /* iOSAppForTesting.app */ = {isa = PBXFileReference; explicitFileType = wrapper.application; includeInIndex = 0; path = iOSAppForTesting.app; sourceTree = BUILT_PRODUCTS_DIR; };
		03ACB5011AB555D6001B3E64 /* Info.plist */ = {isa = PBXFileReference; lastKnownFileType = text.plist.xml; path = Info.plist; sourceTree = "<group>"; };
		03ACB5021AB555D6001B3E64 /* AppDelegate.swift */ = {isa = PBXFileReference; lastKnownFileType = sourcecode.swift; path = AppDelegate.swift; sourceTree = "<group>"; };
		03ACB5041AB555D6001B3E64 /* ViewController.swift */ = {isa = PBXFileReference; lastKnownFileType = sourcecode.swift; path = ViewController.swift; sourceTree = "<group>"; };
		03ACB5071AB555D6001B3E64 /* Base */ = {isa = PBXFileReference; lastKnownFileType = file.storyboard; name = Base; path = Base.lproj/Main.storyboard; sourceTree = "<group>"; };
		03ACB5091AB555D6001B3E64 /* Images.xcassets */ = {isa = PBXFileReference; lastKnownFileType = folder.assetcatalog; path = Images.xcassets; sourceTree = "<group>"; };
		03ACB50C1AB555D6001B3E64 /* Base */ = {isa = PBXFileReference; lastKnownFileType = file.xib; name = Base; path = Base.lproj/LaunchScreen.xib; sourceTree = "<group>"; };
		03ACB5171AB555D6001B3E64 /* Info.plist */ = {isa = PBXFileReference; lastKnownFileType = text.plist.xml; path = Info.plist; sourceTree = "<group>"; };
		03ACB5181AB555D6001B3E64 /* iOSAppForTestingTests.swift */ = {isa = PBXFileReference; lastKnownFileType = sourcecode.swift; path = iOSAppForTestingTests.swift; sourceTree = "<group>"; };
		03ACB5221AB6C840001B3E64 /* AssertEqualForOptionals.swift */ = {isa = PBXFileReference; fileEncoding = 4; lastKnownFileType = sourcecode.swift; path = AssertEqualForOptionals.swift; sourceTree = "<group>"; };
		160FA2DD1BFD1A5E00D09C00 /* MutableObservable.swift */ = {isa = PBXFileReference; fileEncoding = 4; lastKnownFileType = sourcecode.swift; path = MutableObservable.swift; sourceTree = "<group>"; };
		160FA2E11BFD1ABE00D09C00 /* MutableObservableTests.swift */ = {isa = PBXFileReference; fileEncoding = 4; lastKnownFileType = sourcecode.swift; path = MutableObservableTests.swift; sourceTree = "<group>"; };
		52CC7A1D1BC4C71F0010D41E /* NSAppearanceCustomization+Bond.swift */ = {isa = PBXFileReference; fileEncoding = 4; lastKnownFileType = sourcecode.swift; path = "NSAppearanceCustomization+Bond.swift"; sourceTree = "<group>"; };
		52CC7A1F1BC4C7DC0010D41E /* NSAppearanceCustomizationTests.swift */ = {isa = PBXFileReference; fileEncoding = 4; lastKnownFileType = sourcecode.swift; path = NSAppearanceCustomizationTests.swift; sourceTree = "<group>"; };
		69491BAE1A7C217100A13B6B /* Bond.framework */ = {isa = PBXFileReference; explicitFileType = wrapper.framework; includeInIndex = 0; path = Bond.framework; sourceTree = BUILT_PRODUCTS_DIR; };
		69491BB21A7C217100A13B6B /* Info.plist */ = {isa = PBXFileReference; lastKnownFileType = text.plist.xml; path = Info.plist; sourceTree = "<group>"; };
		69491BB31A7C217100A13B6B /* Bond.h */ = {isa = PBXFileReference; lastKnownFileType = sourcecode.c.h; path = Bond.h; sourceTree = "<group>"; };
		69491BB91A7C217100A13B6B /* BondTests.xctest */ = {isa = PBXFileReference; explicitFileType = wrapper.cfbundle; includeInIndex = 0; path = BondTests.xctest; sourceTree = BUILT_PRODUCTS_DIR; };
		69491BBF1A7C217100A13B6B /* Info.plist */ = {isa = PBXFileReference; lastKnownFileType = text.plist.xml; path = Info.plist; sourceTree = "<group>"; };
		790FD79B1B7F1C3800136394 /* NSTableView+Bond.swift */ = {isa = PBXFileReference; fileEncoding = 4; lastKnownFileType = sourcecode.swift; path = "NSTableView+Bond.swift"; sourceTree = "<group>"; };
		790FD79D1B7F1CF500136394 /* NSTableViewTests.swift */ = {isa = PBXFileReference; fileEncoding = 4; lastKnownFileType = sourcecode.swift; path = NSTableViewTests.swift; sourceTree = "<group>"; };
		795D4C181B8F05C9001B80B0 /* NSIndexSet+Bond.swift */ = {isa = PBXFileReference; fileEncoding = 4; lastKnownFileType = sourcecode.swift; path = "NSIndexSet+Bond.swift"; sourceTree = "<group>"; };
		900BFC061ADFC5D5002B4B6E /* CALayerTests.swift */ = {isa = PBXFileReference; fileEncoding = 4; lastKnownFileType = sourcecode.swift; path = CALayerTests.swift; sourceTree = "<group>"; };
		900BFC091ADFC860002B4B6E /* NSButtonTests.swift */ = {isa = PBXFileReference; fileEncoding = 4; lastKnownFileType = sourcecode.swift; path = NSButtonTests.swift; sourceTree = "<group>"; };
		900BFC0C1ADFC9A5002B4B6E /* NSColorWellTests.swift */ = {isa = PBXFileReference; fileEncoding = 4; lastKnownFileType = sourcecode.swift; path = NSColorWellTests.swift; sourceTree = "<group>"; };
		900BFC0F1ADFCA46002B4B6E /* NSControlTests.swift */ = {isa = PBXFileReference; fileEncoding = 4; lastKnownFileType = sourcecode.swift; path = NSControlTests.swift; sourceTree = "<group>"; };
		900BFC111ADFCAC6002B4B6E /* NSImageViewTests.swift */ = {isa = PBXFileReference; fileEncoding = 4; lastKnownFileType = sourcecode.swift; path = NSImageViewTests.swift; sourceTree = "<group>"; };
		900BFC131ADFCBA8002B4B6E /* NSMenuItemTests.swift */ = {isa = PBXFileReference; fileEncoding = 4; lastKnownFileType = sourcecode.swift; path = NSMenuItemTests.swift; sourceTree = "<group>"; };
		900BFC151ADFCC00002B4B6E /* NSStatusBarButtonTests.swift */ = {isa = PBXFileReference; fileEncoding = 4; lastKnownFileType = sourcecode.swift; path = NSStatusBarButtonTests.swift; sourceTree = "<group>"; };
		900BFC171ADFCCEE002B4B6E /* NSTextFieldTests.swift */ = {isa = PBXFileReference; fileEncoding = 4; lastKnownFileType = sourcecode.swift; path = NSTextFieldTests.swift; sourceTree = "<group>"; };
		900BFC191ADFCD63002B4B6E /* NSTextViewTests.swift */ = {isa = PBXFileReference; fileEncoding = 4; lastKnownFileType = sourcecode.swift; path = NSTextViewTests.swift; sourceTree = "<group>"; };
		B5616DBB1BD8A39E0016CCB4 /* tvOSAppForTesting.app */ = {isa = PBXFileReference; explicitFileType = wrapper.application; includeInIndex = 0; path = tvOSAppForTesting.app; sourceTree = BUILT_PRODUCTS_DIR; };
		B5616DBD1BD8A39E0016CCB4 /* AppDelegate.swift */ = {isa = PBXFileReference; lastKnownFileType = sourcecode.swift; path = AppDelegate.swift; sourceTree = "<group>"; };
		B5616DBF1BD8A39E0016CCB4 /* ViewController.swift */ = {isa = PBXFileReference; lastKnownFileType = sourcecode.swift; path = ViewController.swift; sourceTree = "<group>"; };
		B5616DC21BD8A39E0016CCB4 /* Base */ = {isa = PBXFileReference; lastKnownFileType = file.storyboard; name = Base; path = Base.lproj/Main.storyboard; sourceTree = "<group>"; };
		B5616DC41BD8A39E0016CCB4 /* Assets.xcassets */ = {isa = PBXFileReference; lastKnownFileType = folder.assetcatalog; path = Assets.xcassets; sourceTree = "<group>"; };
		B5616DC61BD8A39E0016CCB4 /* Info.plist */ = {isa = PBXFileReference; lastKnownFileType = text.plist.xml; path = Info.plist; sourceTree = "<group>"; };
		B56989C21BD8A00C00927A6B /* Bond.framework */ = {isa = PBXFileReference; explicitFileType = wrapper.framework; includeInIndex = 0; path = Bond.framework; sourceTree = BUILT_PRODUCTS_DIR; };
		CD25268F1BDA63E7003CEACA /* UINavigationBar+Bond.swift */ = {isa = PBXFileReference; fileEncoding = 4; lastKnownFileType = sourcecode.swift; path = "UINavigationBar+Bond.swift"; sourceTree = "<group>"; };
		CD2526911BDA641E003CEACA /* UINavigationBarTests.swift */ = {isa = PBXFileReference; fileEncoding = 4; lastKnownFileType = sourcecode.swift; path = UINavigationBarTests.swift; sourceTree = "<group>"; };
		DCA979691A83C3A100DD4A30 /* Bond.framework */ = {isa = PBXFileReference; explicitFileType = wrapper.framework; includeInIndex = 0; path = Bond.framework; sourceTree = BUILT_PRODUCTS_DIR; };
		DCA979731A83C3A200DD4A30 /* BondOSXTests.xctest */ = {isa = PBXFileReference; explicitFileType = wrapper.cfbundle; includeInIndex = 0; path = BondOSXTests.xctest; sourceTree = BUILT_PRODUCTS_DIR; };
		EA3E36B71B41702100559641 /* NSLayoutConstraintTests.swift */ = {isa = PBXFileReference; fileEncoding = 4; lastKnownFileType = sourcecode.swift; path = NSLayoutConstraintTests.swift; sourceTree = "<group>"; };
		EC0075B21B90D39500249C31 /* EventProducer.swift */ = {isa = PBXFileReference; fileEncoding = 4; lastKnownFileType = sourcecode.swift; path = EventProducer.swift; sourceTree = "<group>"; };
		EC2AE4A81B788F8B00296781 /* UIRefreshControl+Bond.swift */ = {isa = PBXFileReference; fileEncoding = 4; lastKnownFileType = sourcecode.swift; path = "UIRefreshControl+Bond.swift"; sourceTree = "<group>"; };
		EC3228A91B9F5673002BE73A /* UISegmentedControl+Bond.swift */ = {isa = PBXFileReference; fileEncoding = 4; lastKnownFileType = sourcecode.swift; path = "UISegmentedControl+Bond.swift"; sourceTree = "<group>"; };
		EC3228AB1B9F5691002BE73A /* UISegmentedControlTests.swift */ = {isa = PBXFileReference; fileEncoding = 4; lastKnownFileType = sourcecode.swift; path = UISegmentedControlTests.swift; sourceTree = "<group>"; };
		ECA7254F1BB983A0003A4ABA /* SimpleDiff.swift */ = {isa = PBXFileReference; fileEncoding = 4; lastKnownFileType = sourcecode.swift; path = SimpleDiff.swift; sourceTree = "<group>"; };
		ECAD68B81B77BB1D00837A36 /* BindableType.swift */ = {isa = PBXFileReference; fileEncoding = 4; lastKnownFileType = sourcecode.swift; path = BindableType.swift; sourceTree = "<group>"; };
		ECAD68B91B77BB1D00837A36 /* Buffer.swift */ = {isa = PBXFileReference; fileEncoding = 4; lastKnownFileType = sourcecode.swift; path = Buffer.swift; sourceTree = "<group>"; };
		ECAD68BB1B77BB1D00837A36 /* Disposable.swift */ = {isa = PBXFileReference; fileEncoding = 4; lastKnownFileType = sourcecode.swift; path = Disposable.swift; sourceTree = "<group>"; };
		ECAD68BC1B77BB1D00837A36 /* DisposableType.swift */ = {isa = PBXFileReference; fileEncoding = 4; lastKnownFileType = sourcecode.swift; path = DisposableType.swift; sourceTree = "<group>"; };
		ECAD68BF1B77BB1D00837A36 /* Observable.swift */ = {isa = PBXFileReference; fileEncoding = 4; lastKnownFileType = sourcecode.swift; path = Observable.swift; sourceTree = "<group>"; };
		ECAD68C01B77BB1D00837A36 /* EventProducerType.swift */ = {isa = PBXFileReference; fileEncoding = 4; lastKnownFileType = sourcecode.swift; path = EventProducerType.swift; sourceTree = "<group>"; };
		ECAD68C11B77BB1D00837A36 /* Operators.swift */ = {isa = PBXFileReference; fileEncoding = 4; lastKnownFileType = sourcecode.swift; path = Operators.swift; sourceTree = "<group>"; };
		ECAD68C21B77BB1D00837A36 /* OptionalType.swift */ = {isa = PBXFileReference; fileEncoding = 4; lastKnownFileType = sourcecode.swift; path = OptionalType.swift; sourceTree = "<group>"; };
		ECAD68C41B77BB1D00837A36 /* Queue.swift */ = {isa = PBXFileReference; fileEncoding = 4; lastKnownFileType = sourcecode.swift; path = Queue.swift; sourceTree = "<group>"; };
		ECAD68C51B77BB1D00837A36 /* Reference.swift */ = {isa = PBXFileReference; fileEncoding = 4; lastKnownFileType = sourcecode.swift; path = Reference.swift; sourceTree = "<group>"; };
		ECAD68C71B77BB1D00837A36 /* ObservableArray.swift */ = {isa = PBXFileReference; fileEncoding = 4; lastKnownFileType = sourcecode.swift; path = ObservableArray.swift; sourceTree = "<group>"; };
		ECAD68C81B77BB1D00837A36 /* ObservableArrayEvent.swift */ = {isa = PBXFileReference; fileEncoding = 4; lastKnownFileType = sourcecode.swift; path = ObservableArrayEvent.swift; sourceTree = "<group>"; };
		ECAD68CB1B77BB1D00837A36 /* UIActivityIndicatorView+Bond.swift */ = {isa = PBXFileReference; fileEncoding = 4; lastKnownFileType = sourcecode.swift; path = "UIActivityIndicatorView+Bond.swift"; sourceTree = "<group>"; };
		ECAD68CC1B77BB1D00837A36 /* UIBarItem+Bond.swift */ = {isa = PBXFileReference; fileEncoding = 4; lastKnownFileType = sourcecode.swift; path = "UIBarItem+Bond.swift"; sourceTree = "<group>"; };
		ECAD68CD1B77BB1D00837A36 /* UIButton+Bond.swift */ = {isa = PBXFileReference; fileEncoding = 4; lastKnownFileType = sourcecode.swift; path = "UIButton+Bond.swift"; sourceTree = "<group>"; };
		ECAD68CE1B77BB1D00837A36 /* UICollectionView+Bond.swift */ = {isa = PBXFileReference; fileEncoding = 4; lastKnownFileType = sourcecode.swift; path = "UICollectionView+Bond.swift"; sourceTree = "<group>"; };
		ECAD68CF1B77BB1D00837A36 /* UIControl+Bond.swift */ = {isa = PBXFileReference; fileEncoding = 4; lastKnownFileType = sourcecode.swift; path = "UIControl+Bond.swift"; sourceTree = "<group>"; };
		ECAD68D01B77BB1D00837A36 /* UIDatePicker+Bond.swift */ = {isa = PBXFileReference; fileEncoding = 4; lastKnownFileType = sourcecode.swift; path = "UIDatePicker+Bond.swift"; sourceTree = "<group>"; };
		ECAD68D11B77BB1D00837A36 /* UIImageView+Bond.swift */ = {isa = PBXFileReference; fileEncoding = 4; lastKnownFileType = sourcecode.swift; path = "UIImageView+Bond.swift"; sourceTree = "<group>"; };
		ECAD68D21B77BB1D00837A36 /* UILabel+Bond.swift */ = {isa = PBXFileReference; fileEncoding = 4; lastKnownFileType = sourcecode.swift; path = "UILabel+Bond.swift"; sourceTree = "<group>"; };
		ECAD68D31B77BB1D00837A36 /* UINavigationItem+Bond.swift */ = {isa = PBXFileReference; fileEncoding = 4; lastKnownFileType = sourcecode.swift; path = "UINavigationItem+Bond.swift"; sourceTree = "<group>"; };
		ECAD68D41B77BB1D00837A36 /* UIProgressView+Bond.swift */ = {isa = PBXFileReference; fileEncoding = 4; lastKnownFileType = sourcecode.swift; path = "UIProgressView+Bond.swift"; sourceTree = "<group>"; };
		ECAD68D51B77BB1D00837A36 /* UISlider+Bond.swift */ = {isa = PBXFileReference; fileEncoding = 4; lastKnownFileType = sourcecode.swift; path = "UISlider+Bond.swift"; sourceTree = "<group>"; };
		ECAD68D61B77BB1D00837A36 /* UISwitch+Bond.swift */ = {isa = PBXFileReference; fileEncoding = 4; lastKnownFileType = sourcecode.swift; path = "UISwitch+Bond.swift"; sourceTree = "<group>"; };
		ECAD68D71B77BB1D00837A36 /* UITableView+Bond.swift */ = {isa = PBXFileReference; fileEncoding = 4; lastKnownFileType = sourcecode.swift; path = "UITableView+Bond.swift"; sourceTree = "<group>"; };
		ECAD68D81B77BB1D00837A36 /* UITextField+Bond.swift */ = {isa = PBXFileReference; fileEncoding = 4; lastKnownFileType = sourcecode.swift; path = "UITextField+Bond.swift"; sourceTree = "<group>"; };
		ECAD68D91B77BB1D00837A36 /* UITextView+Bond.swift */ = {isa = PBXFileReference; fileEncoding = 4; lastKnownFileType = sourcecode.swift; path = "UITextView+Bond.swift"; sourceTree = "<group>"; };
		ECAD68DA1B77BB1D00837A36 /* UIView+Bond.swift */ = {isa = PBXFileReference; fileEncoding = 4; lastKnownFileType = sourcecode.swift; path = "UIView+Bond.swift"; sourceTree = "<group>"; };
		ECAD68DC1B77BB1D00837A36 /* NSButton+Bond.swift */ = {isa = PBXFileReference; fileEncoding = 4; lastKnownFileType = sourcecode.swift; path = "NSButton+Bond.swift"; sourceTree = "<group>"; };
		ECAD68DD1B77BB1D00837A36 /* NSColorWell+Bond.swift */ = {isa = PBXFileReference; fileEncoding = 4; lastKnownFileType = sourcecode.swift; path = "NSColorWell+Bond.swift"; sourceTree = "<group>"; };
		ECAD68DE1B77BB1D00837A36 /* NSControl+Bond.swift */ = {isa = PBXFileReference; fileEncoding = 4; lastKnownFileType = sourcecode.swift; path = "NSControl+Bond.swift"; sourceTree = "<group>"; };
		ECAD68DF1B77BB1D00837A36 /* NSImageView+Bond.swift */ = {isa = PBXFileReference; fileEncoding = 4; lastKnownFileType = sourcecode.swift; path = "NSImageView+Bond.swift"; sourceTree = "<group>"; };
		ECAD68E01B77BB1D00837A36 /* NSMenuItem+Bond.swift */ = {isa = PBXFileReference; fileEncoding = 4; lastKnownFileType = sourcecode.swift; path = "NSMenuItem+Bond.swift"; sourceTree = "<group>"; };
		ECAD68E11B77BB1D00837A36 /* NSStatusBarButton+Bond.swift */ = {isa = PBXFileReference; fileEncoding = 4; lastKnownFileType = sourcecode.swift; path = "NSStatusBarButton+Bond.swift"; sourceTree = "<group>"; };
		ECAD68E21B77BB1D00837A36 /* NSTextField+Bond.swift */ = {isa = PBXFileReference; fileEncoding = 4; lastKnownFileType = sourcecode.swift; path = "NSTextField+Bond.swift"; sourceTree = "<group>"; };
		ECAD68E31B77BB1D00837A36 /* NSTextView+Bond.swift */ = {isa = PBXFileReference; fileEncoding = 4; lastKnownFileType = sourcecode.swift; path = "NSTextView+Bond.swift"; sourceTree = "<group>"; };
		ECAD68E51B77BB1D00837A36 /* CALayer+Bond.swift */ = {isa = PBXFileReference; fileEncoding = 4; lastKnownFileType = sourcecode.swift; path = "CALayer+Bond.swift"; sourceTree = "<group>"; };
		ECAD68E61B77BB1D00837A36 /* NSLayoutConstraint+Bond.swift */ = {isa = PBXFileReference; fileEncoding = 4; lastKnownFileType = sourcecode.swift; path = "NSLayoutConstraint+Bond.swift"; sourceTree = "<group>"; };
		ECAD68E71B77BB1D00837A36 /* NSLock+Bond.swift */ = {isa = PBXFileReference; fileEncoding = 4; lastKnownFileType = sourcecode.swift; path = "NSLock+Bond.swift"; sourceTree = "<group>"; };
		ECAD68E81B77BB1D00837A36 /* NSNotificationCenter+Bond.swift */ = {isa = PBXFileReference; fileEncoding = 4; lastKnownFileType = sourcecode.swift; path = "NSNotificationCenter+Bond.swift"; sourceTree = "<group>"; };
		ECAD68E91B77BB1D00837A36 /* NSObject+Bond.swift */ = {isa = PBXFileReference; fileEncoding = 4; lastKnownFileType = sourcecode.swift; path = "NSObject+Bond.swift"; sourceTree = "<group>"; };
		ECAD695D1B77D43D00837A36 /* UIActivityIndicatorTests.swift */ = {isa = PBXFileReference; fileEncoding = 4; lastKnownFileType = sourcecode.swift; path = UIActivityIndicatorTests.swift; sourceTree = "<group>"; };
		ECAD695E1B77D43D00837A36 /* UIBarItemTests.swift */ = {isa = PBXFileReference; fileEncoding = 4; lastKnownFileType = sourcecode.swift; path = UIBarItemTests.swift; sourceTree = "<group>"; };
		ECAD695F1B77D43D00837A36 /* UIButtonTests.swift */ = {isa = PBXFileReference; fileEncoding = 4; lastKnownFileType = sourcecode.swift; path = UIButtonTests.swift; sourceTree = "<group>"; };
		ECAD69601B77D43D00837A36 /* UICollectionViewTests.swift */ = {isa = PBXFileReference; fileEncoding = 4; lastKnownFileType = sourcecode.swift; path = UICollectionViewTests.swift; sourceTree = "<group>"; };
		ECAD69611B77D43D00837A36 /* UIControlTests.swift */ = {isa = PBXFileReference; fileEncoding = 4; lastKnownFileType = sourcecode.swift; path = UIControlTests.swift; sourceTree = "<group>"; };
		ECAD69621B77D43D00837A36 /* UIDatePickerTests.swift */ = {isa = PBXFileReference; fileEncoding = 4; lastKnownFileType = sourcecode.swift; path = UIDatePickerTests.swift; sourceTree = "<group>"; };
		ECAD69631B77D43D00837A36 /* UIImageViewTests.swift */ = {isa = PBXFileReference; fileEncoding = 4; lastKnownFileType = sourcecode.swift; path = UIImageViewTests.swift; sourceTree = "<group>"; };
		ECAD69641B77D43D00837A36 /* UIKitBondTests.swift */ = {isa = PBXFileReference; fileEncoding = 4; lastKnownFileType = sourcecode.swift; path = UIKitBondTests.swift; sourceTree = "<group>"; };
		ECAD69651B77D43D00837A36 /* UILabelTests.swift */ = {isa = PBXFileReference; fileEncoding = 4; lastKnownFileType = sourcecode.swift; path = UILabelTests.swift; sourceTree = "<group>"; };
		ECAD69661B77D43D00837A36 /* UINavigationItemTests.swift */ = {isa = PBXFileReference; fileEncoding = 4; lastKnownFileType = sourcecode.swift; path = UINavigationItemTests.swift; sourceTree = "<group>"; };
		ECAD69671B77D43D00837A36 /* UIProgressViewTests.swift */ = {isa = PBXFileReference; fileEncoding = 4; lastKnownFileType = sourcecode.swift; path = UIProgressViewTests.swift; sourceTree = "<group>"; };
		ECAD69681B77D43D00837A36 /* UISliderTests.swift */ = {isa = PBXFileReference; fileEncoding = 4; lastKnownFileType = sourcecode.swift; path = UISliderTests.swift; sourceTree = "<group>"; };
		ECAD69691B77D43D00837A36 /* UISwitchTests.swift */ = {isa = PBXFileReference; fileEncoding = 4; lastKnownFileType = sourcecode.swift; path = UISwitchTests.swift; sourceTree = "<group>"; };
		ECAD696A1B77D43D00837A36 /* UITableViewTests.swift */ = {isa = PBXFileReference; fileEncoding = 4; lastKnownFileType = sourcecode.swift; path = UITableViewTests.swift; sourceTree = "<group>"; };
		ECAD696B1B77D43D00837A36 /* UITextFieldTests.swift */ = {isa = PBXFileReference; fileEncoding = 4; lastKnownFileType = sourcecode.swift; path = UITextFieldTests.swift; sourceTree = "<group>"; };
		ECAD696C1B77D43D00837A36 /* UITextViewTests.swift */ = {isa = PBXFileReference; fileEncoding = 4; lastKnownFileType = sourcecode.swift; path = UITextViewTests.swift; sourceTree = "<group>"; };
		ECAD696D1B77D43D00837A36 /* UIViewTests.swift */ = {isa = PBXFileReference; fileEncoding = 4; lastKnownFileType = sourcecode.swift; path = UIViewTests.swift; sourceTree = "<group>"; };
		ECAD69801B77D45600837A36 /* EventProducerTests.swift */ = {isa = PBXFileReference; fileEncoding = 4; lastKnownFileType = sourcecode.swift; path = EventProducerTests.swift; sourceTree = "<group>"; };
		ECAD69821B77D45600837A36 /* ObservableTests.swift */ = {isa = PBXFileReference; fileEncoding = 4; lastKnownFileType = sourcecode.swift; path = ObservableTests.swift; sourceTree = "<group>"; };
		ECAD69831B77D45600837A36 /* ObservableArrayEventTests.swift */ = {isa = PBXFileReference; fileEncoding = 4; lastKnownFileType = sourcecode.swift; path = ObservableArrayEventTests.swift; sourceTree = "<group>"; };
		ECAD69841B77D45600837A36 /* ObservableArrayTests.swift */ = {isa = PBXFileReference; fileEncoding = 4; lastKnownFileType = sourcecode.swift; path = ObservableArrayTests.swift; sourceTree = "<group>"; };
		ECBF04DE1B808B20001F6BCA /* DisposableTests.swift */ = {isa = PBXFileReference; fileEncoding = 4; lastKnownFileType = sourcecode.swift; path = DisposableTests.swift; sourceTree = "<group>"; };
		ECD653A21A9B6B6B0038A9AC /* Bond.podspec */ = {isa = PBXFileReference; fileEncoding = 4; lastKnownFileType = text; path = Bond.podspec; sourceTree = "<group>"; };
		ECD653A41A9B6B770038A9AC /* README.md */ = {isa = PBXFileReference; lastKnownFileType = net.daringfireball.markdown; path = README.md; sourceTree = "<group>"; };
		ECFFF4BA1B84B840001B5B0D /* NSObjectTests.swift */ = {isa = PBXFileReference; fileEncoding = 4; lastKnownFileType = sourcecode.swift; path = NSObjectTests.swift; sourceTree = "<group>"; };
/* End PBXFileReference section */

/* Begin PBXFrameworksBuildPhase section */
		03ACB4FB1AB555D6001B3E64 /* Frameworks */ = {
			isa = PBXFrameworksBuildPhase;
			buildActionMask = 2147483647;
			files = (
				EC0388991B0DD25700E32454 /* Bond.framework in Frameworks */,
			);
			runOnlyForDeploymentPostprocessing = 0;
		};
		69491BAA1A7C217100A13B6B /* Frameworks */ = {
			isa = PBXFrameworksBuildPhase;
			buildActionMask = 2147483647;
			files = (
			);
			runOnlyForDeploymentPostprocessing = 0;
		};
		69491BB61A7C217100A13B6B /* Frameworks */ = {
			isa = PBXFrameworksBuildPhase;
			buildActionMask = 2147483647;
			files = (
				69491BBA1A7C217100A13B6B /* Bond.framework in Frameworks */,
			);
			runOnlyForDeploymentPostprocessing = 0;
		};
		B5616DB81BD8A39E0016CCB4 /* Frameworks */ = {
			isa = PBXFrameworksBuildPhase;
			buildActionMask = 2147483647;
			files = (
			);
			runOnlyForDeploymentPostprocessing = 0;
		};
		B56989BE1BD8A00C00927A6B /* Frameworks */ = {
			isa = PBXFrameworksBuildPhase;
			buildActionMask = 2147483647;
			files = (
			);
			runOnlyForDeploymentPostprocessing = 0;
		};
		DCA979651A83C3A100DD4A30 /* Frameworks */ = {
			isa = PBXFrameworksBuildPhase;
			buildActionMask = 2147483647;
			files = (
			);
			runOnlyForDeploymentPostprocessing = 0;
		};
		DCA979701A83C3A200DD4A30 /* Frameworks */ = {
			isa = PBXFrameworksBuildPhase;
			buildActionMask = 2147483647;
			files = (
				DCA979741A83C3A200DD4A30 /* Bond.framework in Frameworks */,
			);
			runOnlyForDeploymentPostprocessing = 0;
		};
/* End PBXFrameworksBuildPhase section */

/* Begin PBXGroup section */
		03ACB4FF1AB555D6001B3E64 /* iOSAppForTesting */ = {
			isa = PBXGroup;
			children = (
				03ACB5021AB555D6001B3E64 /* AppDelegate.swift */,
				03ACB5041AB555D6001B3E64 /* ViewController.swift */,
				03ACB5061AB555D6001B3E64 /* Main.storyboard */,
				03ACB5091AB555D6001B3E64 /* Images.xcassets */,
				03ACB50B1AB555D6001B3E64 /* LaunchScreen.xib */,
				03ACB5001AB555D6001B3E64 /* Supporting Files */,
			);
			path = iOSAppForTesting;
			sourceTree = "<group>";
		};
		03ACB5001AB555D6001B3E64 /* Supporting Files */ = {
			isa = PBXGroup;
			children = (
				03ACB5011AB555D6001B3E64 /* Info.plist */,
			);
			name = "Supporting Files";
			sourceTree = "<group>";
		};
		03ACB5151AB555D6001B3E64 /* iOSAppForTestingTests */ = {
			isa = PBXGroup;
			children = (
				03ACB5181AB555D6001B3E64 /* iOSAppForTestingTests.swift */,
				03ACB5161AB555D6001B3E64 /* Supporting Files */,
			);
			path = iOSAppForTestingTests;
			sourceTree = "<group>";
		};
		03ACB5161AB555D6001B3E64 /* Supporting Files */ = {
			isa = PBXGroup;
			children = (
				03ACB5171AB555D6001B3E64 /* Info.plist */,
			);
			name = "Supporting Files";
			sourceTree = "<group>";
		};
		69491BA41A7C217100A13B6B = {
			isa = PBXGroup;
			children = (
				ECD653A21A9B6B6B0038A9AC /* Bond.podspec */,
				ECD653A41A9B6B770038A9AC /* README.md */,
				69491BB01A7C217100A13B6B /* Bond */,
				69491BBD1A7C217100A13B6B /* BondTests */,
				03ACB4FF1AB555D6001B3E64 /* iOSAppForTesting */,
				03ACB5151AB555D6001B3E64 /* iOSAppForTestingTests */,
				B5616DBC1BD8A39E0016CCB4 /* tvOSAppForTesting */,
				69491BAF1A7C217100A13B6B /* Products */,
			);
			indentWidth = 2;
			sourceTree = "<group>";
			tabWidth = 2;
			usesTabs = 0;
		};
		69491BAF1A7C217100A13B6B /* Products */ = {
			isa = PBXGroup;
			children = (
				69491BAE1A7C217100A13B6B /* Bond.framework */,
				69491BB91A7C217100A13B6B /* BondTests.xctest */,
				DCA979691A83C3A100DD4A30 /* Bond.framework */,
				DCA979731A83C3A200DD4A30 /* BondOSXTests.xctest */,
				03ACB4FE1AB555D6001B3E64 /* iOSAppForTesting.app */,
				B56989C21BD8A00C00927A6B /* Bond.framework */,
				B5616DBB1BD8A39E0016CCB4 /* tvOSAppForTesting.app */,
			);
			name = Products;
			sourceTree = "<group>";
		};
		69491BB01A7C217100A13B6B /* Bond */ = {
			isa = PBXGroup;
			children = (
				69491BB31A7C217100A13B6B /* Bond.h */,
				ECAD68B71B77BB1D00837A36 /* Core */,
				ECAD68C91B77BB1D00837A36 /* Extensions */,
				69491BB11A7C217100A13B6B /* Supporting Files */,
			);
			path = Bond;
			sourceTree = "<group>";
		};
		69491BB11A7C217100A13B6B /* Supporting Files */ = {
			isa = PBXGroup;
			children = (
				69491BB21A7C217100A13B6B /* Info.plist */,
			);
			name = "Supporting Files";
			sourceTree = "<group>";
		};
		69491BBD1A7C217100A13B6B /* BondTests */ = {
			isa = PBXGroup;
			children = (
				03ACB5221AB6C840001B3E64 /* AssertEqualForOptionals.swift */,
				ECAD697F1B77D44A00837A36 /* Core */,
				ECAD695C1B77D43500837A36 /* UIKit */,
				900BFC041ADFC5AF002B4B6E /* AppKit */,
				900BFC051ADFC5B5002B4B6E /* Shared */,
				69491BBE1A7C217100A13B6B /* Supporting Files */,
			);
			path = BondTests;
			sourceTree = "<group>";
		};
		69491BBE1A7C217100A13B6B /* Supporting Files */ = {
			isa = PBXGroup;
			children = (
				69491BBF1A7C217100A13B6B /* Info.plist */,
			);
			name = "Supporting Files";
			sourceTree = "<group>";
		};
		900BFC041ADFC5AF002B4B6E /* AppKit */ = {
			isa = PBXGroup;
			children = (
				52CC7A1F1BC4C7DC0010D41E /* NSAppearanceCustomizationTests.swift */,
				900BFC091ADFC860002B4B6E /* NSButtonTests.swift */,
				900BFC0C1ADFC9A5002B4B6E /* NSColorWellTests.swift */,
				900BFC0F1ADFCA46002B4B6E /* NSControlTests.swift */,
				900BFC111ADFCAC6002B4B6E /* NSImageViewTests.swift */,
				900BFC131ADFCBA8002B4B6E /* NSMenuItemTests.swift */,
				900BFC151ADFCC00002B4B6E /* NSStatusBarButtonTests.swift */,
				790FD79D1B7F1CF500136394 /* NSTableViewTests.swift */,
				900BFC171ADFCCEE002B4B6E /* NSTextFieldTests.swift */,
				900BFC191ADFCD63002B4B6E /* NSTextViewTests.swift */,
			);
			name = AppKit;
			sourceTree = "<group>";
		};
		900BFC051ADFC5B5002B4B6E /* Shared */ = {
			isa = PBXGroup;
			children = (
				ECFFF4BA1B84B840001B5B0D /* NSObjectTests.swift */,
				EA3E36B71B41702100559641 /* NSLayoutConstraintTests.swift */,
				900BFC061ADFC5D5002B4B6E /* CALayerTests.swift */,
			);
			name = Shared;
			sourceTree = "<group>";
		};
		B5616DBC1BD8A39E0016CCB4 /* tvOSAppForTesting */ = {
			isa = PBXGroup;
			children = (
				B5616DBD1BD8A39E0016CCB4 /* AppDelegate.swift */,
				B5616DBF1BD8A39E0016CCB4 /* ViewController.swift */,
				B5616DC11BD8A39E0016CCB4 /* Main.storyboard */,
				B5616DC41BD8A39E0016CCB4 /* Assets.xcassets */,
				B5616DC61BD8A39E0016CCB4 /* Info.plist */,
			);
			path = tvOSAppForTesting;
			sourceTree = "<group>";
		};
		ECAD68B71B77BB1D00837A36 /* Core */ = {
			isa = PBXGroup;
			children = (
				ECAD68C01B77BB1D00837A36 /* EventProducerType.swift */,
				EC0075B21B90D39500249C31 /* EventProducer.swift */,
				ECAD68BF1B77BB1D00837A36 /* Observable.swift */,
				160FA2DD1BFD1A5E00D09C00 /* MutableObservable.swift */,
				ECAD68C71B77BB1D00837A36 /* ObservableArray.swift */,
				ECAD68C81B77BB1D00837A36 /* ObservableArrayEvent.swift */,
				ECAD68BC1B77BB1D00837A36 /* DisposableType.swift */,
				ECAD68BB1B77BB1D00837A36 /* Disposable.swift */,
				ECAD68B81B77BB1D00837A36 /* BindableType.swift */,
				ECAD68C21B77BB1D00837A36 /* OptionalType.swift */,
				ECAD68B91B77BB1D00837A36 /* Buffer.swift */,
				ECAD68C41B77BB1D00837A36 /* Queue.swift */,
				ECAD68C51B77BB1D00837A36 /* Reference.swift */,
				ECAD68C11B77BB1D00837A36 /* Operators.swift */,
				ECA7254F1BB983A0003A4ABA /* SimpleDiff.swift */,
			);
			path = Core;
			sourceTree = "<group>";
		};
		ECAD68C91B77BB1D00837A36 /* Extensions */ = {
			isa = PBXGroup;
			children = (
				ECAD68CA1B77BB1D00837A36 /* iOS */,
				ECAD68DB1B77BB1D00837A36 /* OSX */,
				ECAD68E41B77BB1D00837A36 /* Shared */,
			);
			path = Extensions;
			sourceTree = "<group>";
		};
		ECAD68CA1B77BB1D00837A36 /* iOS */ = {
			isa = PBXGroup;
			children = (
				ECAD68CB1B77BB1D00837A36 /* UIActivityIndicatorView+Bond.swift */,
				EC3228A91B9F5673002BE73A /* UISegmentedControl+Bond.swift */,
				EC2AE4A81B788F8B00296781 /* UIRefreshControl+Bond.swift */,
				ECAD68CC1B77BB1D00837A36 /* UIBarItem+Bond.swift */,
				ECAD68CD1B77BB1D00837A36 /* UIButton+Bond.swift */,
				ECAD68CE1B77BB1D00837A36 /* UICollectionView+Bond.swift */,
				ECAD68CF1B77BB1D00837A36 /* UIControl+Bond.swift */,
				ECAD68D01B77BB1D00837A36 /* UIDatePicker+Bond.swift */,
				ECAD68D11B77BB1D00837A36 /* UIImageView+Bond.swift */,
				ECAD68D21B77BB1D00837A36 /* UILabel+Bond.swift */,
				CD25268F1BDA63E7003CEACA /* UINavigationBar+Bond.swift */,
				ECAD68D31B77BB1D00837A36 /* UINavigationItem+Bond.swift */,
				ECAD68D41B77BB1D00837A36 /* UIProgressView+Bond.swift */,
				ECAD68D51B77BB1D00837A36 /* UISlider+Bond.swift */,
				ECAD68D61B77BB1D00837A36 /* UISwitch+Bond.swift */,
				ECAD68D71B77BB1D00837A36 /* UITableView+Bond.swift */,
				ECAD68D81B77BB1D00837A36 /* UITextField+Bond.swift */,
				ECAD68D91B77BB1D00837A36 /* UITextView+Bond.swift */,
				ECAD68DA1B77BB1D00837A36 /* UIView+Bond.swift */,
			);
			path = iOS;
			sourceTree = "<group>";
		};
		ECAD68DB1B77BB1D00837A36 /* OSX */ = {
			isa = PBXGroup;
			children = (
				52CC7A1D1BC4C71F0010D41E /* NSAppearanceCustomization+Bond.swift */,
				ECAD68DC1B77BB1D00837A36 /* NSButton+Bond.swift */,
				ECAD68DD1B77BB1D00837A36 /* NSColorWell+Bond.swift */,
				ECAD68DE1B77BB1D00837A36 /* NSControl+Bond.swift */,
				ECAD68DF1B77BB1D00837A36 /* NSImageView+Bond.swift */,
				ECAD68E01B77BB1D00837A36 /* NSMenuItem+Bond.swift */,
				ECAD68E11B77BB1D00837A36 /* NSStatusBarButton+Bond.swift */,
				790FD79B1B7F1C3800136394 /* NSTableView+Bond.swift */,
				ECAD68E21B77BB1D00837A36 /* NSTextField+Bond.swift */,
				ECAD68E31B77BB1D00837A36 /* NSTextView+Bond.swift */,
			);
			path = OSX;
			sourceTree = "<group>";
		};
		ECAD68E41B77BB1D00837A36 /* Shared */ = {
			isa = PBXGroup;
			children = (
				ECAD68E51B77BB1D00837A36 /* CALayer+Bond.swift */,
				795D4C181B8F05C9001B80B0 /* NSIndexSet+Bond.swift */,
				ECAD68E61B77BB1D00837A36 /* NSLayoutConstraint+Bond.swift */,
				ECAD68E71B77BB1D00837A36 /* NSLock+Bond.swift */,
				ECAD68E81B77BB1D00837A36 /* NSNotificationCenter+Bond.swift */,
				ECAD68E91B77BB1D00837A36 /* NSObject+Bond.swift */,
			);
			path = Shared;
			sourceTree = "<group>";
		};
		ECAD695C1B77D43500837A36 /* UIKit */ = {
			isa = PBXGroup;
			children = (
				ECAD695D1B77D43D00837A36 /* UIActivityIndicatorTests.swift */,
				EC3228AB1B9F5691002BE73A /* UISegmentedControlTests.swift */,
				ECAD695E1B77D43D00837A36 /* UIBarItemTests.swift */,
				ECAD695F1B77D43D00837A36 /* UIButtonTests.swift */,
				ECAD69601B77D43D00837A36 /* UICollectionViewTests.swift */,
				ECAD69611B77D43D00837A36 /* UIControlTests.swift */,
				ECAD69621B77D43D00837A36 /* UIDatePickerTests.swift */,
				ECAD69631B77D43D00837A36 /* UIImageViewTests.swift */,
				ECAD69641B77D43D00837A36 /* UIKitBondTests.swift */,
				ECAD69651B77D43D00837A36 /* UILabelTests.swift */,
				CD2526911BDA641E003CEACA /* UINavigationBarTests.swift */,
				ECAD69661B77D43D00837A36 /* UINavigationItemTests.swift */,
				ECAD69671B77D43D00837A36 /* UIProgressViewTests.swift */,
				ECAD69681B77D43D00837A36 /* UISliderTests.swift */,
				ECAD69691B77D43D00837A36 /* UISwitchTests.swift */,
				ECAD696A1B77D43D00837A36 /* UITableViewTests.swift */,
				ECAD696B1B77D43D00837A36 /* UITextFieldTests.swift */,
				ECAD696C1B77D43D00837A36 /* UITextViewTests.swift */,
				ECAD696D1B77D43D00837A36 /* UIViewTests.swift */,
			);
			name = UIKit;
			sourceTree = "<group>";
		};
		ECAD697F1B77D44A00837A36 /* Core */ = {
			isa = PBXGroup;
			children = (
				ECAD69801B77D45600837A36 /* EventProducerTests.swift */,
				ECAD69821B77D45600837A36 /* ObservableTests.swift */,
				160FA2E11BFD1ABE00D09C00 /* MutableObservableTests.swift */,
				ECAD69841B77D45600837A36 /* ObservableArrayTests.swift */,
				ECAD69831B77D45600837A36 /* ObservableArrayEventTests.swift */,
				ECBF04DE1B808B20001F6BCA /* DisposableTests.swift */,
			);
			name = Core;
			sourceTree = "<group>";
		};
/* End PBXGroup section */

/* Begin PBXHeadersBuildPhase section */
		69491BAB1A7C217100A13B6B /* Headers */ = {
			isa = PBXHeadersBuildPhase;
			buildActionMask = 2147483647;
			files = (
				69491BB41A7C217100A13B6B /* Bond.h in Headers */,
			);
			runOnlyForDeploymentPostprocessing = 0;
		};
		B56989BF1BD8A00C00927A6B /* Headers */ = {
			isa = PBXHeadersBuildPhase;
			buildActionMask = 2147483647;
			files = (
			);
			runOnlyForDeploymentPostprocessing = 0;
		};
		DCA979661A83C3A100DD4A30 /* Headers */ = {
			isa = PBXHeadersBuildPhase;
			buildActionMask = 2147483647;
			files = (
			);
			runOnlyForDeploymentPostprocessing = 0;
		};
/* End PBXHeadersBuildPhase section */

/* Begin PBXNativeTarget section */
		03ACB4FD1AB555D6001B3E64 /* iOSAppForTesting */ = {
			isa = PBXNativeTarget;
			buildConfigurationList = 03ACB51E1AB555D6001B3E64 /* Build configuration list for PBXNativeTarget "iOSAppForTesting" */;
			buildPhases = (
				03ACB4FA1AB555D6001B3E64 /* Sources */,
				03ACB4FB1AB555D6001B3E64 /* Frameworks */,
				03ACB4FC1AB555D6001B3E64 /* Resources */,
			);
			buildRules = (
			);
			dependencies = (
				EC0388981B0DD25200E32454 /* PBXTargetDependency */,
			);
			name = iOSAppForTesting;
			productName = iOSAppForTesting;
			productReference = 03ACB4FE1AB555D6001B3E64 /* iOSAppForTesting.app */;
			productType = "com.apple.product-type.application";
		};
		69491BAD1A7C217100A13B6B /* Bond */ = {
			isa = PBXNativeTarget;
			buildConfigurationList = 69491BC41A7C217100A13B6B /* Build configuration list for PBXNativeTarget "Bond" */;
			buildPhases = (
				69491BA91A7C217100A13B6B /* Sources */,
				69491BAA1A7C217100A13B6B /* Frameworks */,
				69491BAB1A7C217100A13B6B /* Headers */,
				69491BAC1A7C217100A13B6B /* Resources */,
			);
			buildRules = (
			);
			dependencies = (
			);
			name = Bond;
			productName = Bond;
			productReference = 69491BAE1A7C217100A13B6B /* Bond.framework */;
			productType = "com.apple.product-type.framework";
		};
		69491BB81A7C217100A13B6B /* BondTests */ = {
			isa = PBXNativeTarget;
			buildConfigurationList = 69491BC71A7C217100A13B6B /* Build configuration list for PBXNativeTarget "BondTests" */;
			buildPhases = (
				69491BB51A7C217100A13B6B /* Sources */,
				69491BB61A7C217100A13B6B /* Frameworks */,
				69491BB71A7C217100A13B6B /* Resources */,
			);
			buildRules = (
			);
			dependencies = (
				69491BBC1A7C217100A13B6B /* PBXTargetDependency */,
				03ACB5211AB555EF001B3E64 /* PBXTargetDependency */,
			);
			name = BondTests;
			productName = BondTests;
			productReference = 69491BB91A7C217100A13B6B /* BondTests.xctest */;
			productType = "com.apple.product-type.bundle.unit-test";
		};
		B5616DBA1BD8A39E0016CCB4 /* tvOSAppForTesting */ = {
			isa = PBXNativeTarget;
			buildConfigurationList = B5616DC71BD8A39E0016CCB4 /* Build configuration list for PBXNativeTarget "tvOSAppForTesting" */;
			buildPhases = (
				B5616DB71BD8A39E0016CCB4 /* Sources */,
				B5616DB81BD8A39E0016CCB4 /* Frameworks */,
				B5616DB91BD8A39E0016CCB4 /* Resources */,
			);
			buildRules = (
			);
			dependencies = (
			);
			name = tvOSAppForTesting;
			productName = tvOSAppForTesting;
			productReference = B5616DBB1BD8A39E0016CCB4 /* tvOSAppForTesting.app */;
			productType = "com.apple.product-type.application";
		};
		B56989C11BD8A00C00927A6B /* BondtvOS */ = {
			isa = PBXNativeTarget;
			buildConfigurationList = B56989C91BD8A00C00927A6B /* Build configuration list for PBXNativeTarget "BondtvOS" */;
			buildPhases = (
				B56989BD1BD8A00C00927A6B /* Sources */,
				B56989BE1BD8A00C00927A6B /* Frameworks */,
				B56989BF1BD8A00C00927A6B /* Headers */,
				B56989C01BD8A00C00927A6B /* Resources */,
			);
			buildRules = (
			);
			dependencies = (
			);
			name = BondtvOS;
			productName = BondtvOS;
			productReference = B56989C21BD8A00C00927A6B /* Bond.framework */;
			productType = "com.apple.product-type.framework";
		};
		DCA979681A83C3A100DD4A30 /* BondOSX */ = {
			isa = PBXNativeTarget;
			buildConfigurationList = DCA9797C1A83C3A200DD4A30 /* Build configuration list for PBXNativeTarget "BondOSX" */;
			buildPhases = (
				DCA979641A83C3A100DD4A30 /* Sources */,
				DCA979651A83C3A100DD4A30 /* Frameworks */,
				DCA979661A83C3A100DD4A30 /* Headers */,
				DCA979671A83C3A100DD4A30 /* Resources */,
			);
			buildRules = (
			);
			dependencies = (
			);
			name = BondOSX;
			productName = BondOSX;
			productReference = DCA979691A83C3A100DD4A30 /* Bond.framework */;
			productType = "com.apple.product-type.framework";
		};
		DCA979721A83C3A200DD4A30 /* BondOSXTests */ = {
			isa = PBXNativeTarget;
			buildConfigurationList = DCA9797F1A83C3A200DD4A30 /* Build configuration list for PBXNativeTarget "BondOSXTests" */;
			buildPhases = (
				DCA9796F1A83C3A200DD4A30 /* Sources */,
				DCA979701A83C3A200DD4A30 /* Frameworks */,
				DCA979711A83C3A200DD4A30 /* Resources */,
			);
			buildRules = (
			);
			dependencies = (
				DCA979761A83C3A200DD4A30 /* PBXTargetDependency */,
			);
			name = BondOSXTests;
			productName = BondOSXTests;
			productReference = DCA979731A83C3A200DD4A30 /* BondOSXTests.xctest */;
			productType = "com.apple.product-type.bundle.unit-test";
		};
/* End PBXNativeTarget section */

/* Begin PBXProject section */
		69491BA51A7C217100A13B6B /* Project object */ = {
			isa = PBXProject;
			attributes = {
				LastSwiftUpdateCheck = 0700;
				LastUpgradeCheck = 0700;
				ORGANIZATIONNAME = Bond;
				TargetAttributes = {
					03ACB4FD1AB555D6001B3E64 = {
						CreatedOnToolsVersion = 6.1.1;
					};
					69491BAD1A7C217100A13B6B = {
						CreatedOnToolsVersion = 6.1.1;
					};
					69491BB81A7C217100A13B6B = {
						CreatedOnToolsVersion = 6.1.1;
						TestTargetID = 03ACB4FD1AB555D6001B3E64;
					};
					B5616DBA1BD8A39E0016CCB4 = {
						CreatedOnToolsVersion = 7.1;
					};
					B56989C11BD8A00C00927A6B = {
						CreatedOnToolsVersion = 7.1;
					};
					DCA979681A83C3A100DD4A30 = {
						CreatedOnToolsVersion = 6.2;
					};
					DCA979721A83C3A200DD4A30 = {
						CreatedOnToolsVersion = 6.2;
					};
				};
			};
			buildConfigurationList = 69491BA81A7C217100A13B6B /* Build configuration list for PBXProject "Bond" */;
			compatibilityVersion = "Xcode 3.2";
			developmentRegion = English;
			hasScannedForEncodings = 0;
			knownRegions = (
				en,
				Base,
			);
			mainGroup = 69491BA41A7C217100A13B6B;
			productRefGroup = 69491BAF1A7C217100A13B6B /* Products */;
			projectDirPath = "";
			projectRoot = "";
			targets = (
				69491BAD1A7C217100A13B6B /* Bond */,
				69491BB81A7C217100A13B6B /* BondTests */,
				DCA979681A83C3A100DD4A30 /* BondOSX */,
				DCA979721A83C3A200DD4A30 /* BondOSXTests */,
				03ACB4FD1AB555D6001B3E64 /* iOSAppForTesting */,
				B56989C11BD8A00C00927A6B /* BondtvOS */,
				B5616DBA1BD8A39E0016CCB4 /* tvOSAppForTesting */,
			);
		};
/* End PBXProject section */

/* Begin PBXResourcesBuildPhase section */
		03ACB4FC1AB555D6001B3E64 /* Resources */ = {
			isa = PBXResourcesBuildPhase;
			buildActionMask = 2147483647;
			files = (
				03ACB5081AB555D6001B3E64 /* Main.storyboard in Resources */,
				03ACB50D1AB555D6001B3E64 /* LaunchScreen.xib in Resources */,
				03ACB50A1AB555D6001B3E64 /* Images.xcassets in Resources */,
			);
			runOnlyForDeploymentPostprocessing = 0;
		};
		69491BAC1A7C217100A13B6B /* Resources */ = {
			isa = PBXResourcesBuildPhase;
			buildActionMask = 2147483647;
			files = (
			);
			runOnlyForDeploymentPostprocessing = 0;
		};
		69491BB71A7C217100A13B6B /* Resources */ = {
			isa = PBXResourcesBuildPhase;
			buildActionMask = 2147483647;
			files = (
			);
			runOnlyForDeploymentPostprocessing = 0;
		};
		B5616DB91BD8A39E0016CCB4 /* Resources */ = {
			isa = PBXResourcesBuildPhase;
			buildActionMask = 2147483647;
			files = (
				B5616DC51BD8A39E0016CCB4 /* Assets.xcassets in Resources */,
				B5616DC31BD8A39E0016CCB4 /* Main.storyboard in Resources */,
			);
			runOnlyForDeploymentPostprocessing = 0;
		};
		B56989C01BD8A00C00927A6B /* Resources */ = {
			isa = PBXResourcesBuildPhase;
			buildActionMask = 2147483647;
			files = (
			);
			runOnlyForDeploymentPostprocessing = 0;
		};
		DCA979671A83C3A100DD4A30 /* Resources */ = {
			isa = PBXResourcesBuildPhase;
			buildActionMask = 2147483647;
			files = (
			);
			runOnlyForDeploymentPostprocessing = 0;
		};
		DCA979711A83C3A200DD4A30 /* Resources */ = {
			isa = PBXResourcesBuildPhase;
			buildActionMask = 2147483647;
			files = (
			);
			runOnlyForDeploymentPostprocessing = 0;
		};
/* End PBXResourcesBuildPhase section */

/* Begin PBXSourcesBuildPhase section */
		03ACB4FA1AB555D6001B3E64 /* Sources */ = {
			isa = PBXSourcesBuildPhase;
			buildActionMask = 2147483647;
			files = (
				03ACB5051AB555D6001B3E64 /* ViewController.swift in Sources */,
				03ACB5031AB555D6001B3E64 /* AppDelegate.swift in Sources */,
			);
			runOnlyForDeploymentPostprocessing = 0;
		};
		69491BA91A7C217100A13B6B /* Sources */ = {
			isa = PBXSourcesBuildPhase;
			buildActionMask = 2147483647;
			files = (
				EC0075B71B90DC2100249C31 /* Observable.swift in Sources */,
				EC0075D71B90E5F400249C31 /* UILabel+Bond.swift in Sources */,
				ECAD68FF1B77BB1D00837A36 /* OptionalType.swift in Sources */,
				EC0075D01B90E5F400249C31 /* UIRefreshControl+Bond.swift in Sources */,
				ECAD68FD1B77BB1D00837A36 /* Operators.swift in Sources */,
				EC0075DC1B90E5F400249C31 /* UITableView+Bond.swift in Sources */,
				ECA725501BB983A0003A4ABA /* SimpleDiff.swift in Sources */,
				EC0075B31B90D39500249C31 /* EventProducer.swift in Sources */,
				EC3228AA1B9F5673002BE73A /* UISegmentedControl+Bond.swift in Sources */,
				EC0075B91B90E4DC00249C31 /* NSObject+Bond.swift in Sources */,
				ECAD68EB1B77BB1D00837A36 /* BindableType.swift in Sources */,
				EC0075B51B90D73800249C31 /* NSLock+Bond.swift in Sources */,
				ECAD69031B77BB1D00837A36 /* Queue.swift in Sources */,
				CD2526901BDA63E7003CEACA /* UINavigationBar+Bond.swift in Sources */,
				EC0075D31B90E5F400249C31 /* UICollectionView+Bond.swift in Sources */,
				EC0075DE1B90E5F400249C31 /* UITextView+Bond.swift in Sources */,
				EC0075D61B90E5F400249C31 /* UIImageView+Bond.swift in Sources */,
				160FA2DE1BFD1A5E00D09C00 /* MutableObservable.swift in Sources */,
				EC0075DB1B90E5F400249C31 /* UISwitch+Bond.swift in Sources */,
				EC0075DA1B90E5F400249C31 /* UISlider+Bond.swift in Sources */,
				ECAD68FB1B77BB1D00837A36 /* EventProducerType.swift in Sources */,
				EC0075D41B90E5F400249C31 /* UIControl+Bond.swift in Sources */,
				EC0075D51B90E5F400249C31 /* UIDatePicker+Bond.swift in Sources */,
				EC0075D81B90E5F400249C31 /* UINavigationItem+Bond.swift in Sources */,
				795D4C191B8F05C9001B80B0 /* NSIndexSet+Bond.swift in Sources */,
				ECAD68F11B77BB1D00837A36 /* Disposable.swift in Sources */,
				ECAD68ED1B77BB1D00837A36 /* Buffer.swift in Sources */,
				ECAD690B1B77BB1D00837A36 /* ObservableArrayEvent.swift in Sources */,
				ECAD69051B77BB1D00837A36 /* Reference.swift in Sources */,
				EC0075D91B90E5F400249C31 /* UIProgressView+Bond.swift in Sources */,
				EC0075DD1B90E5F400249C31 /* UITextField+Bond.swift in Sources */,
				EC0075D21B90E5F400249C31 /* UIButton+Bond.swift in Sources */,
				ECAD69091B77BB1D00837A36 /* ObservableArray.swift in Sources */,
				EC0075CF1B90E5F400249C31 /* UIActivityIndicatorView+Bond.swift in Sources */,
				EC0075BA1B90E55400249C31 /* NSNotificationCenter+Bond.swift in Sources */,
				ECAD68F31B77BB1D00837A36 /* DisposableType.swift in Sources */,
				EC0075BC1B90E57300249C31 /* CALayer+Bond.swift in Sources */,
				EC0075BB1B90E56D00249C31 /* NSLayoutConstraint+Bond.swift in Sources */,
				EC0075D11B90E5F400249C31 /* UIBarItem+Bond.swift in Sources */,
				EC0075DF1B90E5F400249C31 /* UIView+Bond.swift in Sources */,
			);
			runOnlyForDeploymentPostprocessing = 0;
		};
		69491BB51A7C217100A13B6B /* Sources */ = {
			isa = PBXSourcesBuildPhase;
			buildActionMask = 2147483647;
			files = (
				ECAD697E1B77D43D00837A36 /* UIViewTests.swift in Sources */,
				ECAD69851B77D45600837A36 /* EventProducerTests.swift in Sources */,
				ECAD69741B77D43D00837A36 /* UIImageViewTests.swift in Sources */,
				ECAD697C1B77D43D00837A36 /* UITextFieldTests.swift in Sources */,
				ECBF04DF1B808B20001F6BCA /* DisposableTests.swift in Sources */,
				ECAD697A1B77D43D00837A36 /* UISwitchTests.swift in Sources */,
				ECAD696F1B77D43D00837A36 /* UIBarItemTests.swift in Sources */,
				CD2526921BDA641E003CEACA /* UINavigationBarTests.swift in Sources */,
				ECAD69721B77D43D00837A36 /* UIControlTests.swift in Sources */,
				EC3228AC1B9F5691002BE73A /* UISegmentedControlTests.swift in Sources */,
				ECAD69711B77D43D00837A36 /* UICollectionViewTests.swift in Sources */,
				ECA7254E1BB980E0003A4ABA /* ObservableArrayTests.swift in Sources */,
				ECAD697D1B77D43D00837A36 /* UITextViewTests.swift in Sources */,
				ECAD697B1B77D43D00837A36 /* UITableViewTests.swift in Sources */,
				ECAD69701B77D43D00837A36 /* UIButtonTests.swift in Sources */,
				160FA2E21BFD1ABE00D09C00 /* MutableObservableTests.swift in Sources */,
				ECAD696E1B77D43D00837A36 /* UIActivityIndicatorTests.swift in Sources */,
				ECFFF4BB1B84B840001B5B0D /* NSObjectTests.swift in Sources */,
				03ACB5231AB6C840001B3E64 /* AssertEqualForOptionals.swift in Sources */,
				ECAD69781B77D43D00837A36 /* UIProgressViewTests.swift in Sources */,
				ECAD695B1B77C7B700837A36 /* CALayerTests.swift in Sources */,
				ECAD69791B77D43D00837A36 /* UISliderTests.swift in Sources */,
				ECAD69881B77D45600837A36 /* ObservableArrayEventTests.swift in Sources */,
				ECAD69751B77D43D00837A36 /* UIKitBondTests.swift in Sources */,
				ECAD69771B77D43D00837A36 /* UINavigationItemTests.swift in Sources */,
				ECAD69731B77D43D00837A36 /* UIDatePickerTests.swift in Sources */,
				ECAD69761B77D43D00837A36 /* UILabelTests.swift in Sources */,
				ECBF04DD1B8089DE001F6BCA /* ObservableTests.swift in Sources */,
				EA3E36B81B41702100559641 /* NSLayoutConstraintTests.swift in Sources */,
			);
			runOnlyForDeploymentPostprocessing = 0;
		};
		B5616DB71BD8A39E0016CCB4 /* Sources */ = {
			isa = PBXSourcesBuildPhase;
			buildActionMask = 2147483647;
			files = (
				B5616DC01BD8A39E0016CCB4 /* ViewController.swift in Sources */,
				B5616DBE1BD8A39E0016CCB4 /* AppDelegate.swift in Sources */,
			);
			runOnlyForDeploymentPostprocessing = 0;
		};
		B56989BD1BD8A00C00927A6B /* Sources */ = {
			isa = PBXSourcesBuildPhase;
			buildActionMask = 2147483647;
			files = (
				B5616D9B1BD8A3290016CCB4 /* NSIndexSet+Bond.swift in Sources */,
				1607CA111BEF407F001B2E35 /* UINavigationItem+Bond.swift in Sources */,
				1607CA0E1BEF407F001B2E35 /* UIImageView+Bond.swift in Sources */,
				1607CA0B1BEF407F001B2E35 /* UICollectionView+Bond.swift in Sources */,
				B5616D9A1BD8A3110016CCB4 /* NSNotificationCenter+Bond.swift in Sources */,
				B5616D991BD8A2DF0016CCB4 /* NSLock+Bond.swift in Sources */,
				B5616D981BD8A2C00016CCB4 /* NSObject+Bond.swift in Sources */,
				1607CA061BEF407F001B2E35 /* UIActivityIndicatorView+Bond.swift in Sources */,
				1607CA001BEF3C2F001B2E35 /* NSLayoutConstraint+Bond.swift in Sources */,
				B5616D751BD8A2230016CCB4 /* EventProducerType.swift in Sources */,
				1607CA091BEF407F001B2E35 /* UIBarItem+Bond.swift in Sources */,
				B5616D761BD8A2230016CCB4 /* EventProducer.swift in Sources */,
				1607CA0F1BEF407F001B2E35 /* UILabel+Bond.swift in Sources */,
				1607C9FF1BEF3C25001B2E35 /* CALayer+Bond.swift in Sources */,
				1607CA181BEF407F001B2E35 /* UIView+Bond.swift in Sources */,
				B5616D771BD8A2230016CCB4 /* Observable.swift in Sources */,
				B5616D781BD8A2230016CCB4 /* ObservableArray.swift in Sources */,
				160FA2E01BFD1AAC00D09C00 /* MutableObservable.swift in Sources */,
				B5616D791BD8A2230016CCB4 /* ObservableArrayEvent.swift in Sources */,
				B5616D7A1BD8A2230016CCB4 /* DisposableType.swift in Sources */,
				1607CA0C1BEF407F001B2E35 /* UIControl+Bond.swift in Sources */,
				B5616D7B1BD8A2230016CCB4 /* Disposable.swift in Sources */,
				1607CA151BEF407F001B2E35 /* UITableView+Bond.swift in Sources */,
				1607CA161BEF407F001B2E35 /* UITextField+Bond.swift in Sources */,
				B5616D7C1BD8A2230016CCB4 /* BindableType.swift in Sources */,
				B5616D7D1BD8A2230016CCB4 /* OptionalType.swift in Sources */,
				B5616D7E1BD8A2230016CCB4 /* Buffer.swift in Sources */,
				1607CA0A1BEF407F001B2E35 /* UIButton+Bond.swift in Sources */,
				1607CA071BEF407F001B2E35 /* UISegmentedControl+Bond.swift in Sources */,
				1607CA131BEF407F001B2E35 /* UISlider+Bond.swift in Sources */,
				1607CA171BEF407F001B2E35 /* UITextView+Bond.swift in Sources */,
				1607CA0D1BEF407F001B2E35 /* UIDatePicker+Bond.swift in Sources */,
				1607CA081BEF407F001B2E35 /* UIRefreshControl+Bond.swift in Sources */,
				B5616D7F1BD8A2230016CCB4 /* Queue.swift in Sources */,
				B5616D801BD8A2230016CCB4 /* Reference.swift in Sources */,
				1607CA101BEF407F001B2E35 /* UINavigationBar+Bond.swift in Sources */,
				B5616D811BD8A2230016CCB4 /* Operators.swift in Sources */,
				B5616D821BD8A2230016CCB4 /* SimpleDiff.swift in Sources */,
				1607CA141BEF407F001B2E35 /* UISwitch+Bond.swift in Sources */,
				1607CA121BEF407F001B2E35 /* UIProgressView+Bond.swift in Sources */,
			);
			runOnlyForDeploymentPostprocessing = 0;
		};
		DCA979641A83C3A100DD4A30 /* Sources */ = {
			isa = PBXSourcesBuildPhase;
			buildActionMask = 2147483647;
			files = (
				160FA2DF1BFD1AAB00D09C00 /* MutableObservable.swift in Sources */,
				ECA725511BB983A0003A4ABA /* SimpleDiff.swift in Sources */,
				ECAD693C1B77BB1D00837A36 /* NSTextView+Bond.swift in Sources */,
				790FD79C1B7F1C3800136394 /* NSTableView+Bond.swift in Sources */,
				ECAD69341B77BB1D00837A36 /* NSImageView+Bond.swift in Sources */,
				ECAD69441B77BB1D00837A36 /* NSNotificationCenter+Bond.swift in Sources */,
				ECAD69001B77BB1D00837A36 /* OptionalType.swift in Sources */,
				ECAD68FE1B77BB1D00837A36 /* Operators.swift in Sources */,
				ECAD68EC1B77BB1D00837A36 /* BindableType.swift in Sources */,
				ECAD69041B77BB1D00837A36 /* Queue.swift in Sources */,
				ECAD69381B77BB1D00837A36 /* NSStatusBarButton+Bond.swift in Sources */,
				ECAD68FC1B77BB1D00837A36 /* EventProducerType.swift in Sources */,
				ECBF04E11B810100001F6BCA /* NSLock+Bond.swift in Sources */,
				ECAD693E1B77BB1D00837A36 /* CALayer+Bond.swift in Sources */,
				ECAD69321B77BB1D00837A36 /* NSControl+Bond.swift in Sources */,
				ECAD69461B77BB1D00837A36 /* NSObject+Bond.swift in Sources */,
				EC0075E01B90E6C800249C31 /* Observable.swift in Sources */,
				ECAD69361B77BB1D00837A36 /* NSMenuItem+Bond.swift in Sources */,
				ECAD68F21B77BB1D00837A36 /* Disposable.swift in Sources */,
				ECAD68EE1B77BB1D00837A36 /* Buffer.swift in Sources */,
				EC0075B41B90D39500249C31 /* EventProducer.swift in Sources */,
				ECAD690C1B77BB1D00837A36 /* ObservableArrayEvent.swift in Sources */,
				ECAD69061B77BB1D00837A36 /* Reference.swift in Sources */,
				ECAD690A1B77BB1D00837A36 /* ObservableArray.swift in Sources */,
				52CC7A1E1BC4C71F0010D41E /* NSAppearanceCustomization+Bond.swift in Sources */,
				ECAD68F41B77BB1D00837A36 /* DisposableType.swift in Sources */,
				795D4C1A1B8F05C9001B80B0 /* NSIndexSet+Bond.swift in Sources */,
				ECAD69301B77BB1D00837A36 /* NSColorWell+Bond.swift in Sources */,
				ECAD69401B77BB1D00837A36 /* NSLayoutConstraint+Bond.swift in Sources */,
				ECAD693A1B77BB1D00837A36 /* NSTextField+Bond.swift in Sources */,
				ECAD692E1B77BB1D00837A36 /* NSButton+Bond.swift in Sources */,
			);
			runOnlyForDeploymentPostprocessing = 0;
		};
		DCA9796F1A83C3A200DD4A30 /* Sources */ = {
			isa = PBXSourcesBuildPhase;
			buildActionMask = 2147483647;
			files = (
				ECFFF4BC1B84B840001B5B0D /* NSObjectTests.swift in Sources */,
				900BFC0B1ADFC863002B4B6E /* NSButtonTests.swift in Sources */,
				ECBF04E01B808B20001F6BCA /* DisposableTests.swift in Sources */,
				900BFC0E1ADFC9E9002B4B6E /* NSColorWellTests.swift in Sources */,
				EC6F105B1B7F9C2700E55A5F /* ObservableTests.swift in Sources */,
				900BFC141ADFCBA8002B4B6E /* NSMenuItemTests.swift in Sources */,
				900BFC1A1ADFCD63002B4B6E /* NSTextViewTests.swift in Sources */,
				790FD79E1B7F1CF500136394 /* NSTableViewTests.swift in Sources */,
				900BFC101ADFCA46002B4B6E /* NSControlTests.swift in Sources */,
				ECF53FE61B8CDEA200628FCD /* ObservableArrayTests.swift in Sources */,
				900BFC181ADFCCEE002B4B6E /* NSTextFieldTests.swift in Sources */,
				900BFC161ADFCC00002B4B6E /* NSStatusBarButtonTests.swift in Sources */,
				52CC7A201BC4C7DC0010D41E /* NSAppearanceCustomizationTests.swift in Sources */,
				900BFC121ADFCAC6002B4B6E /* NSImageViewTests.swift in Sources */,
				900BFC081ADFC5DC002B4B6E /* CALayerTests.swift in Sources */,
				EAD8B2DD1B41AF4300995CE9 /* NSLayoutConstraintTests.swift in Sources */,
			);
			runOnlyForDeploymentPostprocessing = 0;
		};
/* End PBXSourcesBuildPhase section */

/* Begin PBXTargetDependency section */
		03ACB5211AB555EF001B3E64 /* PBXTargetDependency */ = {
			isa = PBXTargetDependency;
			target = 03ACB4FD1AB555D6001B3E64 /* iOSAppForTesting */;
			targetProxy = 03ACB5201AB555EF001B3E64 /* PBXContainerItemProxy */;
		};
		69491BBC1A7C217100A13B6B /* PBXTargetDependency */ = {
			isa = PBXTargetDependency;
			target = 69491BAD1A7C217100A13B6B /* Bond */;
			targetProxy = 69491BBB1A7C217100A13B6B /* PBXContainerItemProxy */;
		};
		DCA979761A83C3A200DD4A30 /* PBXTargetDependency */ = {
			isa = PBXTargetDependency;
			target = DCA979681A83C3A100DD4A30 /* BondOSX */;
			targetProxy = DCA979751A83C3A200DD4A30 /* PBXContainerItemProxy */;
		};
		EC0388981B0DD25200E32454 /* PBXTargetDependency */ = {
			isa = PBXTargetDependency;
			target = 69491BAD1A7C217100A13B6B /* Bond */;
			targetProxy = EC0388971B0DD25200E32454 /* PBXContainerItemProxy */;
		};
/* End PBXTargetDependency section */

/* Begin PBXVariantGroup section */
		03ACB5061AB555D6001B3E64 /* Main.storyboard */ = {
			isa = PBXVariantGroup;
			children = (
				03ACB5071AB555D6001B3E64 /* Base */,
			);
			name = Main.storyboard;
			sourceTree = "<group>";
		};
		03ACB50B1AB555D6001B3E64 /* LaunchScreen.xib */ = {
			isa = PBXVariantGroup;
			children = (
				03ACB50C1AB555D6001B3E64 /* Base */,
			);
			name = LaunchScreen.xib;
			sourceTree = "<group>";
		};
		B5616DC11BD8A39E0016CCB4 /* Main.storyboard */ = {
			isa = PBXVariantGroup;
			children = (
				B5616DC21BD8A39E0016CCB4 /* Base */,
			);
			name = Main.storyboard;
			sourceTree = "<group>";
		};
/* End PBXVariantGroup section */

/* Begin XCBuildConfiguration section */
		03ACB51A1AB555D6001B3E64 /* Debug */ = {
			isa = XCBuildConfiguration;
			buildSettings = {
				ASSETCATALOG_COMPILER_APPICON_NAME = AppIcon;
				GCC_PREPROCESSOR_DEFINITIONS = (
					"DEBUG=1",
					"$(inherited)",
				);
				INFOPLIST_FILE = iOSAppForTesting/Info.plist;
				LD_RUNPATH_SEARCH_PATHS = "$(inherited) @executable_path/Frameworks";
				PRODUCT_BUNDLE_IDENTIFIER = "swift.bond.$(PRODUCT_NAME:rfc1034identifier)";
				PRODUCT_NAME = "$(TARGET_NAME)";
			};
			name = Debug;
		};
		03ACB51B1AB555D6001B3E64 /* Release */ = {
			isa = XCBuildConfiguration;
			buildSettings = {
				ASSETCATALOG_COMPILER_APPICON_NAME = AppIcon;
				INFOPLIST_FILE = iOSAppForTesting/Info.plist;
				LD_RUNPATH_SEARCH_PATHS = "$(inherited) @executable_path/Frameworks";
				PRODUCT_BUNDLE_IDENTIFIER = "swift.bond.$(PRODUCT_NAME:rfc1034identifier)";
				PRODUCT_NAME = "$(TARGET_NAME)";
			};
			name = Release;
		};
		69491BC21A7C217100A13B6B /* Debug */ = {
			isa = XCBuildConfiguration;
			buildSettings = {
				ALWAYS_SEARCH_USER_PATHS = NO;
				CLANG_CXX_LANGUAGE_STANDARD = "gnu++0x";
				CLANG_CXX_LIBRARY = "libc++";
				CLANG_ENABLE_MODULES = YES;
				CLANG_ENABLE_OBJC_ARC = YES;
				CLANG_WARN_BOOL_CONVERSION = YES;
				CLANG_WARN_CONSTANT_CONVERSION = YES;
				CLANG_WARN_DIRECT_OBJC_ISA_USAGE = YES_ERROR;
				CLANG_WARN_EMPTY_BODY = YES;
				CLANG_WARN_ENUM_CONVERSION = YES;
				CLANG_WARN_INT_CONVERSION = YES;
				CLANG_WARN_OBJC_ROOT_CLASS = YES_ERROR;
				CLANG_WARN_UNREACHABLE_CODE = YES;
				CLANG_WARN__DUPLICATE_METHOD_MATCH = YES;
				"CODE_SIGN_IDENTITY[sdk=iphoneos*]" = "iPhone Developer";
				COPY_PHASE_STRIP = NO;
				CURRENT_PROJECT_VERSION = 1;
				ENABLE_STRICT_OBJC_MSGSEND = YES;
				ENABLE_TESTABILITY = YES;
				GCC_C_LANGUAGE_STANDARD = gnu99;
				GCC_DYNAMIC_NO_PIC = NO;
				GCC_OPTIMIZATION_LEVEL = 0;
				GCC_PREPROCESSOR_DEFINITIONS = (
					"DEBUG=1",
					"$(inherited)",
				);
				GCC_SYMBOLS_PRIVATE_EXTERN = NO;
				GCC_WARN_64_TO_32_BIT_CONVERSION = YES;
				GCC_WARN_ABOUT_RETURN_TYPE = YES_ERROR;
				GCC_WARN_UNDECLARED_SELECTOR = YES;
				GCC_WARN_UNINITIALIZED_AUTOS = YES_AGGRESSIVE;
				GCC_WARN_UNUSED_FUNCTION = YES;
				GCC_WARN_UNUSED_VARIABLE = YES;
				IPHONEOS_DEPLOYMENT_TARGET = 8.0;
				MACOSX_DEPLOYMENT_TARGET = 10.10;
				MTL_ENABLE_DEBUG_INFO = YES;
				ONLY_ACTIVE_ARCH = YES;
				SDKROOT = iphoneos;
				SWIFT_OPTIMIZATION_LEVEL = "-Onone";
				TARGETED_DEVICE_FAMILY = "1,2";
				VERSIONING_SYSTEM = "apple-generic";
				VERSION_INFO_PREFIX = "";
			};
			name = Debug;
		};
		69491BC31A7C217100A13B6B /* Release */ = {
			isa = XCBuildConfiguration;
			buildSettings = {
				ALWAYS_SEARCH_USER_PATHS = NO;
				CLANG_CXX_LANGUAGE_STANDARD = "gnu++0x";
				CLANG_CXX_LIBRARY = "libc++";
				CLANG_ENABLE_MODULES = YES;
				CLANG_ENABLE_OBJC_ARC = YES;
				CLANG_WARN_BOOL_CONVERSION = YES;
				CLANG_WARN_CONSTANT_CONVERSION = YES;
				CLANG_WARN_DIRECT_OBJC_ISA_USAGE = YES_ERROR;
				CLANG_WARN_EMPTY_BODY = YES;
				CLANG_WARN_ENUM_CONVERSION = YES;
				CLANG_WARN_INT_CONVERSION = YES;
				CLANG_WARN_OBJC_ROOT_CLASS = YES_ERROR;
				CLANG_WARN_UNREACHABLE_CODE = YES;
				CLANG_WARN__DUPLICATE_METHOD_MATCH = YES;
				"CODE_SIGN_IDENTITY[sdk=iphoneos*]" = "iPhone Developer";
				COPY_PHASE_STRIP = YES;
				CURRENT_PROJECT_VERSION = 1;
				ENABLE_NS_ASSERTIONS = NO;
				ENABLE_STRICT_OBJC_MSGSEND = YES;
				GCC_C_LANGUAGE_STANDARD = gnu99;
				GCC_WARN_64_TO_32_BIT_CONVERSION = YES;
				GCC_WARN_ABOUT_RETURN_TYPE = YES_ERROR;
				GCC_WARN_UNDECLARED_SELECTOR = YES;
				GCC_WARN_UNINITIALIZED_AUTOS = YES_AGGRESSIVE;
				GCC_WARN_UNUSED_FUNCTION = YES;
				GCC_WARN_UNUSED_VARIABLE = YES;
				IPHONEOS_DEPLOYMENT_TARGET = 8.0;
				MACOSX_DEPLOYMENT_TARGET = 10.10;
				MTL_ENABLE_DEBUG_INFO = NO;
				SDKROOT = iphoneos;
				TARGETED_DEVICE_FAMILY = "1,2";
				VALIDATE_PRODUCT = YES;
				VERSIONING_SYSTEM = "apple-generic";
				VERSION_INFO_PREFIX = "";
			};
			name = Release;
		};
		69491BC51A7C217100A13B6B /* Debug */ = {
			isa = XCBuildConfiguration;
			buildSettings = {
				DEFINES_MODULE = YES;
				DYLIB_COMPATIBILITY_VERSION = 1;
				DYLIB_CURRENT_VERSION = 1;
				DYLIB_INSTALL_NAME_BASE = "@rpath";
				INFOPLIST_FILE = Bond/Info.plist;
				INSTALL_PATH = "$(LOCAL_LIBRARY_DIR)/Frameworks";
				LD_RUNPATH_SEARCH_PATHS = "$(inherited) @executable_path/Frameworks @loader_path/Frameworks";
				PRODUCT_BUNDLE_IDENTIFIER = "swift.bond.$(PRODUCT_NAME:rfc1034identifier)";
				PRODUCT_NAME = "$(TARGET_NAME)";
				SKIP_INSTALL = YES;
			};
			name = Debug;
		};
		69491BC61A7C217100A13B6B /* Release */ = {
			isa = XCBuildConfiguration;
			buildSettings = {
				DEFINES_MODULE = YES;
				DYLIB_COMPATIBILITY_VERSION = 1;
				DYLIB_CURRENT_VERSION = 1;
				DYLIB_INSTALL_NAME_BASE = "@rpath";
				INFOPLIST_FILE = Bond/Info.plist;
				INSTALL_PATH = "$(LOCAL_LIBRARY_DIR)/Frameworks";
				LD_RUNPATH_SEARCH_PATHS = "$(inherited) @executable_path/Frameworks @loader_path/Frameworks";
				PRODUCT_BUNDLE_IDENTIFIER = "swift.bond.$(PRODUCT_NAME:rfc1034identifier)";
				PRODUCT_NAME = "$(TARGET_NAME)";
				SKIP_INSTALL = YES;
			};
			name = Release;
		};
		69491BC81A7C217100A13B6B /* Debug */ = {
			isa = XCBuildConfiguration;
			buildSettings = {
				FRAMEWORK_SEARCH_PATHS = (
					"$(SDKROOT)/Developer/Library/Frameworks",
					"$(inherited)",
				);
				GCC_PREPROCESSOR_DEFINITIONS = (
					"DEBUG=1",
					"$(inherited)",
				);
				INFOPLIST_FILE = BondTests/Info.plist;
				LD_RUNPATH_SEARCH_PATHS = "$(inherited) @executable_path/Frameworks @loader_path/Frameworks";
				PRODUCT_BUNDLE_IDENTIFIER = "bond.$(PRODUCT_NAME:rfc1034identifier)";
				PRODUCT_NAME = "$(TARGET_NAME)";
				TEST_HOST = "$(BUILT_PRODUCTS_DIR)/iOSAppForTesting.app/iOSAppForTesting";
			};
			name = Debug;
		};
		69491BC91A7C217100A13B6B /* Release */ = {
			isa = XCBuildConfiguration;
			buildSettings = {
				FRAMEWORK_SEARCH_PATHS = (
					"$(SDKROOT)/Developer/Library/Frameworks",
					"$(inherited)",
				);
				INFOPLIST_FILE = BondTests/Info.plist;
				LD_RUNPATH_SEARCH_PATHS = "$(inherited) @executable_path/Frameworks @loader_path/Frameworks";
				PRODUCT_BUNDLE_IDENTIFIER = "bond.$(PRODUCT_NAME:rfc1034identifier)";
				PRODUCT_NAME = "$(TARGET_NAME)";
				TEST_HOST = "$(BUILT_PRODUCTS_DIR)/iOSAppForTesting.app/iOSAppForTesting";
			};
			name = Release;
		};
		B5616DC81BD8A39E0016CCB4 /* Debug */ = {
			isa = XCBuildConfiguration;
			buildSettings = {
				ASSETCATALOG_COMPILER_APPICON_NAME = "App Icon & Top Shelf Image";
				ASSETCATALOG_COMPILER_LAUNCHIMAGE_NAME = LaunchImage;
				DEBUG_INFORMATION_FORMAT = dwarf;
				GCC_NO_COMMON_BLOCKS = YES;
				INFOPLIST_FILE = tvOSAppForTesting/Info.plist;
				LD_RUNPATH_SEARCH_PATHS = "$(inherited) @executable_path/Frameworks";
				PRODUCT_BUNDLE_IDENTIFIER = com.bond.tvOSAppForTesting;
				PRODUCT_NAME = "$(TARGET_NAME)";
				SDKROOT = appletvos;
				TARGETED_DEVICE_FAMILY = 3;
				TVOS_DEPLOYMENT_TARGET = 9.0;
			};
			name = Debug;
		};
		B5616DC91BD8A39E0016CCB4 /* Release */ = {
			isa = XCBuildConfiguration;
			buildSettings = {
				ASSETCATALOG_COMPILER_APPICON_NAME = "App Icon & Top Shelf Image";
				ASSETCATALOG_COMPILER_LAUNCHIMAGE_NAME = LaunchImage;
				COPY_PHASE_STRIP = NO;
				DEBUG_INFORMATION_FORMAT = "dwarf-with-dsym";
				GCC_NO_COMMON_BLOCKS = YES;
				INFOPLIST_FILE = tvOSAppForTesting/Info.plist;
				LD_RUNPATH_SEARCH_PATHS = "$(inherited) @executable_path/Frameworks";
				PRODUCT_BUNDLE_IDENTIFIER = com.bond.tvOSAppForTesting;
				PRODUCT_NAME = "$(TARGET_NAME)";
				SDKROOT = appletvos;
				TARGETED_DEVICE_FAMILY = 3;
				TVOS_DEPLOYMENT_TARGET = 9.0;
			};
			name = Release;
		};
		B56989C71BD8A00C00927A6B /* Debug */ = {
			isa = XCBuildConfiguration;
			buildSettings = {
				DEBUG_INFORMATION_FORMAT = dwarf;
				DEFINES_MODULE = YES;
				DYLIB_COMPATIBILITY_VERSION = 1;
				DYLIB_CURRENT_VERSION = 1;
				DYLIB_INSTALL_NAME_BASE = "@rpath";
				GCC_NO_COMMON_BLOCKS = YES;
				INFOPLIST_FILE = Bond/Info.plist;
				INSTALL_PATH = "$(LOCAL_LIBRARY_DIR)/Frameworks";
				LD_RUNPATH_SEARCH_PATHS = "$(inherited) @executable_path/Frameworks @loader_path/Frameworks";
				MODULEMAP_FILE = "";
				PRODUCT_BUNDLE_IDENTIFIER = com.bond.BondtvOS;
				PRODUCT_NAME = "$(PROJECT_NAME)";
				SDKROOT = appletvos;
				SKIP_INSTALL = YES;
				TARGETED_DEVICE_FAMILY = 3;
				TVOS_DEPLOYMENT_TARGET = 9.0;
			};
			name = Debug;
		};
		B56989C81BD8A00C00927A6B /* Release */ = {
			isa = XCBuildConfiguration;
			buildSettings = {
				COPY_PHASE_STRIP = NO;
				DEBUG_INFORMATION_FORMAT = "dwarf-with-dsym";
				DEFINES_MODULE = YES;
				DYLIB_COMPATIBILITY_VERSION = 1;
				DYLIB_CURRENT_VERSION = 1;
				DYLIB_INSTALL_NAME_BASE = "@rpath";
				GCC_NO_COMMON_BLOCKS = YES;
				INFOPLIST_FILE = Bond/Info.plist;
				INSTALL_PATH = "$(LOCAL_LIBRARY_DIR)/Frameworks";
				LD_RUNPATH_SEARCH_PATHS = "$(inherited) @executable_path/Frameworks @loader_path/Frameworks";
				MODULEMAP_FILE = "";
				PRODUCT_BUNDLE_IDENTIFIER = com.bond.BondtvOS;
				PRODUCT_NAME = "$(PROJECT_NAME)";
				SDKROOT = appletvos;
				SKIP_INSTALL = YES;
				TARGETED_DEVICE_FAMILY = 3;
				TVOS_DEPLOYMENT_TARGET = 9.0;
			};
			name = Release;
		};
		DCA9797D1A83C3A200DD4A30 /* Debug */ = {
			isa = XCBuildConfiguration;
			buildSettings = {
				APPLICATION_EXTENSION_API_ONLY = YES;
				COMBINE_HIDPI_IMAGES = YES;
				DEFINES_MODULE = YES;
				DYLIB_COMPATIBILITY_VERSION = 1;
				DYLIB_CURRENT_VERSION = 1;
				DYLIB_INSTALL_NAME_BASE = "@rpath";
				FRAMEWORK_VERSION = A;
				INFOPLIST_FILE = Bond/Info.plist;
				INSTALL_PATH = "$(LOCAL_LIBRARY_DIR)/Frameworks";
				LD_RUNPATH_SEARCH_PATHS = "$(inherited) @executable_path/../Frameworks @loader_path/Frameworks";
				MACOSX_DEPLOYMENT_TARGET = 10.10;
				PRODUCT_BUNDLE_IDENTIFIER = "swift.bond.$(PRODUCT_NAME:rfc1034identifier)";
				PRODUCT_NAME = Bond;
				SDKROOT = macosx;
				SKIP_INSTALL = YES;
			};
			name = Debug;
		};
		DCA9797E1A83C3A200DD4A30 /* Release */ = {
			isa = XCBuildConfiguration;
			buildSettings = {
				APPLICATION_EXTENSION_API_ONLY = YES;
				COMBINE_HIDPI_IMAGES = YES;
				COPY_PHASE_STRIP = NO;
				DEBUG_INFORMATION_FORMAT = "dwarf-with-dsym";
				DEFINES_MODULE = YES;
				DYLIB_COMPATIBILITY_VERSION = 1;
				DYLIB_CURRENT_VERSION = 1;
				DYLIB_INSTALL_NAME_BASE = "@rpath";
				FRAMEWORK_VERSION = A;
				INFOPLIST_FILE = Bond/Info.plist;
				INSTALL_PATH = "$(LOCAL_LIBRARY_DIR)/Frameworks";
				LD_RUNPATH_SEARCH_PATHS = "$(inherited) @executable_path/../Frameworks @loader_path/Frameworks";
				MACOSX_DEPLOYMENT_TARGET = 10.10;
				PRODUCT_BUNDLE_IDENTIFIER = "swift.bond.$(PRODUCT_NAME:rfc1034identifier)";
				PRODUCT_NAME = Bond;
				SDKROOT = macosx;
				SKIP_INSTALL = YES;
			};
			name = Release;
		};
		DCA979801A83C3A200DD4A30 /* Debug */ = {
			isa = XCBuildConfiguration;
			buildSettings = {
				COMBINE_HIDPI_IMAGES = YES;
				EMBEDDED_CONTENT_CONTAINS_SWIFT = YES;
				FRAMEWORK_SEARCH_PATHS = (
					"$(DEVELOPER_FRAMEWORKS_DIR)",
					"$(inherited)",
				);
				INFOPLIST_FILE = BondTests/Info.plist;
				LD_RUNPATH_SEARCH_PATHS = "$(inherited) @executable_path/../Frameworks @loader_path/../Frameworks";
				MACOSX_DEPLOYMENT_TARGET = 10.10;
				PRODUCT_BUNDLE_IDENTIFIER = "bond.$(PRODUCT_NAME:rfc1034identifier)";
				PRODUCT_NAME = "$(TARGET_NAME)";
				SDKROOT = macosx;
			};
			name = Debug;
		};
		DCA979811A83C3A200DD4A30 /* Release */ = {
			isa = XCBuildConfiguration;
			buildSettings = {
				COMBINE_HIDPI_IMAGES = YES;
				COPY_PHASE_STRIP = NO;
				DEBUG_INFORMATION_FORMAT = "dwarf-with-dsym";
				EMBEDDED_CONTENT_CONTAINS_SWIFT = YES;
				FRAMEWORK_SEARCH_PATHS = (
					"$(DEVELOPER_FRAMEWORKS_DIR)",
					"$(inherited)",
				);
				INFOPLIST_FILE = BondTests/Info.plist;
				LD_RUNPATH_SEARCH_PATHS = "$(inherited) @executable_path/../Frameworks @loader_path/../Frameworks";
				MACOSX_DEPLOYMENT_TARGET = 10.10;
				PRODUCT_BUNDLE_IDENTIFIER = "bond.$(PRODUCT_NAME:rfc1034identifier)";
				PRODUCT_NAME = "$(TARGET_NAME)";
				SDKROOT = macosx;
			};
			name = Release;
		};
/* End XCBuildConfiguration section */

/* Begin XCConfigurationList section */
		03ACB51E1AB555D6001B3E64 /* Build configuration list for PBXNativeTarget "iOSAppForTesting" */ = {
			isa = XCConfigurationList;
			buildConfigurations = (
				03ACB51A1AB555D6001B3E64 /* Debug */,
				03ACB51B1AB555D6001B3E64 /* Release */,
			);
			defaultConfigurationIsVisible = 0;
			defaultConfigurationName = Release;
		};
		69491BA81A7C217100A13B6B /* Build configuration list for PBXProject "Bond" */ = {
			isa = XCConfigurationList;
			buildConfigurations = (
				69491BC21A7C217100A13B6B /* Debug */,
				69491BC31A7C217100A13B6B /* Release */,
			);
			defaultConfigurationIsVisible = 0;
			defaultConfigurationName = Release;
		};
		69491BC41A7C217100A13B6B /* Build configuration list for PBXNativeTarget "Bond" */ = {
			isa = XCConfigurationList;
			buildConfigurations = (
				69491BC51A7C217100A13B6B /* Debug */,
				69491BC61A7C217100A13B6B /* Release */,
			);
			defaultConfigurationIsVisible = 0;
			defaultConfigurationName = Release;
		};
		69491BC71A7C217100A13B6B /* Build configuration list for PBXNativeTarget "BondTests" */ = {
			isa = XCConfigurationList;
			buildConfigurations = (
				69491BC81A7C217100A13B6B /* Debug */,
				69491BC91A7C217100A13B6B /* Release */,
			);
			defaultConfigurationIsVisible = 0;
			defaultConfigurationName = Release;
		};
		B5616DC71BD8A39E0016CCB4 /* Build configuration list for PBXNativeTarget "tvOSAppForTesting" */ = {
			isa = XCConfigurationList;
			buildConfigurations = (
				B5616DC81BD8A39E0016CCB4 /* Debug */,
				B5616DC91BD8A39E0016CCB4 /* Release */,
			);
			defaultConfigurationIsVisible = 0;
			defaultConfigurationName = Release;
		};
		B56989C91BD8A00C00927A6B /* Build configuration list for PBXNativeTarget "BondtvOS" */ = {
			isa = XCConfigurationList;
			buildConfigurations = (
				B56989C71BD8A00C00927A6B /* Debug */,
				B56989C81BD8A00C00927A6B /* Release */,
			);
			defaultConfigurationIsVisible = 0;
			defaultConfigurationName = Release;
		};
		DCA9797C1A83C3A200DD4A30 /* Build configuration list for PBXNativeTarget "BondOSX" */ = {
			isa = XCConfigurationList;
			buildConfigurations = (
				DCA9797D1A83C3A200DD4A30 /* Debug */,
				DCA9797E1A83C3A200DD4A30 /* Release */,
			);
			defaultConfigurationIsVisible = 0;
			defaultConfigurationName = Release;
		};
		DCA9797F1A83C3A200DD4A30 /* Build configuration list for PBXNativeTarget "BondOSXTests" */ = {
			isa = XCConfigurationList;
			buildConfigurations = (
				DCA979801A83C3A200DD4A30 /* Debug */,
				DCA979811A83C3A200DD4A30 /* Release */,
			);
			defaultConfigurationIsVisible = 0;
			defaultConfigurationName = Release;
		};
/* End XCConfigurationList section */
	};
	rootObject = 69491BA51A7C217100A13B6B /* Project object */;
}
