{
  "object": {
    "pins": [
      {
        "package": "Differ",
        "repositoryURL": "git@github.com:tonyarnold/Differ.git",
        "state": {
          "branch": null,
          "revision": "dd5d4bfb1c27012d4790e877b29847d2ab9d989b",
          "version": "1.4.4"
        }
      },
      {
        "package": "ReactiveKit",
        "repositoryURL": "git@github.com:DeclarativeHub/ReactiveKit.git",
        "state": {
          "branch": null,
          "revision": "a45f218217175e7c933acc82681ec8ce62ec55a4",
          "version": "3.15.6"
        }
      }
    ]
  },
  "version": 1
}
